<?xml version="1.0" encoding="UTF-8"?>
<Scheme LastUpgradeVersion="2660" version="1.7">
  <BuildAction parallelizeBuildables="YES" buildImplicitDependencies="YES">
    <BuildActionEntries>
      <BuildActionEntry buildForTesting="YES" buildForRunning="YES" buildForProfiling="YES" buildForArchiving="YES" buildForAnalyzing="YES">
        <BuildableReference BuildableIdentifier="primary" BlueprintIdentifier="2EF1CB56EAE796BE9FFDC966" BuildableName="Game Room.app" BlueprintName="Game Room" ReferencedContainer="container:Game Room.xcodeproj"/>
      </BuildActionEntry>
    </BuildActionEntries>
  </BuildAction>
  <TestAction buildConfiguration="Debug" selectedDebuggerIdentifier="Xcode.DebuggerFoundation.Debugger.LLDB" selectedLauncherIdentifier="Xcode.DebuggerFoundation.Launcher.LLDB" shouldUseLaunchSchemeArgsEnv="YES">
    <Testables>
      <TestableReference skipped="NO"><BuildableReference BuildableIdentifier="primary" BlueprintIdentifier="8B9D7070A9F4F3850930085D" BuildableName="Game RoomTests.xctest" BlueprintName="Game RoomTests" ReferencedContainer="container:Game Room.xcodeproj"/></TestableReference>
      <TestableReference skipped="NO"><BuildableReference BuildableIdentifier="primary" BlueprintIdentifier="E0696A45C542BB8F5FA4F532" BuildableName="Game RoomUITests.xctest" BlueprintName="Game RoomUITests" ReferencedContainer="container:Game Room.xcodeproj"/></TestableReference>
    </Testables>
  </TestAction>
  <LaunchAction buildConfiguration="Debug" selectedDebuggerIdentifier="Xcode.DebuggerFoundation.Debugger.LLDB" selectedLauncherIdentifier="Xcode.DebuggerFoundation.Launcher.LLDB" launchStyle="0" useCustomWorkingDirectory="NO" ignoresPersistentStateOnLaunch="NO" debugDocumentVersioning="YES" debugServiceExtension="internal" allowLocationSimulation="YES">
    <BuildableProductRunnable runnableDebuggingMode="0"><BuildableReference BuildableIdentifier="primary" BlueprintIdentifier="2EF1CB56EAE796BE9FFDC966" BuildableName="Game Room.app" BlueprintName="Game Room" ReferencedContainer="container:Game Room.xcodeproj"/></BuildableProductRunnable>
  </LaunchAction>
  <ProfileAction buildConfiguration="Release" shouldUseLaunchSchemeArgsEnv="YES" savedToolIdentifier="" useCustomWorkingDirectory="NO" debugDocumentVersioning="YES"><BuildableProductRunnable runnableDebuggingMode="0"><BuildableReference BuildableIdentifier="primary" BlueprintIdentifier="2EF1CB56EAE796BE9FFDC966" BuildableName="Game Room.app" BlueprintName="Game Room" ReferencedContainer="container:Game Room.xcodeproj"/></BuildableProductRunnable></ProfileAction>
  <AnalyzeAction buildConfiguration="Debug"/>
  <ArchiveAction buildConfiguration="Release" revealArchiveInOrganizer="YES"/>
</Scheme>
