// !$*UTF8*$!
{
	archiveVersion = 1;
	classes = {
	};
	objectVersion = 77;
	objects = {

/* Begin PBXBuildFile section */
		01526667A0C585D3EFB3CD1E /* GameObjectView.swift in Sources */ = {isa = PBXBuildFile; fileRef = 3381BAD66AC10ABB8CF3B49C /* GameObjectView.swift */; };
		0F79C6E75C21B0868AF0E8B4 /* moment-photo.webp in Resources */ = {isa = PBXBuildFile; fileRef = DEF9440648514F20B1A035F2 /* moment-photo.webp */; };
		1737F844BB661149375E5335 /* current-mobile-gaming.webp in Resources */ = {isa = PBXBuildFile; fileRef = 60ADFF27045E2B40BBD6D1AD /* current-mobile-gaming.webp */; };
		1B0F6273AB6B2E04D9970489 /* ShelfView.swift in Sources */ = {isa = PBXBuildFile; fileRef = A0F1558AFF6074CE097FDA50 /* ShelfView.swift */; };
		1DEBDA4503A571632F95ACF5 /* current-handheld-gaming-pc.webp in Resources */ = {isa = PBXBuildFile; fileRef = 12E9FC2584C021351A99BE15 /* current-handheld-gaming-pc.webp */; };
		1EE30A3CF2E02AD164714D50 /* console-motion-slim.webp in Resources */ = {isa = PBXBuildFile; fileRef = 1102F5E4FE92632FD3A36379 /* console-motion-slim.webp */; };
		1F3757DD03E419C9E0FF7EAD /* current-classic-hybrid-console.webp in Resources */ = {isa = PBXBuildFile; fileRef = 27DDD6E3C62AF29E8B84C781 /* current-classic-hybrid-console.webp */; };
		200C346CA5D00A68F1B4B90D /* Foundation.framework in Frameworks */ = {isa = PBXBuildFile; fileRef = 9DA51709A312BD3E32AA279F /* Foundation.framework */; };
		206DADD098DEEB07786BCF92 /* controller-mid-1990s-dual-grip.webp in Resources */ = {isa = PBXBuildFile; fileRef = DDB85BE34601A780F1397AE6 /* controller-mid-1990s-dual-grip.webp */; };
		2538CF2960BFA02DEC4CDC2C /* CollectibleGalleryView.swift in Sources */ = {isa = PBXBuildFile; fileRef = EF72A7A9B58A658031D27608 /* CollectibleGalleryView.swift */; };
		2621BD2E8307F1D8FB3CCD12 /* controller-late-2010s-symmetric.webp in Resources */ = {isa = PBXBuildFile; fileRef = ED86C54E0D1213BD67FE53C1 /* controller-late-2010s-symmetric.webp */; };
		289B5612E5E4583B64B6CEB7 /* console-early-2000s-black.webp in Resources */ = {isa = PBXBuildFile; fileRef = 2BD80E21C05464A03EE2DB67 /* console-early-2000s-black.webp */; };
		2C79137127E3787333D6016A /* game-cartridge-sixteen-bit.webp in Resources */ = {isa = PBXBuildFile; fileRef = 3FD2A972CE464C3521BF760D /* game-cartridge-sixteen-bit.webp */; };
		2DC088930627628631AE39B7 /* handheld-mid-2000s-disc.webp in Resources */ = {isa = PBXBuildFile; fileRef = 74DFD1F2221402CBAFF674BC /* handheld-mid-2000s-disc.webp */; };
		2F2ECDE54CF0B528B9D52CBD /* current-sculptural-home-console.webp in Resources */ = {isa = PBXBuildFile; fileRef = 0755A1CC0BBE77521584A844 /* current-sculptural-home-console.webp */; };
		301CBC275CC12DB9E689B537 /* ImagePipeline.swift in Sources */ = {isa = PBXBuildFile; fileRef = 0B6FCF6DA155AE21D51A03A1 /* ImagePipeline.swift */; };
		31B2C0BDFA4A2B32D566F91D /* GameDomain.swift in Sources */ = {isa = PBXBuildFile; fileRef = 329F764CECE66C0AC751E385 /* GameDomain.swift */; };
		321117D9942E2F70BE3F4F68 /* game-collector-box.webp in Resources */ = {isa = PBXBuildFile; fileRef = 7714E5128B5F386F9CFDD4F1 /* game-collector-box.webp */; };
		33ECCFDD7F72B2BBA1C92B82 /* NotificationScheduler.swift in Sources */ = {isa = PBXBuildFile; fileRef = 9DDA34C822F433EA8054D5A3 /* NotificationScheduler.swift */; };
		36579D9B050A66AB195C475D /* console-compact-cube.webp in Resources */ = {isa = PBXBuildFile; fileRef = 83B758FDC900AEB1F91F3A66 /* console-compact-cube.webp */; };
		3946DCDA20AA0D5BEDDF2AC1 /* console-mid-2000s-white.webp in Resources */ = {isa = PBXBuildFile; fileRef = 801803F760BA1BF9FA5FF420 /* console-mid-2000s-white.webp */; };
		3997429FD2BFD46F6EDFBCA2 /* OnboardingView.swift in Sources */ = {isa = PBXBuildFile; fileRef = 66FB429079B8E83F6D446F39 /* OnboardingView.swift */; };
		39EE92A1A5E968282DD8B0C1 /* handheld-color-vertical.webp in Resources */ = {isa = PBXBuildFile; fileRef = 5ACC6C395B199FC38FFA9713 /* handheld-color-vertical.webp */; };
		3A442C6468B3837130FB6163 /* handheld-monochrome-vertical.webp in Resources */ = {isa = PBXBuildFile; fileRef = 2CDD043238FB4859DEA96D34 /* handheld-monochrome-vertical.webp */; };
		3B471D0D0AE589D9ECD7C28C /* current-gaming-laptop.webp in Resources */ = {isa = PBXBuildFile; fileRef = 6A7309C1133A7A1239505CC2 /* current-gaming-laptop.webp */; };
		3ED3BC214CD05C7F7C1E8F7B /* DownloaderExtension.swift in Sources */ = {isa = PBXBuildFile; fileRef = AC83A1074DBB0DD898D07E04 /* DownloaderExtension.swift */; };
		4445609194D45960D7D479C9 /* game-disc.webp in Resources */ = {isa = PBXBuildFile; fileRef = 72EAEB2377867512193CB6BD /* game-disc.webp */; };
		4D504BD15588C4B45B619D19 /* PlatformPicker.swift in Sources */ = {isa = PBXBuildFile; fileRef = 4CA855AD25D2EEC19355F655 /* PlatformPicker.swift */; };
		4F866930EC65CF4DFE85CA25 /* controller-six-button-classic.webp in Resources */ = {isa = PBXBuildFile; fileRef = 99B2CE1C2DB80AE90F2D28BD /* controller-six-button-classic.webp */; };
		51BB84E3281A243A081242EC /* console-disc-era-white.webp in Resources */ = {isa = PBXBuildFile; fileRef = E78D1B9FBBC350995CEFE424 /* console-disc-era-white.webp */; };
		51C21B9C4A77387E441C4394 /* AppNavigationSplitView.swift in Sources */ = {isa = PBXBuildFile; fileRef = 75546354386653F563C7E13F /* AppNavigationSplitView.swift */; };
		589D49D61F6127A67CCA023C /* controller-disc-era-round.webp in Resources */ = {isa = PBXBuildFile; fileRef = 7A828EBF3836DEE27315F645 /* controller-disc-era-round.webp */; };
		5C6A8516B2DDE1E736422074 /* console-tablet-hybrid.webp in Resources */ = {isa = PBXBuildFile; fileRef = A910331114CD51CA4CF521BE /* console-tablet-hybrid.webp */; };
		5D767B9B4A92E3552DD946B6 /* Models.swift in Sources */ = {isa = PBXBuildFile; fileRef = C2E6791DED311BC298CCA6EA /* Models.swift */; };
		5F97719A09DCE3685D5384E2 /* ModelContainerFactory.swift in Sources */ = {isa = PBXBuildFile; fileRef = B95E330E2373A6F15A87F588 /* ModelContainerFactory.swift */; };
		629AB8D683F6F1117DD51B5D /* game-case-slim-hybrid.webp in Resources */ = {isa = PBXBuildFile; fileRef = D79F02DC5187F16E10571727 /* game-case-slim-hybrid.webp */; };
		6667E280F39A74E5D8C469B6 /* console-early-2000s-bold.webp in Resources */ = {isa = PBXBuildFile; fileRef = 9FA234137E05BAA76B06D56B /* console-early-2000s-bold.webp */; };
		6727DBC52514283B326703F7 /* digital-library-card.webp in Resources */ = {isa = PBXBuildFile; fileRef = 45E3AF7DB233687F4F01B764 /* digital-library-card.webp */; };
		6A470785493EF2BD869F0F63 /* MomentDetailView.swift in Sources */ = {isa = PBXBuildFile; fileRef = 875689678D52189B22DE4146 /* MomentDetailView.swift */; };
		71577671360F5990CADAAE51 /* console-late-2000s-glossy.webp in Resources */ = {isa = PBXBuildFile; fileRef = 1A4E57B23CF16455CCCEE23E /* console-late-2000s-glossy.webp */; };
		72D8597CA57CCBBA86E28795 /* handheld-early-2000s-wide.webp in Resources */ = {isa = PBXBuildFile; fileRef = 1AA90E2DD7E7090D4F8F9641 /* handheld-early-2000s-wide.webp */; };
		81EADA8DC2531E517DAABDF9 /* controller-eight-bit-rectangular.webp in Resources */ = {isa = PBXBuildFile; fileRef = F462781C1D9CEEC1E903E464 /* controller-eight-bit-rectangular.webp */; };
		85F516AA6BDF7DDC1F9DF9AB /* game-case-tall-optical.webp in Resources */ = {isa = PBXBuildFile; fileRef = F86775F7570FCAE18DF22586 /* game-case-tall-optical.webp */; };
		8926D6D5345C2BFFC0ACD3C1 /* CollectibleAssetImage.swift in Sources */ = {isa = PBXBuildFile; fileRef = 10D3AF9469BDF05B0E7DB1D5 /* CollectibleAssetImage.swift */; };
		8A8BE5BCC02F81B028D7C056 /* current-black-tower-console.webp in Resources */ = {isa = PBXBuildFile; fileRef = 6AF58CA46C0C22654E984372 /* current-black-tower-console.webp */; };
		8D6809EDCEF235DF3E999673 /* current-desktop-gaming-pc.webp in Resources */ = {isa = PBXBuildFile; fileRef = 48A9E3A75669E32EB6704AFD /* current-desktop-gaming-pc.webp */; };
		8EA2D9CE204536BA25DE4E81 /* CaptureMomentView.swift in Sources */ = {isa = PBXBuildFile; fileRef = 396BC4B62A82984DD97ECD4B /* CaptureMomentView.swift */; };
		9311A4339C69AA883104987F /* GameRoomApp.swift in Sources */ = {isa = PBXBuildFile; fileRef = 9A827F8877845628D49A5028 /* GameRoomApp.swift */; };
		93D840799E2827F871148403 /* AppTheme.swift in Sources */ = {isa = PBXBuildFile; fileRef = 5FC62DECCA0090EA992C9EF8 /* AppTheme.swift */; };
		96FD3B616960D58CA13721D4 /* Game Room Background Assets.appex in Embed Foundation Extensions */ = {isa = PBXBuildFile; fileRef = 5137DC755C0DA21F6F13E15C /* Game Room Background Assets.appex */; settings = {ATTRIBUTES = (CodeSignOnCopy, RemoveHeadersOnCopy, ); }; };
		9ADF15B3FC49A050464697F9 /* Assets.xcassets in Resources */ = {isa = PBXBuildFile; fileRef = 8248344CFD73016C9747F098 /* Assets.xcassets */; };
		9B2ECD0859F1DF3D72556442 /* AddGameView.swift in Sources */ = {isa = PBXBuildFile; fileRef = 2D2D2E78170FCED8B75D3B58 /* AddGameView.swift */; };
		A32F4E72F28A25C71C1509FE /* console-compact-card-based.webp in Resources */ = {isa = PBXBuildFile; fileRef = 994B6E8B803B0584192219C2 /* console-compact-card-based.webp */; };
		A48C79929A2212A6049BF0B4 /* console-late-2010s-flat.webp in Resources */ = {isa = PBXBuildFile; fileRef = 57C0933F81CE97F23CD4C9DB /* console-late-2010s-flat.webp */; };
		A500568BC2619D68B72B6484 /* memory-card.webp in Resources */ = {isa = PBXBuildFile; fileRef = 90BE3D62C28929B0446D5E49 /* memory-card.webp */; };
		A6400571D77920FEEA793680 /* console-woodgrain-classic.webp in Resources */ = {isa = PBXBuildFile; fileRef = 5C78B61D2D9BB85C42213168 /* console-woodgrain-classic.webp */; };
		A7DFB940EA2A47B16B5A5D27 /* GameRoomTests.swift in Sources */ = {isa = PBXBuildFile; fileRef = DA4381E623F8D4B2BDF5A56D /* GameRoomTests.swift */; };
		A81967E95E2784A4565786B5 /* game-card-handheld.webp in Resources */ = {isa = PBXBuildFile; fileRef = D19E1D77D51591BD2C754D23 /* game-card-handheld.webp */; };
		A8C7A290AB387C5318CC2C8E /* Foundation.framework in Frameworks */ = {isa = PBXBuildFile; fileRef = 0079A0C7719B8ABA58E9EDAA /* Foundation.framework */; };
		A8DB27531142B840D02C1779 /* SettingsView.swift in Sources */ = {isa = PBXBuildFile; fileRef = 24752F964E51C9A449590C96 /* SettingsView.swift */; };
		AB3EFAA2052AC9179D1686B3 /* GameDetailView.swift in Sources */ = {isa = PBXBuildFile; fileRef = 35CCCCEA68AA110737DDE96A /* GameDetailView.swift */; };
		B38CAC6318D3EC8CD6E8866C /* save-file-card.webp in Resources */ = {isa = PBXBuildFile; fileRef = 32EBFB1CA70C1E4F7CB5A294 /* save-file-card.webp */; };
		B7C324B1CA4D1FC07F8C9A0B /* handheld-dual-screen-dimensional.webp in Resources */ = {isa = PBXBuildFile; fileRef = C998F3DD414CFE321E0C51BC /* handheld-dual-screen-dimensional.webp */; };
		C35ADE6EC3E094A203294B0F /* GameRoomUITests.swift in Sources */ = {isa = PBXBuildFile; fileRef = E1CD3A3919B2B4B4633D3D7A /* GameRoomUITests.swift */; };
		C4A77EE02BA86F7583D9881B /* handheld-dual-screen.webp in Resources */ = {isa = PBXBuildFile; fileRef = E03B61995F56BCAA66E45A67 /* handheld-dual-screen.webp */; };
		C631991E8B991C1DF5B06DEF /* AppRootView.swift in Sources */ = {isa = PBXBuildFile; fileRef = 68377309016EB9DF88A4BFFA /* AppRootView.swift */; };
		C77E4CE222B26B49674AC0DE /* controller-sixteen-bit-rounded.webp in Resources */ = {isa = PBXBuildFile; fileRef = 31D3D2BDA5D0CCE6CC86EC46 /* controller-sixteen-bit-rounded.webp */; };
		CE9EC451FB9C2ED1BEBCB940 /* StoredImageView.swift in Sources */ = {isa = PBXBuildFile; fileRef = 3D88EE059EEDAD156D48140D /* StoredImageView.swift */; };
		D3D9CD8DD393B1FDE0503FEA /* current-spatial-gaming-headset.webp in Resources */ = {isa = PBXBuildFile; fileRef = 2E1F8697F135B1FA714C7F4A /* current-spatial-gaming-headset.webp */; };
		D7B6C2BFDDF35E0973CA87A2 /* handheld-early-2010s-touch.webp in Resources */ = {isa = PBXBuildFile; fileRef = 11F890B9893C76389D733AF9 /* handheld-early-2010s-touch.webp */; };
		DFC6CC85D2CA1CF4E8D24EF4 /* Foundation.framework in Frameworks */ = {isa = PBXBuildFile; fileRef = 9DA51709A312BD3E32AA279F /* Foundation.framework */; };
		E07BBE179FF3F1B6C00E6368 /* arcade-cabinet.webp in Resources */ = {isa = PBXBuildFile; fileRef = C19D63D32BBB17EA1343EB00 /* arcade-cabinet.webp */; };
		E4EBDB3822E0E19536F813B5 /* CollectibleAssetRepository.swift in Sources */ = {isa = PBXBuildFile; fileRef = 13A4E97E9A80C4D3C3D6E16E /* CollectibleAssetRepository.swift */; };
		E7EA4804A08050F33D942614 /* CollectibleAssets.swift in Sources */ = {isa = PBXBuildFile; fileRef = A861AF643735EBAE5A150244 /* CollectibleAssets.swift */; };
		EAD30ABEEFF0488783E728F7 /* current-next-hybrid-console.webp in Resources */ = {isa = PBXBuildFile; fileRef = 0856687961863AB188FABE3E /* current-next-hybrid-console.webp */; };
		EB1B385C8A5027BC4B378D8D /* game-cartridge-eight-bit.webp in Resources */ = {isa = PBXBuildFile; fileRef = DE8662989BC6BA90E6E656D7 /* game-cartridge-eight-bit.webp */; };
		EDE78055EAC861300B51B7B6 /* handheld-landscape-classic.webp in Resources */ = {isa = PBXBuildFile; fileRef = 7FD05387EFFFF8A13BFF618B /* handheld-landscape-classic.webp */; };
		EE25D70FE100A1D686D29FE0 /* console-premium-cartridge.webp in Resources */ = {isa = PBXBuildFile; fileRef = 43288676979A15637CAE2646 /* console-premium-cartridge.webp */; };
		F6A24733B174940FEB83DBD3 /* current-compact-digital-console.webp in Resources */ = {isa = PBXBuildFile; fileRef = 65D4DBDA392F682702D49F04 /* current-compact-digital-console.webp */; };
		F94ADF07091CB505F14D85AC /* MemoryHomeView.swift in Sources */ = {isa = PBXBuildFile; fileRef = 1377A870213C676577192A20 /* MemoryHomeView.swift */; };
		FE0F6847295862898935ED16 /* controller-three-prong.webp in Resources */ = {isa = PBXBuildFile; fileRef = CDFDE50C44082680B616990D /* controller-three-prong.webp */; };
/* End PBXBuildFile section */

/* Begin PBXContainerItemProxy section */
		2E96A9D1C562174C1498D235 /* PBXContainerItemProxy */ = {
			isa = PBXContainerItemProxy;
			containerPortal = 482602070C375D64A58C4FAC /* Project object */;
			proxyType = 1;
			remoteGlobalIDString = 2EF1CB56EAE796BE9FFDC966;
			remoteInfo = "Game Room";
		};
		357D90995EC5DD226F316D56 /* PBXContainerItemProxy */ = {
			isa = PBXContainerItemProxy;
			containerPortal = 482602070C375D64A58C4FAC /* Project object */;
			proxyType = 1;
			remoteGlobalIDString = 2EF1CB56EAE796BE9FFDC966;
			remoteInfo = "Game Room";
		};
		7023684BA5BD8E1D86A6AD63 /* PBXContainerItemProxy */ = {
			isa = PBXContainerItemProxy;
			containerPortal = 482602070C375D64A58C4FAC /* Project object */;
			proxyType = 1;
			remoteGlobalIDString = A017F963E0F79A0FFC963516;
			remoteInfo = "Game Room Background Assets";
		};
/* End PBXContainerItemProxy section */

/* Begin PBXCopyFilesBuildPhase section */
		F52FFCFC690AFB398CF3580F /* Embed Foundation Extensions */ = {
			isa = PBXCopyFilesBuildPhase;
			buildActionMask = 2147483647;
			dstPath = "";
			dstSubfolderSpec = 16;
			files = (
				96FD3B616960D58CA13721D4 /* Game Room Background Assets.appex in Embed Foundation Extensions */,
			);
			name = "Embed Foundation Extensions";
			runOnlyForDeploymentPostprocessing = 0;
		};
/* End PBXCopyFilesBuildPhase section */

/* Begin PBXFileReference section */
		001F9A2DD5CCA3ACD5C262D1 /* Info.plist */ = {isa = PBXFileReference; includeInIndex = 1; lastKnownFileType = text.plist.xml; path = Info.plist; sourceTree = "<group>"; };
		0034DDED1E330B67F5230D94 /* Game Room.app */ = {isa = PBXFileReference; explicitFileType = wrapper.application; includeInIndex = 0; path = "Game Room.app"; sourceTree = BUILT_PRODUCTS_DIR; };
		0079A0C7719B8ABA58E9EDAA /* Foundation.framework */ = {isa = PBXFileReference; lastKnownFileType = wrapper.framework; name = Foundation.framework; path = Platforms/iPhoneOS.platform/Developer/SDKs/iPhoneOS18.0.sdk/System/Library/Frameworks/Foundation.framework; sourceTree = DEVELOPER_DIR; };
		01929C08A20F063CCD1A8394 /* current-next-hybrid-console.webp */ = {isa = PBXFileReference; includeInIndex = 1; path = "current-next-hybrid-console.webp"; sourceTree = "<group>"; };
		03ECB59C9B4B6300976427E6 /* console-compact-card-based.webp */ = {isa = PBXFileReference; includeInIndex = 1; path = "console-compact-card-based.webp"; sourceTree = "<group>"; };
		048C1F877F73D15F5A0FD271 /* controller-disc-era-round.webp */ = {isa = PBXFileReference; includeInIndex = 1; path = "controller-disc-era-round.webp"; sourceTree = "<group>"; };
		0755A1CC0BBE77521584A844 /* current-sculptural-home-console.webp */ = {isa = PBXFileReference; includeInIndex = 1; path = "current-sculptural-home-console.webp"; sourceTree = "<group>"; };
		0856687961863AB188FABE3E /* current-next-hybrid-console.webp */ = {isa = PBXFileReference; includeInIndex = 1; path = "current-next-hybrid-console.webp"; sourceTree = "<group>"; };
		0B6FCF6DA155AE21D51A03A1 /* ImagePipeline.swift */ = {isa = PBXFileReference; includeInIndex = 1; lastKnownFileType = sourcecode.swift; path = ImagePipeline.swift; sourceTree = "<group>"; };
		0C60D0A4264EAFA8A8E92F09 /* Info.plist */ = {isa = PBXFileReference; includeInIndex = 1; lastKnownFileType = text.plist.xml; path = Info.plist; sourceTree = "<group>"; };
		0FE29F758B2072FC7CFA1166 /* current-handheld-gaming-pc.webp */ = {isa = PBXFileReference; includeInIndex = 1; path = "current-handheld-gaming-pc.webp"; sourceTree = "<group>"; };
		10D3AF9469BDF05B0E7DB1D5 /* CollectibleAssetImage.swift */ = {isa = PBXFileReference; includeInIndex = 1; lastKnownFileType = sourcecode.swift; path = CollectibleAssetImage.swift; sourceTree = "<group>"; };
		1102F5E4FE92632FD3A36379 /* console-motion-slim.webp */ = {isa = PBXFileReference; includeInIndex = 1; path = "console-motion-slim.webp"; sourceTree = "<group>"; };
		11F890B9893C76389D733AF9 /* handheld-early-2010s-touch.webp */ = {isa = PBXFileReference; includeInIndex = 1; path = "handheld-early-2010s-touch.webp"; sourceTree = "<group>"; };
		122497622F7F56BB125ABE92 /* console-premium-cartridge.webp */ = {isa = PBXFileReference; includeInIndex = 1; path = "console-premium-cartridge.webp"; sourceTree = "<group>"; };
		12E9FC2584C021351A99BE15 /* current-handheld-gaming-pc.webp */ = {isa = PBXFileReference; includeInIndex = 1; path = "current-handheld-gaming-pc.webp"; sourceTree = "<group>"; };
		1377A870213C676577192A20 /* MemoryHomeView.swift */ = {isa = PBXFileReference; includeInIndex = 1; lastKnownFileType = sourcecode.swift; path = MemoryHomeView.swift; sourceTree = "<group>"; };
		13A4E97E9A80C4D3C3D6E16E /* CollectibleAssetRepository.swift */ = {isa = PBXFileReference; includeInIndex = 1; lastKnownFileType = sourcecode.swift; path = CollectibleAssetRepository.swift; sourceTree = "<group>"; };
		1A4E57B23CF16455CCCEE23E /* console-late-2000s-glossy.webp */ = {isa = PBXFileReference; includeInIndex = 1; path = "console-late-2000s-glossy.webp"; sourceTree = "<group>"; };
		1AA90E2DD7E7090D4F8F9641 /* handheld-early-2000s-wide.webp */ = {isa = PBXFileReference; includeInIndex = 1; path = "handheld-early-2000s-wide.webp"; sourceTree = "<group>"; };
		2452A293FF7A7886BCD6DC36 /* AppRootView.swift */ = {isa = PBXFileReference; includeInIndex = 1; lastKnownFileType = sourcecode.swift; path = AppRootView.swift; sourceTree = "<group>"; };
		24752F964E51C9A449590C96 /* SettingsView.swift */ = {isa = PBXFileReference; includeInIndex = 1; lastKnownFileType = sourcecode.swift; path = SettingsView.swift; sourceTree = "<group>"; };
		266CCC1244952184CA7494DC /* Models.swift */ = {isa = PBXFileReference; includeInIndex = 1; lastKnownFileType = sourcecode.swift; path = Models.swift; sourceTree = "<group>"; };
		27432E93F81B0B86A46EF5ED /* GameDetailView.swift */ = {isa = PBXFileReference; includeInIndex = 1; lastKnownFileType = sourcecode.swift; path = GameDetailView.swift; sourceTree = "<group>"; };
		27DDD6E3C62AF29E8B84C781 /* current-classic-hybrid-console.webp */ = {isa = PBXFileReference; includeInIndex = 1; path = "current-classic-hybrid-console.webp"; sourceTree = "<group>"; };
		2BD80E21C05464A03EE2DB67 /* console-early-2000s-black.webp */ = {isa = PBXFileReference; includeInIndex = 1; path = "console-early-2000s-black.webp"; sourceTree = "<group>"; };
		2CDD043238FB4859DEA96D34 /* handheld-monochrome-vertical.webp */ = {isa = PBXFileReference; includeInIndex = 1; path = "handheld-monochrome-vertical.webp"; sourceTree = "<group>"; };
		2D2D2E78170FCED8B75D3B58 /* AddGameView.swift */ = {isa = PBXFileReference; includeInIndex = 1; lastKnownFileType = sourcecode.swift; path = AddGameView.swift; sourceTree = "<group>"; };
		2E1F8697F135B1FA714C7F4A /* current-spatial-gaming-headset.webp */ = {isa = PBXFileReference; includeInIndex = 1; path = "current-spatial-gaming-headset.webp"; sourceTree = "<group>"; };
		2E4FBD67491F449D941CE5D7 /* console-early-2000s-bold.webp */ = {isa = PBXFileReference; includeInIndex = 1; path = "console-early-2000s-bold.webp"; sourceTree = "<group>"; };
		310531A9B2A7AB9DD646AB32 /* PlatformPicker.swift */ = {isa = PBXFileReference; includeInIndex = 1; lastKnownFileType = sourcecode.swift; path = PlatformPicker.swift; sourceTree = "<group>"; };
		31D3D2BDA5D0CCE6CC86EC46 /* controller-sixteen-bit-rounded.webp */ = {isa = PBXFileReference; includeInIndex = 1; path = "controller-sixteen-bit-rounded.webp"; sourceTree = "<group>"; };
		320F8C0603DDBFF222EEAF63 /* console-early-2000s-black.webp */ = {isa = PBXFileReference; includeInIndex = 1; path = "console-early-2000s-black.webp"; sourceTree = "<group>"; };
		32969B032717CA56A5F2A13F /* current-black-tower-console.webp */ = {isa = PBXFileReference; includeInIndex = 1; path = "current-black-tower-console.webp"; sourceTree = "<group>"; };
		329F764CECE66C0AC751E385 /* GameDomain.swift */ = {isa = PBXFileReference; includeInIndex = 1; lastKnownFileType = sourcecode.swift; path = GameDomain.swift; sourceTree = "<group>"; };
		32EBFB1CA70C1E4F7CB5A294 /* save-file-card.webp */ = {isa = PBXFileReference; includeInIndex = 1; path = "save-file-card.webp"; sourceTree = "<group>"; };
		3381BAD66AC10ABB8CF3B49C /* GameObjectView.swift */ = {isa = PBXFileReference; includeInIndex = 1; lastKnownFileType = sourcecode.swift; path = GameObjectView.swift; sourceTree = "<group>"; };
		34266100132B47CB37F38861 /* CollectibleAssetRepository.swift */ = {isa = PBXFileReference; includeInIndex = 1; lastKnownFileType = sourcecode.swift; path = CollectibleAssetRepository.swift; sourceTree = "<group>"; };
		34A37916B85558AF3BFB84C8 /* Game RoomUITests.xctest */ = {isa = PBXFileReference; explicitFileType = wrapper.cfbundle; includeInIndex = 0; path = "Game RoomUITests.xctest"; sourceTree = BUILT_PRODUCTS_DIR; };
		352BAF99C8F0CFF21E43D9C5 /* arcade-cabinet.webp */ = {isa = PBXFileReference; includeInIndex = 1; path = "arcade-cabinet.webp"; sourceTree = "<group>"; };
		35CCCCEA68AA110737DDE96A /* GameDetailView.swift */ = {isa = PBXFileReference; includeInIndex = 1; lastKnownFileType = sourcecode.swift; path = GameDetailView.swift; sourceTree = "<group>"; };
		396BC4B62A82984DD97ECD4B /* CaptureMomentView.swift */ = {isa = PBXFileReference; includeInIndex = 1; lastKnownFileType = sourcecode.swift; path = CaptureMomentView.swift; sourceTree = "<group>"; };
		3D88EE059EEDAD156D48140D /* StoredImageView.swift */ = {isa = PBXFileReference; includeInIndex = 1; lastKnownFileType = sourcecode.swift; path = StoredImageView.swift; sourceTree = "<group>"; };
		3EEE4066C9F93F97064CC6DA /* Game RoomTests.xctest */ = {isa = PBXFileReference; explicitFileType = wrapper.cfbundle; includeInIndex = 0; path = "Game RoomTests.xctest"; sourceTree = BUILT_PRODUCTS_DIR; };
		3FD2A972CE464C3521BF760D /* game-cartridge-sixteen-bit.webp */ = {isa = PBXFileReference; includeInIndex = 1; path = "game-cartridge-sixteen-bit.webp"; sourceTree = "<group>"; };
		40BB96B1F79AD61CF2881820 /* current-mobile-gaming.webp */ = {isa = PBXFileReference; includeInIndex = 1; path = "current-mobile-gaming.webp"; sourceTree = "<group>"; };
		43288676979A15637CAE2646 /* console-premium-cartridge.webp */ = {isa = PBXFileReference; includeInIndex = 1; path = "console-premium-cartridge.webp"; sourceTree = "<group>"; };
		4487B5FBE5568B4B3DE99189 /* SettingsView.swift */ = {isa = PBXFileReference; includeInIndex = 1; lastKnownFileType = sourcecode.swift; path = SettingsView.swift; sourceTree = "<group>"; };
		45E3AF7DB233687F4F01B764 /* digital-library-card.webp */ = {isa = PBXFileReference; includeInIndex = 1; path = "digital-library-card.webp"; sourceTree = "<group>"; };
		47911A15E36D795073E5341D /* handheld-monochrome-vertical.webp */ = {isa = PBXFileReference; includeInIndex = 1; path = "handheld-monochrome-vertical.webp"; sourceTree = "<group>"; };
		48A9E3A75669E32EB6704AFD /* current-desktop-gaming-pc.webp */ = {isa = PBXFileReference; includeInIndex = 1; path = "current-desktop-gaming-pc.webp"; sourceTree = "<group>"; };
		4B92ACC27E359E73C9248A47 /* Info-macOS.plist */ = {isa = PBXFileReference; includeInIndex = 1; lastKnownFileType = text.plist.xml; path = "Info-macOS.plist"; sourceTree = "<group>"; };
		4CA855AD25D2EEC19355F655 /* PlatformPicker.swift */ = {isa = PBXFileReference; includeInIndex = 1; lastKnownFileType = sourcecode.swift; path = PlatformPicker.swift; sourceTree = "<group>"; };
		4D90D1377AEB4774039D0F91 /* NotificationScheduler.swift */ = {isa = PBXFileReference; includeInIndex = 1; lastKnownFileType = sourcecode.swift; path = NotificationScheduler.swift; sourceTree = "<group>"; };
		50BAAD036180D7EF5D808131 /* controller-mid-1990s-dual-grip.webp */ = {isa = PBXFileReference; includeInIndex = 1; path = "controller-mid-1990s-dual-grip.webp"; sourceTree = "<group>"; };
		5137DC755C0DA21F6F13E15C /* Game Room Background Assets.appex */ = {isa = PBXFileReference; explicitFileType = "wrapper.app-extension"; includeInIndex = 0; path = "Game Room Background Assets.appex"; sourceTree = BUILT_PRODUCTS_DIR; };
		54AF1DCDE1F9B5685813CC38 /* console-late-2010s-flat.webp */ = {isa = PBXFileReference; includeInIndex = 1; path = "console-late-2010s-flat.webp"; sourceTree = "<group>"; };
		5714F2733E9314706BCDB3B6 /* README.md */ = {isa = PBXFileReference; includeInIndex = 1; path = README.md; sourceTree = "<group>"; };
		57908007E4BDE4BC47C3664D /* memory-card.webp */ = {isa = PBXFileReference; includeInIndex = 1; path = "memory-card.webp"; sourceTree = "<group>"; };
		57C0933F81CE97F23CD4C9DB /* console-late-2010s-flat.webp */ = {isa = PBXFileReference; includeInIndex = 1; path = "console-late-2010s-flat.webp"; sourceTree = "<group>"; };
		5827D1330AA51976B6EE6A22 /* handheld-mid-2000s-disc.webp */ = {isa = PBXFileReference; includeInIndex = 1; path = "handheld-mid-2000s-disc.webp"; sourceTree = "<group>"; };
		5ACC6C395B199FC38FFA9713 /* handheld-color-vertical.webp */ = {isa = PBXFileReference; includeInIndex = 1; path = "handheld-color-vertical.webp"; sourceTree = "<group>"; };
		5AD1DD7720F250225A7FE405 /* handheld-early-2000s-wide.webp */ = {isa = PBXFileReference; includeInIndex = 1; path = "handheld-early-2000s-wide.webp"; sourceTree = "<group>"; };
		5C13A8E54961986BEC0D6406 /* README.md */ = {isa = PBXFileReference; includeInIndex = 1; path = README.md; sourceTree = "<group>"; };
		5C4C17F945049C17707A0E06 /* CollectibleAssets.swift */ = {isa = PBXFileReference; includeInIndex = 1; lastKnownFileType = sourcecode.swift; path = CollectibleAssets.swift; sourceTree = "<group>"; };
		5C78B61D2D9BB85C42213168 /* console-woodgrain-classic.webp */ = {isa = PBXFileReference; includeInIndex = 1; path = "console-woodgrain-classic.webp"; sourceTree = "<group>"; };
		5FC62DECCA0090EA992C9EF8 /* AppTheme.swift */ = {isa = PBXFileReference; includeInIndex = 1; lastKnownFileType = sourcecode.swift; path = AppTheme.swift; sourceTree = "<group>"; };
		5FE5277F2B6C52C6A0107077 /* game-disc.webp */ = {isa = PBXFileReference; includeInIndex = 1; path = "game-disc.webp"; sourceTree = "<group>"; };
		60ADFF27045E2B40BBD6D1AD /* current-mobile-gaming.webp */ = {isa = PBXFileReference; includeInIndex = 1; path = "current-mobile-gaming.webp"; sourceTree = "<group>"; };
		61079B2A2911E7AC95B38535 /* ImagePipeline.swift */ = {isa = PBXFileReference; includeInIndex = 1; lastKnownFileType = sourcecode.swift; path = ImagePipeline.swift; sourceTree = "<group>"; };
		62D3EB4EA67CE7252007AD6F /* ModelContainerFactory.swift */ = {isa = PBXFileReference; includeInIndex = 1; lastKnownFileType = sourcecode.swift; path = ModelContainerFactory.swift; sourceTree = "<group>"; };
		63837C0B1D19FEF9F8079D47 /* controller-late-2010s-symmetric.webp */ = {isa = PBXFileReference; includeInIndex = 1; path = "controller-late-2010s-symmetric.webp"; sourceTree = "<group>"; };
		65D4DBDA392F682702D49F04 /* current-compact-digital-console.webp */ = {isa = PBXFileReference; includeInIndex = 1; path = "current-compact-digital-console.webp"; sourceTree = "<group>"; };
		66FB429079B8E83F6D446F39 /* OnboardingView.swift */ = {isa = PBXFileReference; includeInIndex = 1; lastKnownFileType = sourcecode.swift; path = OnboardingView.swift; sourceTree = "<group>"; };
		68377309016EB9DF88A4BFFA /* AppRootView.swift */ = {isa = PBXFileReference; includeInIndex = 1; lastKnownFileType = sourcecode.swift; path = AppRootView.swift; sourceTree = "<group>"; };
		6A7309C1133A7A1239505CC2 /* current-gaming-laptop.webp */ = {isa = PBXFileReference; includeInIndex = 1; path = "current-gaming-laptop.webp"; sourceTree = "<group>"; };
		6AF58CA46C0C22654E984372 /* current-black-tower-console.webp */ = {isa = PBXFileReference; includeInIndex = 1; path = "current-black-tower-console.webp"; sourceTree = "<group>"; };
		6B5CA0918D7CE31D900A8379 /* MemoryHomeView.swift */ = {isa = PBXFileReference; includeInIndex = 1; lastKnownFileType = sourcecode.swift; path = MemoryHomeView.swift; sourceTree = "<group>"; };
		6EA9DC8E80B2F9564C2ED77E /* handheld-dual-screen-dimensional.webp */ = {isa = PBXFileReference; includeInIndex = 1; path = "handheld-dual-screen-dimensional.webp"; sourceTree = "<group>"; };
		72EAEB2377867512193CB6BD /* game-disc.webp */ = {isa = PBXFileReference; includeInIndex = 1; path = "game-disc.webp"; sourceTree = "<group>"; };
		744D73C41673FAA016E5BED0 /* console-mid-2000s-white.webp */ = {isa = PBXFileReference; includeInIndex = 1; path = "console-mid-2000s-white.webp"; sourceTree = "<group>"; };
		74B39149830CAED2F678ED77 /* game-cartridge-sixteen-bit.webp */ = {isa = PBXFileReference; includeInIndex = 1; path = "game-cartridge-sixteen-bit.webp"; sourceTree = "<group>"; };
		74DFD1F2221402CBAFF674BC /* handheld-mid-2000s-disc.webp */ = {isa = PBXFileReference; includeInIndex = 1; path = "handheld-mid-2000s-disc.webp"; sourceTree = "<group>"; };
		75546354386653F563C7E13F /* AppNavigationSplitView.swift */ = {isa = PBXFileReference; includeInIndex = 1; lastKnownFileType = sourcecode.swift; path = AppNavigationSplitView.swift; sourceTree = "<group>"; };
		7714E5128B5F386F9CFDD4F1 /* game-collector-box.webp */ = {isa = PBXFileReference; includeInIndex = 1; path = "game-collector-box.webp"; sourceTree = "<group>"; };
		7A828EBF3836DEE27315F645 /* controller-disc-era-round.webp */ = {isa = PBXFileReference; includeInIndex = 1; path = "controller-disc-era-round.webp"; sourceTree = "<group>"; };
		7BEA2AD5B967181D4DD0C988 /* OnboardingView.swift */ = {isa = PBXFileReference; includeInIndex = 1; lastKnownFileType = sourcecode.swift; path = OnboardingView.swift; sourceTree = "<group>"; };
		7DE64DA63C421745D6C742E1 /* CaptureMomentView.swift */ = {isa = PBXFileReference; includeInIndex = 1; lastKnownFileType = sourcecode.swift; path = CaptureMomentView.swift; sourceTree = "<group>"; };
		7FD05387EFFFF8A13BFF618B /* handheld-landscape-classic.webp */ = {isa = PBXFileReference; includeInIndex = 1; path = "handheld-landscape-classic.webp"; sourceTree = "<group>"; };
		801803F760BA1BF9FA5FF420 /* console-mid-2000s-white.webp */ = {isa = PBXFileReference; includeInIndex = 1; path = "console-mid-2000s-white.webp"; sourceTree = "<group>"; };
		8110248410B6EA570034E3F5 /* GameObjectView.swift */ = {isa = PBXFileReference; includeInIndex = 1; lastKnownFileType = sourcecode.swift; path = GameObjectView.swift; sourceTree = "<group>"; };
		8248344CFD73016C9747F098 /* Assets.xcassets */ = {isa = PBXFileReference; includeInIndex = 1; lastKnownFileType = folder.assetcatalog; path = Assets.xcassets; sourceTree = "<group>"; };
		83745349D75DCD28EF07E7A0 /* Catalog-API-Study.md */ = {isa = PBXFileReference; includeInIndex = 1; path = "Catalog-API-Study.md"; sourceTree = "<group>"; };
		83B758FDC900AEB1F91F3A66 /* console-compact-cube.webp */ = {isa = PBXFileReference; includeInIndex = 1; path = "console-compact-cube.webp"; sourceTree = "<group>"; };
		84150F176514075987B7AACF /* current-gaming-laptop.webp */ = {isa = PBXFileReference; includeInIndex = 1; path = "current-gaming-laptop.webp"; sourceTree = "<group>"; };
		875689678D52189B22DE4146 /* MomentDetailView.swift */ = {isa = PBXFileReference; includeInIndex = 1; lastKnownFileType = sourcecode.swift; path = MomentDetailView.swift; sourceTree = "<group>"; };
		87DD6C092917FE9C177B070A /* AppTheme.swift */ = {isa = PBXFileReference; includeInIndex = 1; lastKnownFileType = sourcecode.swift; path = AppTheme.swift; sourceTree = "<group>"; };
		8AD3255EA84D864A5018E5EE /* Assets.xcassets */ = {isa = PBXFileReference; includeInIndex = 1; lastKnownFileType = folder.assetcatalog; path = Assets.xcassets; sourceTree = "<group>"; };
		8B8785C8E7F31B8647850A76 /* digital-library-card.webp */ = {isa = PBXFileReference; includeInIndex = 1; path = "digital-library-card.webp"; sourceTree = "<group>"; };
		8D68C070EB4372DA50C82DFD /* moment-photo.webp */ = {isa = PBXFileReference; includeInIndex = 1; path = "moment-photo.webp"; sourceTree = "<group>"; };
		909BB3B99C175938239B30EC /* console-compact-cube.webp */ = {isa = PBXFileReference; includeInIndex = 1; path = "console-compact-cube.webp"; sourceTree = "<group>"; };
		90BE3D62C28929B0446D5E49 /* memory-card.webp */ = {isa = PBXFileReference; includeInIndex = 1; path = "memory-card.webp"; sourceTree = "<group>"; };
		92876E1046A0835C7A9B3CAB /* controller-six-button-classic.webp */ = {isa = PBXFileReference; includeInIndex = 1; path = "controller-six-button-classic.webp"; sourceTree = "<group>"; };
		9886D0F954FFFE5F328A70E4 /* console-woodgrain-classic.webp */ = {isa = PBXFileReference; includeInIndex = 1; path = "console-woodgrain-classic.webp"; sourceTree = "<group>"; };
		994B6E8B803B0584192219C2 /* console-compact-card-based.webp */ = {isa = PBXFileReference; includeInIndex = 1; path = "console-compact-card-based.webp"; sourceTree = "<group>"; };
		99B2CE1C2DB80AE90F2D28BD /* controller-six-button-classic.webp */ = {isa = PBXFileReference; includeInIndex = 1; path = "controller-six-button-classic.webp"; sourceTree = "<group>"; };
		9A827F8877845628D49A5028 /* GameRoomApp.swift */ = {isa = PBXFileReference; includeInIndex = 1; lastKnownFileType = sourcecode.swift; path = GameRoomApp.swift; sourceTree = "<group>"; };
		9DA51709A312BD3E32AA279F /* Foundation.framework */ = {isa = PBXFileReference; lastKnownFileType = wrapper.framework; name = Foundation.framework; path = Platforms/iPhoneOS.platform/Developer/SDKs/iPhoneOS18.0.sdk/System/Library/Frameworks/Foundation.framework; sourceTree = DEVELOPER_DIR; };
		9DDA34C822F433EA8054D5A3 /* NotificationScheduler.swift */ = {isa = PBXFileReference; includeInIndex = 1; lastKnownFileType = sourcecode.swift; path = NotificationScheduler.swift; sourceTree = "<group>"; };
		9FA234137E05BAA76B06D56B /* console-early-2000s-bold.webp */ = {isa = PBXFileReference; includeInIndex = 1; path = "console-early-2000s-bold.webp"; sourceTree = "<group>"; };
		A0F1558AFF6074CE097FDA50 /* ShelfView.swift */ = {isa = PBXFileReference; includeInIndex = 1; lastKnownFileType = sourcecode.swift; path = ShelfView.swift; sourceTree = "<group>"; };
		A137D70D956D48C6F2B83D99 /* handheld-early-2010s-touch.webp */ = {isa = PBXFileReference; includeInIndex = 1; path = "handheld-early-2010s-touch.webp"; sourceTree = "<group>"; };
		A1B52A5D50D9618C2EB159D8 /* controller-three-prong.webp */ = {isa = PBXFileReference; includeInIndex = 1; path = "controller-three-prong.webp"; sourceTree = "<group>"; };
		A34EC123ABA46B12C27C2DF2 /* BackgroundAssetsExtension.entitlements */ = {isa = PBXFileReference; includeInIndex = 1; lastKnownFileType = text.plist.entitlements; path = BackgroundAssetsExtension.entitlements; sourceTree = "<group>"; };
		A470E452D0D1E4AEECF62282 /* GameDomain.swift */ = {isa = PBXFileReference; includeInIndex = 1; lastKnownFileType = sourcecode.swift; path = GameDomain.swift; sourceTree = "<group>"; };
		A861AF643735EBAE5A150244 /* CollectibleAssets.swift */ = {isa = PBXFileReference; includeInIndex = 1; lastKnownFileType = sourcecode.swift; path = CollectibleAssets.swift; sourceTree = "<group>"; };
		A910331114CD51CA4CF521BE /* console-tablet-hybrid.webp */ = {isa = PBXFileReference; includeInIndex = 1; path = "console-tablet-hybrid.webp"; sourceTree = "<group>"; };
		AC83A1074DBB0DD898D07E04 /* DownloaderExtension.swift */ = {isa = PBXFileReference; includeInIndex = 1; lastKnownFileType = sourcecode.swift; path = DownloaderExtension.swift; sourceTree = "<group>"; };
		ADDC7BAB9FCCB533FBAE5071 /* game-case-slim-hybrid.webp */ = {isa = PBXFileReference; includeInIndex = 1; path = "game-case-slim-hybrid.webp"; sourceTree = "<group>"; };
		AE75DC2FA06FE73D6C3626F1 /* README.md */ = {isa = PBXFileReference; includeInIndex = 1; path = README.md; sourceTree = "<group>"; };
		AF2C47A6147FC6A14FEF835B /* MomentDetailView.swift */ = {isa = PBXFileReference; includeInIndex = 1; lastKnownFileType = sourcecode.swift; path = MomentDetailView.swift; sourceTree = "<group>"; };
		AFBC1BD9C6BDBA60C37F8017 /* game-cartridge-eight-bit.webp */ = {isa = PBXFileReference; includeInIndex = 1; path = "game-cartridge-eight-bit.webp"; sourceTree = "<group>"; };
		B1D39F982A74B5D4AB729155 /* handheld-color-vertical.webp */ = {isa = PBXFileReference; includeInIndex = 1; path = "handheld-color-vertical.webp"; sourceTree = "<group>"; };
		B95E330E2373A6F15A87F588 /* ModelContainerFactory.swift */ = {isa = PBXFileReference; includeInIndex = 1; lastKnownFileType = sourcecode.swift; path = ModelContainerFactory.swift; sourceTree = "<group>"; };
		BA27C1D398B00ACCD9379FF5 /* handheld-landscape-classic.webp */ = {isa = PBXFileReference; includeInIndex = 1; path = "handheld-landscape-classic.webp"; sourceTree = "<group>"; };
		BB1A85438E1B4F27E3B24E02 /* game-card-handheld.webp */ = {isa = PBXFileReference; includeInIndex = 1; path = "game-card-handheld.webp"; sourceTree = "<group>"; };
		BC698AE8CA8EAE832D64641A /* New Project.entitlements */ = {isa = PBXFileReference; includeInIndex = 1; lastKnownFileType = text.plist.entitlements; path = "New Project.entitlements"; sourceTree = "<group>"; };
		C19D63D32BBB17EA1343EB00 /* arcade-cabinet.webp */ = {isa = PBXFileReference; includeInIndex = 1; path = "arcade-cabinet.webp"; sourceTree = "<group>"; };
		C2E6791DED311BC298CCA6EA /* Models.swift */ = {isa = PBXFileReference; includeInIndex = 1; lastKnownFileType = sourcecode.swift; path = Models.swift; sourceTree = "<group>"; };
		C6E3595FBF6BB22E3B93A614 /* ShelfView.swift */ = {isa = PBXFileReference; includeInIndex = 1; lastKnownFileType = sourcecode.swift; path = ShelfView.swift; sourceTree = "<group>"; };
		C86AF626CF087EEF31C72085 /* current-sculptural-home-console.webp */ = {isa = PBXFileReference; includeInIndex = 1; path = "current-sculptural-home-console.webp"; sourceTree = "<group>"; };
		C998F3DD414CFE321E0C51BC /* handheld-dual-screen-dimensional.webp */ = {isa = PBXFileReference; includeInIndex = 1; path = "handheld-dual-screen-dimensional.webp"; sourceTree = "<group>"; };
		CC500675043091AD1DB92146 /* current-compact-digital-console.webp */ = {isa = PBXFileReference; includeInIndex = 1; path = "current-compact-digital-console.webp"; sourceTree = "<group>"; };
		CDFDE50C44082680B616990D /* controller-three-prong.webp */ = {isa = PBXFileReference; includeInIndex = 1; path = "controller-three-prong.webp"; sourceTree = "<group>"; };
		CFB43B482685C8E3B05940CC /* console-late-2000s-glossy.webp */ = {isa = PBXFileReference; includeInIndex = 1; path = "console-late-2000s-glossy.webp"; sourceTree = "<group>"; };
		D19E1D77D51591BD2C754D23 /* game-card-handheld.webp */ = {isa = PBXFileReference; includeInIndex = 1; path = "game-card-handheld.webp"; sourceTree = "<group>"; };
		D229D8A642FE9420B284057A /* GameRoomWidget.swift */ = {isa = PBXFileReference; includeInIndex = 1; lastKnownFileType = sourcecode.swift; path = GameRoomWidget.swift; sourceTree = "<group>"; };
		D2FF8D2B2469A05140C97DB6 /* CollectibleGalleryView.swift */ = {isa = PBXFileReference; includeInIndex = 1; lastKnownFileType = sourcecode.swift; path = CollectibleGalleryView.swift; sourceTree = "<group>"; };
		D55530C6F12E851D3A8DCBCD /* controller-eight-bit-rectangular.webp */ = {isa = PBXFileReference; includeInIndex = 1; path = "controller-eight-bit-rectangular.webp"; sourceTree = "<group>"; };
		D79F02DC5187F16E10571727 /* game-case-slim-hybrid.webp */ = {isa = PBXFileReference; includeInIndex = 1; path = "game-case-slim-hybrid.webp"; sourceTree = "<group>"; };
		D82ADE35824B34ED15CA97FB /* GameRoomWidget.swift */ = {isa = PBXFileReference; includeInIndex = 1; lastKnownFileType = sourcecode.swift; path = GameRoomWidget.swift; sourceTree = "<group>"; };
		D82BCD2A83E35ABB9D91C61C /* current-classic-hybrid-console.webp */ = {isa = PBXFileReference; includeInIndex = 1; path = "current-classic-hybrid-console.webp"; sourceTree = "<group>"; };
		D97A111DBAAF532A8943C735 /* console-motion-slim.webp */ = {isa = PBXFileReference; includeInIndex = 1; path = "console-motion-slim.webp"; sourceTree = "<group>"; };
		DA4381E623F8D4B2BDF5A56D /* GameRoomTests.swift */ = {isa = PBXFileReference; includeInIndex = 1; lastKnownFileType = sourcecode.swift; path = GameRoomTests.swift; sourceTree = "<group>"; };
		DDB85BE34601A780F1397AE6 /* controller-mid-1990s-dual-grip.webp */ = {isa = PBXFileReference; includeInIndex = 1; path = "controller-mid-1990s-dual-grip.webp"; sourceTree = "<group>"; };
		DE01B99E4909F2F5A4AA35EA /* save-file-card.webp */ = {isa = PBXFileReference; includeInIndex = 1; path = "save-file-card.webp"; sourceTree = "<group>"; };
		DE8662989BC6BA90E6E656D7 /* game-cartridge-eight-bit.webp */ = {isa = PBXFileReference; includeInIndex = 1; path = "game-cartridge-eight-bit.webp"; sourceTree = "<group>"; };
		DEF9440648514F20B1A035F2 /* moment-photo.webp */ = {isa = PBXFileReference; includeInIndex = 1; path = "moment-photo.webp"; sourceTree = "<group>"; };
		E03B61995F56BCAA66E45A67 /* handheld-dual-screen.webp */ = {isa = PBXFileReference; includeInIndex = 1; path = "handheld-dual-screen.webp"; sourceTree = "<group>"; };
		E0512AF40B192AE198BB61C9 /* GameRoomApp.swift */ = {isa = PBXFileReference; includeInIndex = 1; lastKnownFileType = sourcecode.swift; path = GameRoomApp.swift; sourceTree = "<group>"; };
		E1CD3A3919B2B4B4633D3D7A /* GameRoomUITests.swift */ = {isa = PBXFileReference; includeInIndex = 1; lastKnownFileType = sourcecode.swift; path = GameRoomUITests.swift; sourceTree = "<group>"; };
		E34A96B84AE37CBB1C1A8960 /* game-collector-box.webp */ = {isa = PBXFileReference; includeInIndex = 1; path = "game-collector-box.webp"; sourceTree = "<group>"; };
		E39C096B083A14B7F7DFBCF8 /* current-spatial-gaming-headset.webp */ = {isa = PBXFileReference; includeInIndex = 1; path = "current-spatial-gaming-headset.webp"; sourceTree = "<group>"; };
		E78D1B9FBBC350995CEFE424 /* console-disc-era-white.webp */ = {isa = PBXFileReference; includeInIndex = 1; path = "console-disc-era-white.webp"; sourceTree = "<group>"; };
		EB7A1EAC74247B1376B0FEAA /* StoredImageView.swift */ = {isa = PBXFileReference; includeInIndex = 1; lastKnownFileType = sourcecode.swift; path = StoredImageView.swift; sourceTree = "<group>"; };
		ED3BA219DC69CF94FB828B0C /* CollectibleAssetImage.swift */ = {isa = PBXFileReference; includeInIndex = 1; lastKnownFileType = sourcecode.swift; path = CollectibleAssetImage.swift; sourceTree = "<group>"; };
		ED86C54E0D1213BD67FE53C1 /* controller-late-2010s-symmetric.webp */ = {isa = PBXFileReference; includeInIndex = 1; path = "controller-late-2010s-symmetric.webp"; sourceTree = "<group>"; };
		EEFF417A36CDC0E20CED5C4A /* console-disc-era-white.webp */ = {isa = PBXFileReference; includeInIndex = 1; path = "console-disc-era-white.webp"; sourceTree = "<group>"; };
		EF72A7A9B58A658031D27608 /* CollectibleGalleryView.swift */ = {isa = PBXFileReference; includeInIndex = 1; lastKnownFileType = sourcecode.swift; path = CollectibleGalleryView.swift; sourceTree = "<group>"; };
		F20DEA95A91C3C9C1D8C8339 /* handheld-dual-screen.webp */ = {isa = PBXFileReference; includeInIndex = 1; path = "handheld-dual-screen.webp"; sourceTree = "<group>"; };
		F462781C1D9CEEC1E903E464 /* controller-eight-bit-rectangular.webp */ = {isa = PBXFileReference; includeInIndex = 1; path = "controller-eight-bit-rectangular.webp"; sourceTree = "<group>"; };
		F54FF3C6E51AF551EB024ECC /* Project.json */ = {isa = PBXFileReference; includeInIndex = 1; path = Project.json; sourceTree = "<group>"; };
		F665EDC877D2B1A574EC6812 /* controller-sixteen-bit-rounded.webp */ = {isa = PBXFileReference; includeInIndex = 1; path = "controller-sixteen-bit-rounded.webp"; sourceTree = "<group>"; };
		F66983E7E662649C6A3AC07F /* game-case-tall-optical.webp */ = {isa = PBXFileReference; includeInIndex = 1; path = "game-case-tall-optical.webp"; sourceTree = "<group>"; };
		F6DE6F8699481B9CA5BBDC2D /* current-desktop-gaming-pc.webp */ = {isa = PBXFileReference; includeInIndex = 1; path = "current-desktop-gaming-pc.webp"; sourceTree = "<group>"; };
		F86775F7570FCAE18DF22586 /* game-case-tall-optical.webp */ = {isa = PBXFileReference; includeInIndex = 1; path = "game-case-tall-optical.webp"; sourceTree = "<group>"; };
		FD874EB09D651E6CD0C951E5 /* console-tablet-hybrid.webp */ = {isa = PBXFileReference; includeInIndex = 1; path = "console-tablet-hybrid.webp"; sourceTree = "<group>"; };
		FF2EC6D4AD62BAC77348ECE2 /* AddGameView.swift */ = {isa = PBXFileReference; includeInIndex = 1; lastKnownFileType = sourcecode.swift; path = AddGameView.swift; sourceTree = "<group>"; };
/* End PBXFileReference section */

/* Begin PBXFrameworksBuildPhase section */
		14EF732D3096A6165DBA60D2 /* Frameworks */ = {
			isa = PBXFrameworksBuildPhase;
			buildActionMask = 2147483647;
			files = (
				DFC6CC85D2CA1CF4E8D24EF4 /* Foundation.framework in Frameworks */,
			);
			runOnlyForDeploymentPostprocessing = 0;
		};
		339957FE9AB5F0159C54F484 /* Frameworks */ = {
			isa = PBXFrameworksBuildPhase;
			buildActionMask = 2147483647;
			files = (
				A8C7A290AB387C5318CC2C8E /* Foundation.framework in Frameworks */,
			);
			runOnlyForDeploymentPostprocessing = 0;
		};
		E574C837C4B3EEC6E8E99963 /* Frameworks */ = {
			isa = PBXFrameworksBuildPhase;
			buildActionMask = 2147483647;
			files = (
			);
			runOnlyForDeploymentPostprocessing = 0;
		};
		E69825BAB34C8CFDD1F57620 /* Frameworks */ = {
			isa = PBXFrameworksBuildPhase;
			buildActionMask = 2147483647;
			files = (
				200C346CA5D00A68F1B4B90D /* Foundation.framework in Frameworks */,
			);
			runOnlyForDeploymentPostprocessing = 0;
		};
/* End PBXFrameworksBuildPhase section */

/* Begin PBXGroup section */
		1C1672EAB8AA718B2DF31F0B /* Settings */ = {
			isa = PBXGroup;
			children = (
				D2FF8D2B2469A05140C97DB6 /* CollectibleGalleryView.swift */,
				4487B5FBE5568B4B3DE99189 /* SettingsView.swift */,
			);
			name = Settings;
			path = Settings;
			sourceTree = "<group>";
		};
		1D5DB24F4B8FA48E799E1691 /* Onboarding */ = {
			isa = PBXGroup;
			children = (
				66FB429079B8E83F6D446F39 /* OnboardingView.swift */,
			);
			name = Onboarding;
			path = Onboarding;
			sourceTree = "<group>";
		};
		25715D10B803D907E6D81B19 /* Memory */ = {
			isa = PBXGroup;
			children = (
				6B5CA0918D7CE31D900A8379 /* MemoryHomeView.swift */,
			);
			name = Memory;
			path = Memory;
			sourceTree = "<group>";
		};
		26A78D61381BAB44A1F4431F /* Docs */ = {
			isa = PBXGroup;
			children = (
				83745349D75DCD28EF07E7A0 /* Catalog-API-Study.md */,
			);
			name = Docs;
			path = Docs;
			sourceTree = "<group>";
		};
		27E273951979EC4511E11B39 /* Features */ = {
			isa = PBXGroup;
			children = (
				3716722B3B7D4DE3EB070249 /* Games */,
				5C64BE1BC9813E4802AB4FFE /* Memory */,
				3E9DE32CAEF7CAF5DADE59B6 /* Moments */,
				1D5DB24F4B8FA48E799E1691 /* Onboarding */,
				33D5D678735F5D606EBDFE01 /* Settings */,
				CF46CCAAD054E7B1770DC9B6 /* Shelf */,
			);
			name = Features;
			path = Features;
			sourceTree = "<group>";
		};
		33D5D678735F5D606EBDFE01 /* Settings */ = {
			isa = PBXGroup;
			children = (
				EF72A7A9B58A658031D27608 /* CollectibleGalleryView.swift */,
				24752F964E51C9A449590C96 /* SettingsView.swift */,
			);
			name = Settings;
			path = Settings;
			sourceTree = "<group>";
		};
		3716722B3B7D4DE3EB070249 /* Games */ = {
			isa = PBXGroup;
			children = (
				2D2D2E78170FCED8B75D3B58 /* AddGameView.swift */,
				35CCCCEA68AA110737DDE96A /* GameDetailView.swift */,
				3381BAD66AC10ABB8CF3B49C /* GameObjectView.swift */,
			);
			name = Games;
			path = Games;
			sourceTree = "<group>";
		};
		3D32F6FCAB35E87797217ACA /* BackgroundAssetsExtension */ = {
			isa = PBXGroup;
			children = (
				A34EC123ABA46B12C27C2DF2 /* BackgroundAssetsExtension.entitlements */,
				AC83A1074DBB0DD898D07E04 /* DownloaderExtension.swift */,
				001F9A2DD5CCA3ACD5C262D1 /* Info.plist */,
			);
			name = BackgroundAssetsExtension;
			path = BackgroundAssetsExtension;
			sourceTree = "<group>";
		};
		3E9DE32CAEF7CAF5DADE59B6 /* Moments */ = {
			isa = PBXGroup;
			children = (
				396BC4B62A82984DD97ECD4B /* CaptureMomentView.swift */,
				875689678D52189B22DE4146 /* MomentDetailView.swift */,
			);
			name = Moments;
			path = Moments;
			sourceTree = "<group>";
		};
		406F6808AA02AF8D5C641580 /* UITests */ = {
			isa = PBXGroup;
			children = (
				E1CD3A3919B2B4B4633D3D7A /* GameRoomUITests.swift */,
			);
			name = UITests;
			path = UITests;
			sourceTree = "<group>";
		};
		4EFB5FB476844F1FDC21E667 /* Onboarding */ = {
			isa = PBXGroup;
			children = (
				7BEA2AD5B967181D4DD0C988 /* OnboardingView.swift */,
			);
			name = Onboarding;
			path = Onboarding;
			sourceTree = "<group>";
		};
		5C64BE1BC9813E4802AB4FFE /* Memory */ = {
			isa = PBXGroup;
			children = (
				1377A870213C676577192A20 /* MemoryHomeView.swift */,
			);
			name = Memory;
			path = Memory;
			sourceTree = "<group>";
		};
		60624C28169634F20D15FCF9 /* Collectibles */ = {
			isa = PBXGroup;
			children = (
				C19D63D32BBB17EA1343EB00 /* arcade-cabinet.webp */,
				994B6E8B803B0584192219C2 /* console-compact-card-based.webp */,
				83B758FDC900AEB1F91F3A66 /* console-compact-cube.webp */,
				E78D1B9FBBC350995CEFE424 /* console-disc-era-white.webp */,
				2BD80E21C05464A03EE2DB67 /* console-early-2000s-black.webp */,
				9FA234137E05BAA76B06D56B /* console-early-2000s-bold.webp */,
				1A4E57B23CF16455CCCEE23E /* console-late-2000s-glossy.webp */,
				57C0933F81CE97F23CD4C9DB /* console-late-2010s-flat.webp */,
				801803F760BA1BF9FA5FF420 /* console-mid-2000s-white.webp */,
				1102F5E4FE92632FD3A36379 /* console-motion-slim.webp */,
				43288676979A15637CAE2646 /* console-premium-cartridge.webp */,
				A910331114CD51CA4CF521BE /* console-tablet-hybrid.webp */,
				5C78B61D2D9BB85C42213168 /* console-woodgrain-classic.webp */,
				7A828EBF3836DEE27315F645 /* controller-disc-era-round.webp */,
				F462781C1D9CEEC1E903E464 /* controller-eight-bit-rectangular.webp */,
				ED86C54E0D1213BD67FE53C1 /* controller-late-2010s-symmetric.webp */,
				DDB85BE34601A780F1397AE6 /* controller-mid-1990s-dual-grip.webp */,
				99B2CE1C2DB80AE90F2D28BD /* controller-six-button-classic.webp */,
				31D3D2BDA5D0CCE6CC86EC46 /* controller-sixteen-bit-rounded.webp */,
				CDFDE50C44082680B616990D /* controller-three-prong.webp */,
				6AF58CA46C0C22654E984372 /* current-black-tower-console.webp */,
				27DDD6E3C62AF29E8B84C781 /* current-classic-hybrid-console.webp */,
				65D4DBDA392F682702D49F04 /* current-compact-digital-console.webp */,
				48A9E3A75669E32EB6704AFD /* current-desktop-gaming-pc.webp */,
				6A7309C1133A7A1239505CC2 /* current-gaming-laptop.webp */,
				12E9FC2584C021351A99BE15 /* current-handheld-gaming-pc.webp */,
				60ADFF27045E2B40BBD6D1AD /* current-mobile-gaming.webp */,
				0856687961863AB188FABE3E /* current-next-hybrid-console.webp */,
				0755A1CC0BBE77521584A844 /* current-sculptural-home-console.webp */,
				2E1F8697F135B1FA714C7F4A /* current-spatial-gaming-headset.webp */,
				45E3AF7DB233687F4F01B764 /* digital-library-card.webp */,
				D19E1D77D51591BD2C754D23 /* game-card-handheld.webp */,
				DE8662989BC6BA90E6E656D7 /* game-cartridge-eight-bit.webp */,
				3FD2A972CE464C3521BF760D /* game-cartridge-sixteen-bit.webp */,
				D79F02DC5187F16E10571727 /* game-case-slim-hybrid.webp */,
				F86775F7570FCAE18DF22586 /* game-case-tall-optical.webp */,
				7714E5128B5F386F9CFDD4F1 /* game-collector-box.webp */,
				72EAEB2377867512193CB6BD /* game-disc.webp */,
				5ACC6C395B199FC38FFA9713 /* handheld-color-vertical.webp */,
				C998F3DD414CFE321E0C51BC /* handheld-dual-screen-dimensional.webp */,
				E03B61995F56BCAA66E45A67 /* handheld-dual-screen.webp */,
				1AA90E2DD7E7090D4F8F9641 /* handheld-early-2000s-wide.webp */,
				11F890B9893C76389D733AF9 /* handheld-early-2010s-touch.webp */,
				7FD05387EFFFF8A13BFF618B /* handheld-landscape-classic.webp */,
				74DFD1F2221402CBAFF674BC /* handheld-mid-2000s-disc.webp */,
				2CDD043238FB4859DEA96D34 /* handheld-monochrome-vertical.webp */,
				90BE3D62C28929B0446D5E49 /* memory-card.webp */,
				DEF9440648514F20B1A035F2 /* moment-photo.webp */,
				32EBFB1CA70C1E4F7CB5A294 /* save-file-card.webp */,
			);
			name = Collectibles;
			path = Collectibles;
			sourceTree = "<group>";
		};
		715DD6D9A2C402D89C95894F /* DesignSystem */ = {
			isa = PBXGroup;
			children = (
				5FC62DECCA0090EA992C9EF8 /* AppTheme.swift */,
				10D3AF9469BDF05B0E7DB1D5 /* CollectibleAssetImage.swift */,
				4CA855AD25D2EEC19355F655 /* PlatformPicker.swift */,
				3D88EE059EEDAD156D48140D /* StoredImageView.swift */,
			);
			name = DesignSystem;
			path = DesignSystem;
			sourceTree = "<group>";
		};
		7C84676558994A2EFE98B9EE /* Services */ = {
			isa = PBXGroup;
			children = (
				13A4E97E9A80C4D3C3D6E16E /* CollectibleAssetRepository.swift */,
				0B6FCF6DA155AE21D51A03A1 /* ImagePipeline.swift */,
				9DDA34C822F433EA8054D5A3 /* NotificationScheduler.swift */,
			);
			name = Services;
			path = Services;
			sourceTree = "<group>";
		};
		84C7E75E97AA677D841C2DC2 /* Moments */ = {
			isa = PBXGroup;
			children = (
				7DE64DA63C421745D6C742E1 /* CaptureMomentView.swift */,
				AF2C47A6147FC6A14FEF835B /* MomentDetailView.swift */,
			);
			name = Moments;
			path = Moments;
			sourceTree = "<group>";
		};
		866D0C13FEC10A45989A9B22 /* Domain */ = {
			isa = PBXGroup;
			children = (
				A861AF643735EBAE5A150244 /* CollectibleAssets.swift */,
				329F764CECE66C0AC751E385 /* GameDomain.swift */,
				C2E6791DED311BC298CCA6EA /* Models.swift */,
			);
			name = Domain;
			path = Domain;
			sourceTree = "<group>";
		};
		8A62228B722B48AEBC2A146F /* Resources */ = {
			isa = PBXGroup;
			children = (
				60624C28169634F20D15FCF9 /* Collectibles */,
			);
			name = Resources;
			path = Resources;
			sourceTree = "<group>";
		};
		94B13B96B49CDC09B9084F51 /* Data */ = {
			isa = PBXGroup;
			children = (
				B95E330E2373A6F15A87F588 /* ModelContainerFactory.swift */,
			);
			name = Data;
			path = Data;
			sourceTree = "<group>";
		};
		C17085877F73F388A379357F /* AppShell */ = {
			isa = PBXGroup;
			children = (
				75546354386653F563C7E13F /* AppNavigationSplitView.swift */,
				68377309016EB9DF88A4BFFA /* AppRootView.swift */,
				9A827F8877845628D49A5028 /* GameRoomApp.swift */,
			);
			name = AppShell;
			path = AppShell;
			sourceTree = "<group>";
		};
		C72D98FEE4C1E9B3AD3A850B /* Widget */ = {
			isa = PBXGroup;
			children = (
				D229D8A642FE9420B284057A /* GameRoomWidget.swift */,
				5C13A8E54961986BEC0D6406 /* README.md */,
			);
			name = Widget;
			path = Widget;
			sourceTree = "<group>";
		};
		CBF7663B98726C31F4C2A4FF /* Collectibles */ = {
			isa = PBXGroup;
			children = (
				352BAF99C8F0CFF21E43D9C5 /* arcade-cabinet.webp */,
				03ECB59C9B4B6300976427E6 /* console-compact-card-based.webp */,
				909BB3B99C175938239B30EC /* console-compact-cube.webp */,
				EEFF417A36CDC0E20CED5C4A /* console-disc-era-white.webp */,
				320F8C0603DDBFF222EEAF63 /* console-early-2000s-black.webp */,
				2E4FBD67491F449D941CE5D7 /* console-early-2000s-bold.webp */,
				CFB43B482685C8E3B05940CC /* console-late-2000s-glossy.webp */,
				54AF1DCDE1F9B5685813CC38 /* console-late-2010s-flat.webp */,
				744D73C41673FAA016E5BED0 /* console-mid-2000s-white.webp */,
				D97A111DBAAF532A8943C735 /* console-motion-slim.webp */,
				122497622F7F56BB125ABE92 /* console-premium-cartridge.webp */,
				FD874EB09D651E6CD0C951E5 /* console-tablet-hybrid.webp */,
				9886D0F954FFFE5F328A70E4 /* console-woodgrain-classic.webp */,
				048C1F877F73D15F5A0FD271 /* controller-disc-era-round.webp */,
				D55530C6F12E851D3A8DCBCD /* controller-eight-bit-rectangular.webp */,
				63837C0B1D19FEF9F8079D47 /* controller-late-2010s-symmetric.webp */,
				50BAAD036180D7EF5D808131 /* controller-mid-1990s-dual-grip.webp */,
				92876E1046A0835C7A9B3CAB /* controller-six-button-classic.webp */,
				F665EDC877D2B1A574EC6812 /* controller-sixteen-bit-rounded.webp */,
				A1B52A5D50D9618C2EB159D8 /* controller-three-prong.webp */,
				32969B032717CA56A5F2A13F /* current-black-tower-console.webp */,
				D82BCD2A83E35ABB9D91C61C /* current-classic-hybrid-console.webp */,
				CC500675043091AD1DB92146 /* current-compact-digital-console.webp */,
				F6DE6F8699481B9CA5BBDC2D /* current-desktop-gaming-pc.webp */,
				84150F176514075987B7AACF /* current-gaming-laptop.webp */,
				0FE29F758B2072FC7CFA1166 /* current-handheld-gaming-pc.webp */,
				40BB96B1F79AD61CF2881820 /* current-mobile-gaming.webp */,
				01929C08A20F063CCD1A8394 /* current-next-hybrid-console.webp */,
				C86AF626CF087EEF31C72085 /* current-sculptural-home-console.webp */,
				E39C096B083A14B7F7DFBCF8 /* current-spatial-gaming-headset.webp */,
				8B8785C8E7F31B8647850A76 /* digital-library-card.webp */,
				BB1A85438E1B4F27E3B24E02 /* game-card-handheld.webp */,
				AFBC1BD9C6BDBA60C37F8017 /* game-cartridge-eight-bit.webp */,
				74B39149830CAED2F678ED77 /* game-cartridge-sixteen-bit.webp */,
				ADDC7BAB9FCCB533FBAE5071 /* game-case-slim-hybrid.webp */,
				F66983E7E662649C6A3AC07F /* game-case-tall-optical.webp */,
				E34A96B84AE37CBB1C1A8960 /* game-collector-box.webp */,
				5FE5277F2B6C52C6A0107077 /* game-disc.webp */,
				B1D39F982A74B5D4AB729155 /* handheld-color-vertical.webp */,
				6EA9DC8E80B2F9564C2ED77E /* handheld-dual-screen-dimensional.webp */,
				F20DEA95A91C3C9C1D8C8339 /* handheld-dual-screen.webp */,
				5AD1DD7720F250225A7FE405 /* handheld-early-2000s-wide.webp */,
				A137D70D956D48C6F2B83D99 /* handheld-early-2010s-touch.webp */,
				BA27C1D398B00ACCD9379FF5 /* handheld-landscape-classic.webp */,
				5827D1330AA51976B6EE6A22 /* handheld-mid-2000s-disc.webp */,
				47911A15E36D795073E5341D /* handheld-monochrome-vertical.webp */,
				57908007E4BDE4BC47C3664D /* memory-card.webp */,
				8D68C070EB4372DA50C82DFD /* moment-photo.webp */,
				DE01B99E4909F2F5A4AA35EA /* save-file-card.webp */,
			);
			name = Collectibles;
			path = Collectibles;
			sourceTree = "<group>";
		};
		CF46CCAAD054E7B1770DC9B6 /* Shelf */ = {
			isa = PBXGroup;
			children = (
				A0F1558AFF6074CE097FDA50 /* ShelfView.swift */,
			);
			name = Shelf;
			path = Shelf;
			sourceTree = "<group>";
		};
		D86DD516ADDC72EDCFAC92E8 /* Deferred */ = {
			isa = PBXGroup;
			children = (
				C72D98FEE4C1E9B3AD3A850B /* Widget */,
			);
			name = Deferred;
			path = Deferred;
			sourceTree = "<group>";
		};
		DB727812E189FD39D54A7E56 = {
			isa = PBXGroup;
			children = (
				E3C138378155B8422C0C859B /* Products */,
				EAAE628F85642883724A4944 /* App */,
				3D32F6FCAB35E87797217ACA /* BackgroundAssetsExtension */,
				F8257F7076F7C2EF3329C418 /* Tests */,
				406F6808AA02AF8D5C641580 /* UITests */,
				D86DD516ADDC72EDCFAC92E8 /* Deferred */,
				26A78D61381BAB44A1F4431F /* Docs */,
				5714F2733E9314706BCDB3B6 /* README.md */,
				F54FF3C6E51AF551EB024ECC /* Project.json */,
			);
			sourceTree = "<group>";
		};
		E3C138378155B8422C0C859B /* Products */ = {
			isa = PBXGroup;
			children = (
				0034DDED1E330B67F5230D94 /* Game Room.app */,
				3EEE4066C9F93F97064CC6DA /* Game RoomTests.xctest */,
				34A37916B85558AF3BFB84C8 /* Game RoomUITests.xctest */,
				5137DC755C0DA21F6F13E15C /* Game Room Background Assets.appex */,
			);
			name = Products;
			sourceTree = "<group>";
		};
		E48531DE3F4762DCC66EE3D4 /* Shelf */ = {
			isa = PBXGroup;
			children = (
				C6E3595FBF6BB22E3B93A614 /* ShelfView.swift */,
			);
			name = Shelf;
			path = Shelf;
			sourceTree = "<group>";
		};
		EAAE628F85642883724A4944 /* App */ = {
			isa = PBXGroup;
			children = (
				C17085877F73F388A379357F /* AppShell */,
				8248344CFD73016C9747F098 /* Assets.xcassets */,
				94B13B96B49CDC09B9084F51 /* Data */,
				715DD6D9A2C402D89C95894F /* DesignSystem */,
				866D0C13FEC10A45989A9B22 /* Domain */,
				27E273951979EC4511E11B39 /* Features */,
				4B92ACC27E359E73C9248A47 /* Info-macOS.plist */,
				0C60D0A4264EAFA8A8E92F09 /* Info.plist */,
				BC698AE8CA8EAE832D64641A /* New Project.entitlements */,
				8A62228B722B48AEBC2A146F /* Resources */,
				7C84676558994A2EFE98B9EE /* Services */,
			);
			name = App;
			path = App;
			sourceTree = "<group>";
		};
		F8257F7076F7C2EF3329C418 /* Tests */ = {
			isa = PBXGroup;
			children = (
				DA4381E623F8D4B2BDF5A56D /* GameRoomTests.swift */,
			);
			name = Tests;
			path = Tests;
			sourceTree = "<group>";
		};
		FB757BAD0899AC54612F9118 /* Games */ = {
			isa = PBXGroup;
			children = (
				FF2EC6D4AD62BAC77348ECE2 /* AddGameView.swift */,
				27432E93F81B0B86A46EF5ED /* GameDetailView.swift */,
				8110248410B6EA570034E3F5 /* GameObjectView.swift */,
			);
			name = Games;
			path = Games;
			sourceTree = "<group>";
		};
/* End PBXGroup section */

/* Begin PBXNativeTarget section */
		2EF1CB56EAE796BE9FFDC966 /* Game Room */ = {
			isa = PBXNativeTarget;
			buildConfigurationList = 20978472B67D69692401A1C7 /* Build configuration list for PBXNativeTarget "Game Room" */;
			buildPhases = (
				A91D19EF5D1DAFFACECD74F2 /* Sources */,
				041A869141EE24B6E29B531E /* Resources */,
				E574C837C4B3EEC6E8E99963 /* Frameworks */,
				F52FFCFC690AFB398CF3580F /* Embed Foundation Extensions */,
			);
			buildRules = (
			);
			dependencies = (
				404D2EC614E14F7EDE8A8A8B /* PBXTargetDependency */,
			);
			name = "Game Room";
			productName = "Game Room";
			productReference = 0034DDED1E330B67F5230D94 /* Game Room.app */;
			productType = "com.apple.product-type.application";
		};
		8B9D7070A9F4F3850930085D /* Game RoomTests */ = {
			isa = PBXNativeTarget;
			buildConfigurationList = 9AC6C36A0116CE90FA1EAED1 /* Build configuration list for PBXNativeTarget "Game RoomTests" */;
			buildPhases = (
				0165B8BB84AFCD84AB9B1CFC /* Sources */,
				14EF732D3096A6165DBA60D2 /* Frameworks */,
				E5FCD4CEDA85BB454478D70A /* Resources */,
			);
			buildRules = (
			);
			dependencies = (
				01CF5557AA77930AD8D8FF62 /* PBXTargetDependency */,
			);
			name = "Game RoomTests";
			productName = "Game RoomTests";
			productReference = 3EEE4066C9F93F97064CC6DA /* Game RoomTests.xctest */;
			productType = "com.apple.product-type.bundle.unit-test";
		};
		A017F963E0F79A0FFC963516 /* Game Room Background Assets */ = {
			isa = PBXNativeTarget;
			buildConfigurationList = 322DDD9E0C85C0D09BB4932E /* Build configuration list for PBXNativeTarget "Game Room Background Assets" */;
			buildPhases = (
				4C27DEA2F8746F51406EBD83 /* Sources */,
				339957FE9AB5F0159C54F484 /* Frameworks */,
				3B150150EEC3A1F896E0AC1A /* Resources */,
			);
			buildRules = (
			);
			dependencies = (
			);
			name = "Game Room Background Assets";
			productName = "Game Room Background Assets";
			productReference = 5137DC755C0DA21F6F13E15C /* Game Room Background Assets.appex */;
			productType = "com.apple.product-type.extensionkit-extension";
		};
		E0696A45C542BB8F5FA4F532 /* Game RoomUITests */ = {
			isa = PBXNativeTarget;
			buildConfigurationList = 21D3CED62DCC601FF8E7E3C3 /* Build configuration list for PBXNativeTarget "Game RoomUITests" */;
			buildPhases = (
				365675B989C36FA423435553 /* Sources */,
				E69825BAB34C8CFDD1F57620 /* Frameworks */,
				3A8FBBF4568223CE78BEF006 /* Resources */,
			);
			buildRules = (
			);
			dependencies = (
				80CD166917373CA73BB19D70 /* PBXTargetDependency */,
			);
			name = "Game RoomUITests";
			productName = "Game RoomUITests";
			productReference = 34A37916B85558AF3BFB84C8 /* Game RoomUITests.xctest */;
			productType = "com.apple.product-type.bundle.ui-testing";
		};
/* End PBXNativeTarget section */

/* Begin PBXProject section */
		482602070C375D64A58C4FAC /* Project object */ = {
			isa = PBXProject;
			attributes = {
				BuildIndependentTargetsInParallel = YES;
				LastUpgradeCheck = 1430;
				TargetAttributes = {
					2EF1CB56EAE796BE9FFDC966 = {
						SystemCapabilities = {
							com.apple.BackgroundModes = {
								enabled = 1;
							};
							com.apple.Push = {
								enabled = 1;
							};
							com.apple.iCloud = {
								enabled = 1;
							};
						};
					};
					A017F963E0F79A0FFC963516 = {
						SystemCapabilities = {
							com.apple.ApplicationGroups.iOS = {
								enabled = 1;
							};
						};
					};
				};
			};
			buildConfigurationList = EEA7B1360C077749B1BA5568 /* Build configuration list for PBXProject "Game Room" */;
			developmentRegion = en;
			hasScannedForEncodings = 0;
			knownRegions = (
				Base,
				en,
			);
			mainGroup = DB727812E189FD39D54A7E56;
			minimizedProjectReferenceProxies = 1;
			preferredProjectObjectVersion = 77;
			productRefGroup = E3C138378155B8422C0C859B /* Products */;
			projectDirPath = "";
			projectRoot = "";
			targets = (
				2EF1CB56EAE796BE9FFDC966 /* Game Room */,
				8B9D7070A9F4F3850930085D /* Game RoomTests */,
				E0696A45C542BB8F5FA4F532 /* Game RoomUITests */,
				A017F963E0F79A0FFC963516 /* Game Room Background Assets */,
			);
		};
/* End PBXProject section */

/* Begin PBXResourcesBuildPhase section */
		041A869141EE24B6E29B531E /* Resources */ = {
			isa = PBXResourcesBuildPhase;
			buildActionMask = 2147483647;
			files = (
				9ADF15B3FC49A050464697F9 /* Assets.xcassets in Resources */,
				E07BBE179FF3F1B6C00E6368 /* arcade-cabinet.webp in Resources */,
				A32F4E72F28A25C71C1509FE /* console-compact-card-based.webp in Resources */,
				36579D9B050A66AB195C475D /* console-compact-cube.webp in Resources */,
				51BB84E3281A243A081242EC /* console-disc-era-white.webp in Resources */,
				289B5612E5E4583B64B6CEB7 /* console-early-2000s-black.webp in Resources */,
				6667E280F39A74E5D8C469B6 /* console-early-2000s-bold.webp in Resources */,
				71577671360F5990CADAAE51 /* console-late-2000s-glossy.webp in Resources */,
				A48C79929A2212A6049BF0B4 /* console-late-2010s-flat.webp in Resources */,
				3946DCDA20AA0D5BEDDF2AC1 /* console-mid-2000s-white.webp in Resources */,
				1EE30A3CF2E02AD164714D50 /* console-motion-slim.webp in Resources */,
				EE25D70FE100A1D686D29FE0 /* console-premium-cartridge.webp in Resources */,
				5C6A8516B2DDE1E736422074 /* console-tablet-hybrid.webp in Resources */,
				A6400571D77920FEEA793680 /* console-woodgrain-classic.webp in Resources */,
				589D49D61F6127A67CCA023C /* controller-disc-era-round.webp in Resources */,
				81EADA8DC2531E517DAABDF9 /* controller-eight-bit-rectangular.webp in Resources */,
				2621BD2E8307F1D8FB3CCD12 /* controller-late-2010s-symmetric.webp in Resources */,
				206DADD098DEEB07786BCF92 /* controller-mid-1990s-dual-grip.webp in Resources */,
				4F866930EC65CF4DFE85CA25 /* controller-six-button-classic.webp in Resources */,
				C77E4CE222B26B49674AC0DE /* controller-sixteen-bit-rounded.webp in Resources */,
				FE0F6847295862898935ED16 /* controller-three-prong.webp in Resources */,
				8A8BE5BCC02F81B028D7C056 /* current-black-tower-console.webp in Resources */,
				1F3757DD03E419C9E0FF7EAD /* current-classic-hybrid-console.webp in Resources */,
				F6A24733B174940FEB83DBD3 /* current-compact-digital-console.webp in Resources */,
				8D6809EDCEF235DF3E999673 /* current-desktop-gaming-pc.webp in Resources */,
				3B471D0D0AE589D9ECD7C28C /* current-gaming-laptop.webp in Resources */,
				1DEBDA4503A571632F95ACF5 /* current-handheld-gaming-pc.webp in Resources */,
				1737F844BB661149375E5335 /* current-mobile-gaming.webp in Resources */,
				EAD30ABEEFF0488783E728F7 /* current-next-hybrid-console.webp in Resources */,
				2F2ECDE54CF0B528B9D52CBD /* current-sculptural-home-console.webp in Resources */,
				D3D9CD8DD393B1FDE0503FEA /* current-spatial-gaming-headset.webp in Resources */,
				6727DBC52514283B326703F7 /* digital-library-card.webp in Resources */,
				A81967E95E2784A4565786B5 /* game-card-handheld.webp in Resources */,
				EB1B385C8A5027BC4B378D8D /* game-cartridge-eight-bit.webp in Resources */,
				2C79137127E3787333D6016A /* game-cartridge-sixteen-bit.webp in Resources */,
				629AB8D683F6F1117DD51B5D /* game-case-slim-hybrid.webp in Resources */,
				85F516AA6BDF7DDC1F9DF9AB /* game-case-tall-optical.webp in Resources */,
				321117D9942E2F70BE3F4F68 /* game-collector-box.webp in Resources */,
				4445609194D45960D7D479C9 /* game-disc.webp in Resources */,
				39EE92A1A5E968282DD8B0C1 /* handheld-color-vertical.webp in Resources */,
				B7C324B1CA4D1FC07F8C9A0B /* handheld-dual-screen-dimensional.webp in Resources */,
				C4A77EE02BA86F7583D9881B /* handheld-dual-screen.webp in Resources */,
				72D8597CA57CCBBA86E28795 /* handheld-early-2000s-wide.webp in Resources */,
				D7B6C2BFDDF35E0973CA87A2 /* handheld-early-2010s-touch.webp in Resources */,
				EDE78055EAC861300B51B7B6 /* handheld-landscape-classic.webp in Resources */,
				2DC088930627628631AE39B7 /* handheld-mid-2000s-disc.webp in Resources */,
				3A442C6468B3837130FB6163 /* handheld-monochrome-vertical.webp in Resources */,
				A500568BC2619D68B72B6484 /* memory-card.webp in Resources */,
				0F79C6E75C21B0868AF0E8B4 /* moment-photo.webp in Resources */,
				B38CAC6318D3EC8CD6E8866C /* save-file-card.webp in Resources */,
			);
			runOnlyForDeploymentPostprocessing = 0;
		};
		3A8FBBF4568223CE78BEF006 /* Resources */ = {
			isa = PBXResourcesBuildPhase;
			buildActionMask = 2147483647;
			files = (
			);
			runOnlyForDeploymentPostprocessing = 0;
		};
		3B150150EEC3A1F896E0AC1A /* Resources */ = {
			isa = PBXResourcesBuildPhase;
			buildActionMask = 2147483647;
			files = (
			);
			runOnlyForDeploymentPostprocessing = 0;
		};
		E5FCD4CEDA85BB454478D70A /* Resources */ = {
			isa = PBXResourcesBuildPhase;
			buildActionMask = 2147483647;
			files = (
			);
			runOnlyForDeploymentPostprocessing = 0;
		};
/* End PBXResourcesBuildPhase section */

/* Begin PBXSourcesBuildPhase section */
		0165B8BB84AFCD84AB9B1CFC /* Sources */ = {
			isa = PBXSourcesBuildPhase;
			buildActionMask = 2147483647;
			files = (
				A7DFB940EA2A47B16B5A5D27 /* GameRoomTests.swift in Sources */,
			);
			runOnlyForDeploymentPostprocessing = 0;
		};
		365675B989C36FA423435553 /* Sources */ = {
			isa = PBXSourcesBuildPhase;
			buildActionMask = 2147483647;
			files = (
				C35ADE6EC3E094A203294B0F /* GameRoomUITests.swift in Sources */,
			);
			runOnlyForDeploymentPostprocessing = 0;
		};
		4C27DEA2F8746F51406EBD83 /* Sources */ = {
			isa = PBXSourcesBuildPhase;
			buildActionMask = 2147483647;
			files = (
				3ED3BC214CD05C7F7C1E8F7B /* DownloaderExtension.swift in Sources */,
			);
			runOnlyForDeploymentPostprocessing = 0;
		};
		A91D19EF5D1DAFFACECD74F2 /* Sources */ = {
			isa = PBXSourcesBuildPhase;
			buildActionMask = 2147483647;
			files = (
				51C21B9C4A77387E441C4394 /* AppNavigationSplitView.swift in Sources */,
				C631991E8B991C1DF5B06DEF /* AppRootView.swift in Sources */,
				9311A4339C69AA883104987F /* GameRoomApp.swift in Sources */,
				5F97719A09DCE3685D5384E2 /* ModelContainerFactory.swift in Sources */,
				93D840799E2827F871148403 /* AppTheme.swift in Sources */,
				8926D6D5345C2BFFC0ACD3C1 /* CollectibleAssetImage.swift in Sources */,
				4D504BD15588C4B45B619D19 /* PlatformPicker.swift in Sources */,
				CE9EC451FB9C2ED1BEBCB940 /* StoredImageView.swift in Sources */,
				E7EA4804A08050F33D942614 /* CollectibleAssets.swift in Sources */,
				31B2C0BDFA4A2B32D566F91D /* GameDomain.swift in Sources */,
				5D767B9B4A92E3552DD946B6 /* Models.swift in Sources */,
				9B2ECD0859F1DF3D72556442 /* AddGameView.swift in Sources */,
				AB3EFAA2052AC9179D1686B3 /* GameDetailView.swift in Sources */,
				01526667A0C585D3EFB3CD1E /* GameObjectView.swift in Sources */,
				F94ADF07091CB505F14D85AC /* MemoryHomeView.swift in Sources */,
				8EA2D9CE204536BA25DE4E81 /* CaptureMomentView.swift in Sources */,
				6A470785493EF2BD869F0F63 /* MomentDetailView.swift in Sources */,
				3997429FD2BFD46F6EDFBCA2 /* OnboardingView.swift in Sources */,
				2538CF2960BFA02DEC4CDC2C /* CollectibleGalleryView.swift in Sources */,
				A8DB27531142B840D02C1779 /* SettingsView.swift in Sources */,
				1B0F6273AB6B2E04D9970489 /* ShelfView.swift in Sources */,
				E4EBDB3822E0E19536F813B5 /* CollectibleAssetRepository.swift in Sources */,
				301CBC275CC12DB9E689B537 /* ImagePipeline.swift in Sources */,
				33ECCFDD7F72B2BBA1C92B82 /* NotificationScheduler.swift in Sources */,
			);
			runOnlyForDeploymentPostprocessing = 0;
		};
/* End PBXSourcesBuildPhase section */

/* Begin PBXTargetDependency section */
		01CF5557AA77930AD8D8FF62 /* PBXTargetDependency */ = {
			isa = PBXTargetDependency;
			name = "Game Room";
			target = 2EF1CB56EAE796BE9FFDC966 /* Game Room */;
			targetProxy = 357D90995EC5DD226F316D56 /* PBXContainerItemProxy */;
		};
		404D2EC614E14F7EDE8A8A8B /* PBXTargetDependency */ = {
			isa = PBXTargetDependency;
			name = "Game Room Background Assets";
			target = A017F963E0F79A0FFC963516 /* Game Room Background Assets */;
			targetProxy = 7023684BA5BD8E1D86A6AD63 /* PBXContainerItemProxy */;
		};
		80CD166917373CA73BB19D70 /* PBXTargetDependency */ = {
			isa = PBXTargetDependency;
			name = "Game Room";
			target = 2EF1CB56EAE796BE9FFDC966 /* Game Room */;
			targetProxy = 2E96A9D1C562174C1498D235 /* PBXContainerItemProxy */;
		};
/* End PBXTargetDependency section */

/* Begin XCBuildConfiguration section */
		31319C28E68D8202235D501A /* Release */ = {
			isa = XCBuildConfiguration;
			buildSettings = {
				CLANG_ENABLE_OBJC_WEAK = NO;
				GENERATE_INFOPLIST_FILE = YES;
				IPHONEOS_DEPLOYMENT_TARGET = 17.0;
				PRODUCT_BUNDLE_IDENTIFIER = com.vnrz.gameroom.uitests;
				SDKROOT = iphoneos;
				SWIFT_VERSION = 6.0;
				TARGETED_DEVICE_FAMILY = "1,2";
				TEST_TARGET_NAME = "Game Room";
				VALIDATE_PRODUCT = YES;
			};
			name = Release;
		};
		3179839862D08D565698081E /* Release */ = {
			isa = XCBuildConfiguration;
			buildSettings = {
				BUNDLE_LOADER = "$(TEST_HOST)";
				CLANG_ENABLE_OBJC_WEAK = NO;
				GENERATE_INFOPLIST_FILE = YES;
				IPHONEOS_DEPLOYMENT_TARGET = 17.0;
				PRODUCT_BUNDLE_IDENTIFIER = com.vnrz.gameroom.tests;
				SDKROOT = iphoneos;
				SWIFT_VERSION = 6.0;
				TARGETED_DEVICE_FAMILY = "1,2";
				TEST_HOST = "$(BUILT_PRODUCTS_DIR)/Game Room.app/$(BUNDLE_EXECUTABLE_FOLDER_PATH)/Game Room";
				VALIDATE_PRODUCT = YES;
			};
			name = Release;
		};
		36D3E44CB800230D098A61DA /* Debug */ = {
			isa = XCBuildConfiguration;
			buildSettings = {
				ASSETCATALOG_COMPILER_APPICON_NAME = AppIcon;
				ASSETCATALOG_COMPILER_GLOBAL_ACCENT_COLOR_NAME = AccentColor;
				CODE_SIGN_ENTITLEMENTS = "App/New Project.entitlements";
				CODE_SIGN_IDENTITY = "iPhone Developer";
				"CODE_SIGN_IDENTITY[sdk=macosx*]" = "-";
				CURRENT_PROJECT_VERSION = 1;
				GENERATE_INFOPLIST_FILE = NO;
				INFOPLIST_FILE = App/Info.plist;
				"INFOPLIST_FILE[sdk=macosx*]" = "App/Info-macOS.plist";
				"INFOPLIST_KEY_NSPrincipalClass[sdk=macosx*]" = NSApplication;
				IPHONEOS_DEPLOYMENT_TARGET = 17.0;
				LD_RUNPATH_SEARCH_PATHS = (
					"$(inherited)",
					"@executable_path/Frameworks",
				);
				MACOSX_DEPLOYMENT_TARGET = 14.0;
				MARKETING_VERSION = 1.0;
				OTHER_LDFLAGS = (
					"$(inherited)",
					"-weak_framework",
					BackgroundAssets,
				);
				PRODUCT_BUNDLE_IDENTIFIER = com.vnrz.gameroom;
				PRODUCT_NAME = "$(TARGET_NAME)";
				SDKROOT = auto;
				SUPPORTED_PLATFORMS = "iphoneos iphonesimulator macosx xros xrsimulator";
				SUPPORTS_MACCATALYST = NO;
				SUPPORTS_MAC_DESIGNED_FOR_IPHONE_IPAD = NO;
				SUPPORTS_XR_DESIGNED_FOR_IPHONE_IPAD = NO;
				SWIFT_VERSION = 6.0;
				TARGETED_DEVICE_FAMILY = "1,2,7";
				XROS_DEPLOYMENT_TARGET = 1.0;
			};
			name = Debug;
		};
		5A09DDCDE23B3D6544C9D797 /* Debug */ = {
			isa = XCBuildConfiguration;
			buildSettings = {
				BUNDLE_LOADER = "$(TEST_HOST)";
				CLANG_ENABLE_OBJC_WEAK = NO;
				GENERATE_INFOPLIST_FILE = YES;
				IPHONEOS_DEPLOYMENT_TARGET = 17.0;
				PRODUCT_BUNDLE_IDENTIFIER = com.vnrz.gameroom.tests;
				SDKROOT = iphoneos;
				SWIFT_VERSION = 6.0;
				TARGETED_DEVICE_FAMILY = "1,2";
				TEST_HOST = "$(BUILT_PRODUCTS_DIR)/Game Room.app/$(BUNDLE_EXECUTABLE_FOLDER_PATH)/Game Room";
			};
			name = Debug;
		};
		9FA9D585EC118C61D7506755 /* Debug */ = {
			isa = XCBuildConfiguration;
			buildSettings = {
				CLANG_ENABLE_OBJC_WEAK = NO;
				GENERATE_INFOPLIST_FILE = YES;
				IPHONEOS_DEPLOYMENT_TARGET = 17.0;
				PRODUCT_BUNDLE_IDENTIFIER = com.vnrz.gameroom.uitests;
				SDKROOT = iphoneos;
				SWIFT_VERSION = 6.0;
				TARGETED_DEVICE_FAMILY = "1,2";
				TEST_TARGET_NAME = "Game Room";
			};
			name = Debug;
		};
		B2EB04315749E84854DE2422 /* Release */ = {
			isa = XCBuildConfiguration;
			buildSettings = {
				ALWAYS_SEARCH_USER_PATHS = NO;
				CLANG_ANALYZER_NONNULL = YES;
				CLANG_ANALYZER_NUMBER_OBJECT_CONVERSION = YES_AGGRESSIVE;
				CLANG_CXX_LANGUAGE_STANDARD = "gnu++14";
				CLANG_CXX_LIBRARY = "libc++";
				CLANG_ENABLE_MODULES = YES;
				CLANG_ENABLE_OBJC_ARC = YES;
				CLANG_ENABLE_OBJC_WEAK = YES;
				CLANG_WARN_BLOCK_CAPTURE_AUTORELEASING = YES;
				CLANG_WARN_BOOL_CONVERSION = YES;
				CLANG_WARN_COMMA = YES;
				CLANG_WARN_CONSTANT_CONVERSION = YES;
				CLANG_WARN_DEPRECATED_OBJC_IMPLEMENTATIONS = YES;
				CLANG_WARN_DIRECT_OBJC_ISA_USAGE = YES_ERROR;
				CLANG_WARN_DOCUMENTATION_COMMENTS = YES;
				CLANG_WARN_EMPTY_BODY = YES;
				CLANG_WARN_ENUM_CONVERSION = YES;
				CLANG_WARN_INFINITE_RECURSION = YES;
				CLANG_WARN_INT_CONVERSION = YES;
				CLANG_WARN_NON_LITERAL_NULL_CONVERSION = YES;
				CLANG_WARN_OBJC_IMPLICIT_RETAIN_SELF = YES;
				CLANG_WARN_OBJC_LITERAL_CONVERSION = YES;
				CLANG_WARN_OBJC_ROOT_CLASS = YES_ERROR;
				CLANG_WARN_QUOTED_INCLUDE_IN_FRAMEWORK_HEADER = YES;
				CLANG_WARN_RANGE_LOOP_ANALYSIS = YES;
				CLANG_WARN_STRICT_PROTOTYPES = YES;
				CLANG_WARN_SUSPICIOUS_MOVE = YES;
				CLANG_WARN_UNGUARDED_AVAILABILITY = YES_AGGRESSIVE;
				CLANG_WARN_UNREACHABLE_CODE = YES;
				CLANG_WARN__DUPLICATE_METHOD_MATCH = YES;
				CODE_SIGN_IDENTITY = "-";
				COPY_PHASE_STRIP = NO;
				DEBUG_INFORMATION_FORMAT = "dwarf-with-dsym";
				ENABLE_NS_ASSERTIONS = NO;
				ENABLE_STRICT_OBJC_MSGSEND = YES;
				GCC_C_LANGUAGE_STANDARD = gnu11;
				GCC_NO_COMMON_BLOCKS = YES;
				GCC_WARN_64_TO_32_BIT_CONVERSION = YES;
				GCC_WARN_ABOUT_RETURN_TYPE = YES_ERROR;
				GCC_WARN_UNDECLARED_SELECTOR = YES;
				GCC_WARN_UNINITIALIZED_AUTOS = YES_AGGRESSIVE;
				GCC_WARN_UNUSED_FUNCTION = YES;
				GCC_WARN_UNUSED_VARIABLE = YES;
				MTL_ENABLE_DEBUG_INFO = NO;
				MTL_FAST_MATH = YES;
				PRODUCT_NAME = "$(TARGET_NAME)";
				SDKROOT = auto;
				SWIFT_COMPILATION_MODE = wholemodule;
				SWIFT_OPTIMIZATION_LEVEL = "-O";
				SWIFT_VERSION = 5.0;
			};
			name = Release;
		};
		B68739B76C07F5C93AB5429B /* Debug */ = {
			isa = XCBuildConfiguration;
			buildSettings = {
				ALWAYS_SEARCH_USER_PATHS = NO;
				CLANG_ANALYZER_NONNULL = YES;
				CLANG_ANALYZER_NUMBER_OBJECT_CONVERSION = YES_AGGRESSIVE;
				CLANG_CXX_LANGUAGE_STANDARD = "gnu++14";
				CLANG_CXX_LIBRARY = "libc++";
				CLANG_ENABLE_MODULES = YES;
				CLANG_ENABLE_OBJC_ARC = YES;
				CLANG_ENABLE_OBJC_WEAK = YES;
				CLANG_WARN_BLOCK_CAPTURE_AUTORELEASING = YES;
				CLANG_WARN_BOOL_CONVERSION = YES;
				CLANG_WARN_COMMA = YES;
				CLANG_WARN_CONSTANT_CONVERSION = YES;
				CLANG_WARN_DEPRECATED_OBJC_IMPLEMENTATIONS = YES;
				CLANG_WARN_DIRECT_OBJC_ISA_USAGE = YES_ERROR;
				CLANG_WARN_DOCUMENTATION_COMMENTS = YES;
				CLANG_WARN_EMPTY_BODY = YES;
				CLANG_WARN_ENUM_CONVERSION = YES;
				CLANG_WARN_INFINITE_RECURSION = YES;
				CLANG_WARN_INT_CONVERSION = YES;
				CLANG_WARN_NON_LITERAL_NULL_CONVERSION = YES;
				CLANG_WARN_OBJC_IMPLICIT_RETAIN_SELF = YES;
				CLANG_WARN_OBJC_LITERAL_CONVERSION = YES;
				CLANG_WARN_OBJC_ROOT_CLASS = YES_ERROR;
				CLANG_WARN_QUOTED_INCLUDE_IN_FRAMEWORK_HEADER = YES;
				CLANG_WARN_RANGE_LOOP_ANALYSIS = YES;
				CLANG_WARN_STRICT_PROTOTYPES = YES;
				CLANG_WARN_SUSPICIOUS_MOVE = YES;
				CLANG_WARN_UNGUARDED_AVAILABILITY = YES_AGGRESSIVE;
				CLANG_WARN_UNREACHABLE_CODE = YES;
				CLANG_WARN__DUPLICATE_METHOD_MATCH = YES;
				CODE_SIGN_IDENTITY = "-";
				COPY_PHASE_STRIP = NO;
				DEBUG_INFORMATION_FORMAT = dwarf;
				ENABLE_STRICT_OBJC_MSGSEND = YES;
				ENABLE_TESTABILITY = YES;
				GCC_C_LANGUAGE_STANDARD = gnu11;
				GCC_DYNAMIC_NO_PIC = NO;
				GCC_NO_COMMON_BLOCKS = YES;
				GCC_OPTIMIZATION_LEVEL = 0;
				GCC_PREPROCESSOR_DEFINITIONS = (
					"$(inherited)",
					"DEBUG=1",
				);
				GCC_WARN_64_TO_32_BIT_CONVERSION = YES;
				GCC_WARN_ABOUT_RETURN_TYPE = YES_ERROR;
				GCC_WARN_UNDECLARED_SELECTOR = YES;
				GCC_WARN_UNINITIALIZED_AUTOS = YES_AGGRESSIVE;
				GCC_WARN_UNUSED_FUNCTION = YES;
				GCC_WARN_UNUSED_VARIABLE = YES;
				MTL_ENABLE_DEBUG_INFO = INCLUDE_SOURCE;
				MTL_FAST_MATH = YES;
				ONLY_ACTIVE_ARCH = YES;
				PRODUCT_NAME = "$(TARGET_NAME)";
				SDKROOT = auto;
				SWIFT_ACTIVE_COMPILATION_CONDITIONS = DEBUG;
				SWIFT_OPTIMIZATION_LEVEL = "-Onone";
				SWIFT_VERSION = 5.0;
			};
			name = Debug;
		};
		DAAEF41A2CBA08EE184BF785 /* Release */ = {
			isa = XCBuildConfiguration;
			buildSettings = {
				APPLICATION_EXTENSION_API_ONLY = YES;
				CLANG_ENABLE_OBJC_WEAK = NO;
				CODE_SIGN_ENTITLEMENTS = BackgroundAssetsExtension/BackgroundAssetsExtension.entitlements;
				CURRENT_PROJECT_VERSION = 1;
				GENERATE_INFOPLIST_FILE = NO;
				INFOPLIST_FILE = BackgroundAssetsExtension/Info.plist;
				IPHONEOS_DEPLOYMENT_TARGET = 26.0;
				MACOSX_DEPLOYMENT_TARGET = 26.0;
				MARKETING_VERSION = 1.0;
				PRODUCT_BUNDLE_IDENTIFIER = "com.vnrz.gameroom.background-assets";
				PRODUCT_NAME = "$(TARGET_NAME)";
				SDKROOT = auto;
				SKIP_INSTALL = YES;
				SUPPORTED_PLATFORMS = "iphoneos iphonesimulator";
				SWIFT_VERSION = 6.0;
				TARGETED_DEVICE_FAMILY = "1,2";
				VALIDATE_PRODUCT = YES;
				XROS_DEPLOYMENT_TARGET = 26.0;
			};
			name = Release;
		};
		E1F381BDE51F9C6913B2318F /* Release */ = {
			isa = XCBuildConfiguration;
			buildSettings = {
				ASSETCATALOG_COMPILER_APPICON_NAME = AppIcon;
				ASSETCATALOG_COMPILER_GLOBAL_ACCENT_COLOR_NAME = AccentColor;
				CODE_SIGN_ENTITLEMENTS = "App/New Project.entitlements";
				CODE_SIGN_IDENTITY = "iPhone Developer";
				"CODE_SIGN_IDENTITY[sdk=macosx*]" = "-";
				CURRENT_PROJECT_VERSION = 1;
				GENERATE_INFOPLIST_FILE = NO;
				INFOPLIST_FILE = App/Info.plist;
				"INFOPLIST_FILE[sdk=macosx*]" = "App/Info-macOS.plist";
				"INFOPLIST_KEY_NSPrincipalClass[sdk=macosx*]" = NSApplication;
				IPHONEOS_DEPLOYMENT_TARGET = 17.0;
				LD_RUNPATH_SEARCH_PATHS = (
					"$(inherited)",
					"@executable_path/Frameworks",
				);
				MACOSX_DEPLOYMENT_TARGET = 14.0;
				MARKETING_VERSION = 1.0;
				OTHER_LDFLAGS = (
					"$(inherited)",
					"-weak_framework",
					BackgroundAssets,
				);
				PRODUCT_BUNDLE_IDENTIFIER = com.vnrz.gameroom;
				PRODUCT_NAME = "$(TARGET_NAME)";
				SDKROOT = auto;
				SUPPORTED_PLATFORMS = "iphoneos iphonesimulator";
				SUPPORTS_MACCATALYST = NO;
				SUPPORTS_MAC_DESIGNED_FOR_IPHONE_IPAD = NO;
				SUPPORTS_XR_DESIGNED_FOR_IPHONE_IPAD = NO;
				SWIFT_VERSION = 6.0;
				TARGETED_DEVICE_FAMILY = "1,2";
				XROS_DEPLOYMENT_TARGET = 1.0;
			};
			name = Release;
		};
		F0B1419848DCE9A491C2B23E /* Debug */ = {
			isa = XCBuildConfiguration;
			buildSettings = {
				APPLICATION_EXTENSION_API_ONLY = YES;
				CLANG_ENABLE_OBJC_WEAK = NO;
				CODE_SIGN_ENTITLEMENTS = BackgroundAssetsExtension/BackgroundAssetsExtension.entitlements;
				CURRENT_PROJECT_VERSION = 1;
				GENERATE_INFOPLIST_FILE = NO;
				INFOPLIST_FILE = BackgroundAssetsExtension/Info.plist;
				IPHONEOS_DEPLOYMENT_TARGET = 26.0;
				MACOSX_DEPLOYMENT_TARGET = 26.0;
				MARKETING_VERSION = 1.0;
				PRODUCT_BUNDLE_IDENTIFIER = "com.vnrz.gameroom.background-assets";
				PRODUCT_NAME = "$(TARGET_NAME)";
				SDKROOT = auto;
				SKIP_INSTALL = YES;
				SUPPORTED_PLATFORMS = "iphoneos iphonesimulator macosx xros xrsimulator";
				SWIFT_VERSION = 6.0;
				TARGETED_DEVICE_FAMILY = "1,2,7";
				XROS_DEPLOYMENT_TARGET = 26.0;
			};
			name = Debug;
		};
/* End XCBuildConfiguration section */

/* Begin XCConfigurationList section */
		20978472B67D69692401A1C7 /* Build configuration list for PBXNativeTarget "Game Room" */ = {
			isa = XCConfigurationList;
			buildConfigurations = (
				36D3E44CB800230D098A61DA /* Debug */,
				E1F381BDE51F9C6913B2318F /* Release */,
			);
			defaultConfigurationIsVisible = 0;
			defaultConfigurationName = Debug;
		};
		21D3CED62DCC601FF8E7E3C3 /* Build configuration list for PBXNativeTarget "Game RoomUITests" */ = {
			isa = XCConfigurationList;
			buildConfigurations = (
				31319C28E68D8202235D501A /* Release */,
				9FA9D585EC118C61D7506755 /* Debug */,
			);
			defaultConfigurationIsVisible = 0;
			defaultConfigurationName = Release;
		};
		322DDD9E0C85C0D09BB4932E /* Build configuration list for PBXNativeTarget "Game Room Background Assets" */ = {
			isa = XCConfigurationList;
			buildConfigurations = (
				DAAEF41A2CBA08EE184BF785 /* Release */,
				F0B1419848DCE9A491C2B23E /* Debug */,
			);
			defaultConfigurationIsVisible = 0;
			defaultConfigurationName = Release;
		};
		9AC6C36A0116CE90FA1EAED1 /* Build configuration list for PBXNativeTarget "Game RoomTests" */ = {
			isa = XCConfigurationList;
			buildConfigurations = (
				3179839862D08D565698081E /* Release */,
				5A09DDCDE23B3D6544C9D797 /* Debug */,
			);
			defaultConfigurationIsVisible = 0;
			defaultConfigurationName = Release;
		};
		EEA7B1360C077749B1BA5568 /* Build configuration list for PBXProject "Game Room" */ = {
			isa = XCConfigurationList;
			buildConfigurations = (
				B68739B76C07F5C93AB5429B /* Debug */,
				B2EB04315749E84854DE2422 /* Release */,
			);
			defaultConfigurationIsVisible = 0;
			defaultConfigurationName = Debug;
		};
/* End XCConfigurationList section */
	};
	rootObject = 482602070C375D64A58C4FAC /* Project object */;
}
