// !$*UTF8*$!
{
	archiveVersion = 1;
	classes = {
	};
	objectVersion = 77;
	objects = {

/* Begin PBXBuildFile section */
		017F4F8D7C5EBB741F15F2CD /* controller-mid-1990s-dual-grip.webp in Resources */ = {isa = PBXBuildFile; fileRef = 820B5DD87F96BC558C4682DD /* controller-mid-1990s-dual-grip.webp */; };
		021513DFB2C673B071ACA2F1 /* AppRootView.swift in Sources */ = {isa = PBXBuildFile; fileRef = 1713DF9634D6E7B40852DDBD /* AppRootView.swift */; };
		041140C659F48F8F46842FCF /* OnboardingView.swift in Sources */ = {isa = PBXBuildFile; fileRef = 7A40CC89AA63B8E00C6A8206 /* OnboardingView.swift */; };
		0440AB0A5A66F33A9B469F0A /* CollectibleAssetImage.swift in Sources */ = {isa = PBXBuildFile; fileRef = DA27EF66C464DA39B2290FB6 /* CollectibleAssetImage.swift */; };
		08F5F9715AE395289CFBFB3F /* handheld-early-2000s-wide.webp in Resources */ = {isa = PBXBuildFile; fileRef = 05F170ED7689F173686B01D7 /* handheld-early-2000s-wide.webp */; };
		0DE4475B999584350D2E3086 /* current-gaming-laptop.webp in Resources */ = {isa = PBXBuildFile; fileRef = 7E6614C1464C988A7E84C761 /* current-gaming-laptop.webp */; };
		0E1022A4C37F27DD5ACEF71D /* handheld-monochrome-vertical.webp in Resources */ = {isa = PBXBuildFile; fileRef = 242DAD243FBEFE1B0FA02D07 /* handheld-monochrome-vertical.webp */; };
		13D0834A8981D4C0333DC1C7 /* console-compact-card-based.webp in Resources */ = {isa = PBXBuildFile; fileRef = 1B8A7FE3CC0F65530B7ACE1D /* console-compact-card-based.webp */; };
		143F7FC6B6461978189401E5 /* handheld-dual-screen.webp in Resources */ = {isa = PBXBuildFile; fileRef = 6FAB7CFCFF5230056325B366 /* handheld-dual-screen.webp */; };
		14A0ED0F0C035FB8D7D1DBE1 /* GameDetailView.swift in Sources */ = {isa = PBXBuildFile; fileRef = 479A0931E100D1648BDADA87 /* GameDetailView.swift */; };
		1636CC496D079689340EC0CE /* console-early-2000s-black.webp in Resources */ = {isa = PBXBuildFile; fileRef = 8F90D07AD962F0BE8231E3EF /* console-early-2000s-black.webp */; };
		173E3A6DF8C031118F0B22FF /* Game Room Background Assets.appex in Embed Foundation Extensions */ = {isa = PBXBuildFile; fileRef = 5137DC755C0DA21F6F13E15C /* Game Room Background Assets.appex */; settings = {ATTRIBUTES = (CodeSignOnCopy, RemoveHeadersOnCopy, ); }; };
		18D72B4CFE01CCE28C0F7EAA /* memory-card.webp in Resources */ = {isa = PBXBuildFile; fileRef = D7DDE7285F8943478BE99903 /* memory-card.webp */; };
		200C346CA5D00A68F1B4B90D /* Foundation.framework in Frameworks */ = {isa = PBXBuildFile; fileRef = 9DA51709A312BD3E32AA279F /* Foundation.framework */; };
		26CABF3C6C9CACD15B8D80D4 /* console-compact-cube.webp in Resources */ = {isa = PBXBuildFile; fileRef = EC3A9ADCB02B635F11C6762E /* console-compact-cube.webp */; };
		28C0E36E0159366C36097D32 /* current-mobile-gaming.webp in Resources */ = {isa = PBXBuildFile; fileRef = E6DCD06F6850FDE86A93C161 /* current-mobile-gaming.webp */; };
		317ACCD2D4838C5B549FCDC2 /* current-spatial-gaming-headset.webp in Resources */ = {isa = PBXBuildFile; fileRef = BCE1EB7256471D7833459950 /* current-spatial-gaming-headset.webp */; };
		39943776B20DAE3E372AD213 /* game-case-tall-optical.webp in Resources */ = {isa = PBXBuildFile; fileRef = C388E08F715F9EF1B7ADCDA0 /* game-case-tall-optical.webp */; };
		3CB14B689D0F03A2F826F682 /* controller-disc-era-round.webp in Resources */ = {isa = PBXBuildFile; fileRef = 661C209BD466F61373D4D04A /* controller-disc-era-round.webp */; };
		3DD7474A5431CC3AC19F5C97 /* SettingsView.swift in Sources */ = {isa = PBXBuildFile; fileRef = 5949D93ED08F6A508454180F /* SettingsView.swift */; };
		45A6177F6FD14D246D7552E5 /* controller-six-button-classic.webp in Resources */ = {isa = PBXBuildFile; fileRef = AE6AC557EF70D61FCA25304B /* controller-six-button-classic.webp */; };
		467C0486122C37147731A6CE /* save-file-card.webp in Resources */ = {isa = PBXBuildFile; fileRef = D8ED7905D91C05FC228C590A /* save-file-card.webp */; };
		47C388A0C37A6F504D7B04B7 /* AppTheme.swift in Sources */ = {isa = PBXBuildFile; fileRef = 9265B6980D241E8E373D645A /* AppTheme.swift */; };
		49ED6DBBF4E01600E4EBDA6E /* handheld-landscape-classic.webp in Resources */ = {isa = PBXBuildFile; fileRef = C14B53F4CE4686F53D308036 /* handheld-landscape-classic.webp */; };
		4E456656F67CCD317B7D3ECB /* controller-eight-bit-rectangular.webp in Resources */ = {isa = PBXBuildFile; fileRef = B4E387D596FE200FE0C685DB /* controller-eight-bit-rectangular.webp */; };
		53D7B4FE4B60AE08371DAC08 /* ModelContainerFactory.swift in Sources */ = {isa = PBXBuildFile; fileRef = F72B05E91E46F55B38DBF7E2 /* ModelContainerFactory.swift */; };
		542D3B8815798D20E95A4F71 /* PlatformPicker.swift in Sources */ = {isa = PBXBuildFile; fileRef = FA6C8A8E48544214AEEF776F /* PlatformPicker.swift */; };
		584C59D5A7A361EF5ED0574A /* GameRoomApp.swift in Sources */ = {isa = PBXBuildFile; fileRef = 3D2AAFF4BD59659F897F74B1 /* GameRoomApp.swift */; };
		599F047DF1F2C4914453AA75 /* game-card-handheld.webp in Resources */ = {isa = PBXBuildFile; fileRef = 4E94D8623D838F560122A7F5 /* game-card-handheld.webp */; };
		5E6F79D914CB3DE76818FF6F /* current-black-tower-console.webp in Resources */ = {isa = PBXBuildFile; fileRef = AE33A7BAA6699DBCA14E1D7F /* current-black-tower-console.webp */; };
		60ACF45A3C87756CA29B4562 /* CollectibleAssetRepository.swift in Sources */ = {isa = PBXBuildFile; fileRef = A55AFD3ADF53E21C4370747E /* CollectibleAssetRepository.swift */; };
		68F243C7127ECB5E654061F4 /* Assets.xcassets in Resources */ = {isa = PBXBuildFile; fileRef = 8B283B13F8909F98A8DD5A27 /* Assets.xcassets */; };
		6E1E37BCF714B69021102FC6 /* controller-sixteen-bit-rounded.webp in Resources */ = {isa = PBXBuildFile; fileRef = 62354FF2D13A27A235C1EECD /* controller-sixteen-bit-rounded.webp */; };
		73E8338BC9AF5DD0794460BC /* current-classic-hybrid-console.webp in Resources */ = {isa = PBXBuildFile; fileRef = D9369551BCFCBD3E656203BE /* current-classic-hybrid-console.webp */; };
		76CFF4CA84D486FCB1DD19B7 /* game-collector-box.webp in Resources */ = {isa = PBXBuildFile; fileRef = C856BE660DBE97664773F5F9 /* game-collector-box.webp */; };
		787B357C7DC7B30D4E33FF24 /* console-late-2000s-glossy.webp in Resources */ = {isa = PBXBuildFile; fileRef = 6C7FBEC9C55FC45500A17280 /* console-late-2000s-glossy.webp */; };
		79A35B138A4280C130921712 /* GameDomain.swift in Sources */ = {isa = PBXBuildFile; fileRef = 31895763FEB5A2AAB7F4D734 /* GameDomain.swift */; };
		7F8F604A628A33181C86E55B /* DownloaderExtension.swift in Sources */ = {isa = PBXBuildFile; fileRef = 8609F133768F35A62BEF985E /* DownloaderExtension.swift */; };
		82E94BE7D9B0343B850DF976 /* arcade-cabinet.webp in Resources */ = {isa = PBXBuildFile; fileRef = 151F99ABB78BBB71A14A90FE /* arcade-cabinet.webp */; };
		837380A4E9AAC07A9E0AF17C /* controller-three-prong.webp in Resources */ = {isa = PBXBuildFile; fileRef = 2F16863CA887E610B7B204D3 /* controller-three-prong.webp */; };
		8DFEDB356CAA1608CD70B704 /* controller-late-2010s-symmetric.webp in Resources */ = {isa = PBXBuildFile; fileRef = 03676A10C92BFA1FA07477CC /* controller-late-2010s-symmetric.webp */; };
		91FBC9D65CE975B4D49C5B6B /* MemoryHomeView.swift in Sources */ = {isa = PBXBuildFile; fileRef = DE10EF88F83C16C26E111E85 /* MemoryHomeView.swift */; };
		940FE712FF1A0F916A8DE213 /* console-woodgrain-classic.webp in Resources */ = {isa = PBXBuildFile; fileRef = 96B696C4A4EC2C40F52FB57D /* console-woodgrain-classic.webp */; };
		948B045D4A135C8281839890 /* game-cartridge-eight-bit.webp in Resources */ = {isa = PBXBuildFile; fileRef = 5B48C77AE094F1B0181E5733 /* game-cartridge-eight-bit.webp */; };
		96CE58356A3050E2E3FBA425 /* ImagePipeline.swift in Sources */ = {isa = PBXBuildFile; fileRef = 1E5943110DFED8089B5145C6 /* ImagePipeline.swift */; };
		97C2B6C9E4C85191787F5B1A /* current-desktop-gaming-pc.webp in Resources */ = {isa = PBXBuildFile; fileRef = 98B250B63062439E185F47EB /* current-desktop-gaming-pc.webp */; };
		981E47F8BD8906B979D212E8 /* current-sculptural-home-console.webp in Resources */ = {isa = PBXBuildFile; fileRef = BE20D70E7D574662E9F615C2 /* current-sculptural-home-console.webp */; };
		9968CA269C4433F34928C62E /* game-case-slim-hybrid.webp in Resources */ = {isa = PBXBuildFile; fileRef = 4D333F98729C72F3D87C3604 /* game-case-slim-hybrid.webp */; };
		9A55E11B3FAD1DA0EC5806C2 /* console-mid-2000s-white.webp in Resources */ = {isa = PBXBuildFile; fileRef = 9DB817679B5E55D3CDC13E1E /* console-mid-2000s-white.webp */; };
		A12C69DBF8C98CB29F6F5F68 /* CollectibleAssets.swift in Sources */ = {isa = PBXBuildFile; fileRef = 5C0230DC8B704015FFE445D3 /* CollectibleAssets.swift */; };
		A3A6FB1159E17CD1131D6821 /* game-disc.webp in Resources */ = {isa = PBXBuildFile; fileRef = 4063974600D8BCB5BCA81BFF /* game-disc.webp */; };
		A8BF784629E77FF563FCA1F3 /* console-motion-slim.webp in Resources */ = {isa = PBXBuildFile; fileRef = 85FA178A1EDBA4F2EC28188C /* console-motion-slim.webp */; };
		A8C7A290AB387C5318CC2C8E /* Foundation.framework in Frameworks */ = {isa = PBXBuildFile; fileRef = 0079A0C7719B8ABA58E9EDAA /* Foundation.framework */; };
		AB0F6EA85D3B04F675A496D0 /* handheld-dual-screen-dimensional.webp in Resources */ = {isa = PBXBuildFile; fileRef = 99EE9135B7FEBF2EBF85C682 /* handheld-dual-screen-dimensional.webp */; };
		ABC2DC8166C016EF8A20A695 /* handheld-color-vertical.webp in Resources */ = {isa = PBXBuildFile; fileRef = 9109A6E8F23B173EF0BEEF7E /* handheld-color-vertical.webp */; };
		AEBA2D6C20DF2E034B6C3E64 /* GameRoomTests.swift in Sources */ = {isa = PBXBuildFile; fileRef = 9C778F31D3AE3F74CD99BC05 /* GameRoomTests.swift */; };
		AFC6DC657205ABF0F69B17C2 /* CollectibleGalleryView.swift in Sources */ = {isa = PBXBuildFile; fileRef = F97AE51CD40D30A33D85A7EA /* CollectibleGalleryView.swift */; };
		B01D63665981EC1DE6BBBBEC /* console-late-2010s-flat.webp in Resources */ = {isa = PBXBuildFile; fileRef = 55C27E18320717015FB8159C /* console-late-2010s-flat.webp */; };
		B138C320006F13916CF7B48F /* GameRoomUITests.swift in Sources */ = {isa = PBXBuildFile; fileRef = 5786E4DEF003803C7E274617 /* GameRoomUITests.swift */; };
		B3184F77959DE86ACE93D2FF /* CaptureMomentView.swift in Sources */ = {isa = PBXBuildFile; fileRef = E937959C6561EECF8D9CEE0D /* CaptureMomentView.swift */; };
		B482D5316315A4A5B8BB252F /* digital-library-card.webp in Resources */ = {isa = PBXBuildFile; fileRef = 54696B404E3E2E427CDD1CD5 /* digital-library-card.webp */; };
		B82DB631B84D6B91395E891E /* console-early-2000s-bold.webp in Resources */ = {isa = PBXBuildFile; fileRef = B1B0BF154C74D0F802F996EB /* console-early-2000s-bold.webp */; };
		BBB0539FE7DE9C966CF8CBBE /* AddGameView.swift in Sources */ = {isa = PBXBuildFile; fileRef = 38FE85570D948384550C5E15 /* AddGameView.swift */; };
		BE028FECA9C1A4797E4F5BF3 /* handheld-early-2010s-touch.webp in Resources */ = {isa = PBXBuildFile; fileRef = 9B72B82384A69D28305A92CD /* handheld-early-2010s-touch.webp */; };
		C43998007A972B602B01FD02 /* current-next-hybrid-console.webp in Resources */ = {isa = PBXBuildFile; fileRef = 022E8D1511E4397CC6654EB2 /* current-next-hybrid-console.webp */; };
		C66073845E583F97DD80E251 /* StoredImageView.swift in Sources */ = {isa = PBXBuildFile; fileRef = 7C2FE358301E08A93F8350C9 /* StoredImageView.swift */; };
		CB8F99C8875E61DDE7F3DF0F /* NotificationScheduler.swift in Sources */ = {isa = PBXBuildFile; fileRef = 5ACA665F7F89B16F4D35D03B /* NotificationScheduler.swift */; };
		CD0A6B88FE90DB4A6481B60A /* ShelfView.swift in Sources */ = {isa = PBXBuildFile; fileRef = 013174E130CFAA83C75DD635 /* ShelfView.swift */; };
		CF9E2088394A8DD5B2A7F523 /* current-compact-digital-console.webp in Resources */ = {isa = PBXBuildFile; fileRef = 4102DD79EE0E8C7BF327F39F /* current-compact-digital-console.webp */; };
		D065EFC6219B9AC5290CF96A /* MomentDetailView.swift in Sources */ = {isa = PBXBuildFile; fileRef = 85A59A456E7A4D0AA177467B /* MomentDetailView.swift */; };
		D4F953C8C80BA78B33183E92 /* console-disc-era-white.webp in Resources */ = {isa = PBXBuildFile; fileRef = 353EA814EF4AF5ED0B2833FD /* console-disc-era-white.webp */; };
		D51D6685FF15560973264B8D /* GameObjectView.swift in Sources */ = {isa = PBXBuildFile; fileRef = A51C4B421186E17775D30E52 /* GameObjectView.swift */; };
		D572CB4C97E820E98E4F0849 /* current-handheld-gaming-pc.webp in Resources */ = {isa = PBXBuildFile; fileRef = DCBA37E5E4F41226B4B53CC1 /* current-handheld-gaming-pc.webp */; };
		D69329714EAC360CF46AC5DB /* handheld-mid-2000s-disc.webp in Resources */ = {isa = PBXBuildFile; fileRef = 4CD88D6A81B28DC474E354BA /* handheld-mid-2000s-disc.webp */; };
		DFC6CC85D2CA1CF4E8D24EF4 /* Foundation.framework in Frameworks */ = {isa = PBXBuildFile; fileRef = 9DA51709A312BD3E32AA279F /* Foundation.framework */; };
		E663CCDDB3CAA2F67EFB667D /* console-premium-cartridge.webp in Resources */ = {isa = PBXBuildFile; fileRef = D8A321B4E5D4545DFC9C778A /* console-premium-cartridge.webp */; };
		E8582E4B29851F64ED345BCE /* Models.swift in Sources */ = {isa = PBXBuildFile; fileRef = AA30F76649205B0AAF290859 /* Models.swift */; };
		EAC74AC075A9ABBDAF02D1CB /* game-cartridge-sixteen-bit.webp in Resources */ = {isa = PBXBuildFile; fileRef = FEB912C307EC7ACE43CAFA7B /* game-cartridge-sixteen-bit.webp */; };
		EB6726DA9F8EE3E988FC9FEF /* console-tablet-hybrid.webp in Resources */ = {isa = PBXBuildFile; fileRef = 26603A5AC4CD04D92F375192 /* console-tablet-hybrid.webp */; };
		F92D6810E1280606E0224E99 /* moment-photo.webp in Resources */ = {isa = PBXBuildFile; fileRef = 6B1FFDCD8D6FB86E639BBF45 /* moment-photo.webp */; };
/* End PBXBuildFile section */

/* Begin PBXContainerItemProxy section */
		233461F2B518883B5A6607C9 /* PBXContainerItemProxy */ = {
			isa = PBXContainerItemProxy;
			containerPortal = 482602070C375D64A58C4FAC /* Project object */;
			proxyType = 1;
			remoteGlobalIDString = 2EF1CB56EAE796BE9FFDC966;
			remoteInfo = "Game Room";
		};
		6463552C6B2230E39451FB77 /* PBXContainerItemProxy */ = {
			isa = PBXContainerItemProxy;
			containerPortal = 482602070C375D64A58C4FAC /* Project object */;
			proxyType = 1;
			remoteGlobalIDString = 2EF1CB56EAE796BE9FFDC966;
			remoteInfo = "Game Room";
		};
		8F1FBA661CCBD6263674A6D3 /* PBXContainerItemProxy */ = {
			isa = PBXContainerItemProxy;
			containerPortal = 482602070C375D64A58C4FAC /* Project object */;
			proxyType = 1;
			remoteGlobalIDString = A017F963E0F79A0FFC963516;
			remoteInfo = "Game Room Background Assets";
		};
/* End PBXContainerItemProxy section */

/* Begin PBXCopyFilesBuildPhase section */
		F9C9493B32BC189E822CEF4A /* Embed Foundation Extensions */ = {
			isa = PBXCopyFilesBuildPhase;
			buildActionMask = 2147483647;
			dstPath = "";
			dstSubfolderSpec = 16;
			files = (
				173E3A6DF8C031118F0B22FF /* Game Room Background Assets.appex in Embed Foundation Extensions */,
			);
			name = "Embed Foundation Extensions";
			runOnlyForDeploymentPostprocessing = 0;
		};
/* End PBXCopyFilesBuildPhase section */

/* Begin PBXFileReference section */
		0034DDED1E330B67F5230D94 /* Game Room.app */ = {isa = PBXFileReference; explicitFileType = wrapper.application; includeInIndex = 0; path = "Game Room.app"; sourceTree = BUILT_PRODUCTS_DIR; };
		0079A0C7719B8ABA58E9EDAA /* Foundation.framework */ = {isa = PBXFileReference; lastKnownFileType = wrapper.framework; name = Foundation.framework; path = Platforms/iPhoneOS.platform/Developer/SDKs/iPhoneOS18.0.sdk/System/Library/Frameworks/Foundation.framework; sourceTree = DEVELOPER_DIR; };
		013174E130CFAA83C75DD635 /* ShelfView.swift */ = {isa = PBXFileReference; includeInIndex = 1; lastKnownFileType = sourcecode.swift; path = ShelfView.swift; sourceTree = "<group>"; };
		0196DF26D40EA7B70F6DF180 /* GameDetailView.swift */ = {isa = PBXFileReference; includeInIndex = 1; lastKnownFileType = sourcecode.swift; path = GameDetailView.swift; sourceTree = "<group>"; };
		022E8D1511E4397CC6654EB2 /* current-next-hybrid-console.webp */ = {isa = PBXFileReference; includeInIndex = 1; path = "current-next-hybrid-console.webp"; sourceTree = "<group>"; };
		03676A10C92BFA1FA07477CC /* controller-late-2010s-symmetric.webp */ = {isa = PBXFileReference; includeInIndex = 1; path = "controller-late-2010s-symmetric.webp"; sourceTree = "<group>"; };
		05F170ED7689F173686B01D7 /* handheld-early-2000s-wide.webp */ = {isa = PBXFileReference; includeInIndex = 1; path = "handheld-early-2000s-wide.webp"; sourceTree = "<group>"; };
		08B3303093799440AC28CFF2 /* CollectibleAssetImage.swift */ = {isa = PBXFileReference; includeInIndex = 1; lastKnownFileType = sourcecode.swift; path = CollectibleAssetImage.swift; sourceTree = "<group>"; };
		08E47FDFD44E5147C68AF6DD /* New Project.entitlements */ = {isa = PBXFileReference; includeInIndex = 1; lastKnownFileType = text.plist.entitlements; path = "New Project.entitlements"; sourceTree = "<group>"; };
		0CD5774417092F8D48D0E711 /* README.md */ = {isa = PBXFileReference; includeInIndex = 1; path = README.md; sourceTree = "<group>"; };
		1489D05CBD7D1C3CBFEB2132 /* ImagePipeline.swift */ = {isa = PBXFileReference; includeInIndex = 1; lastKnownFileType = sourcecode.swift; path = ImagePipeline.swift; sourceTree = "<group>"; };
		151F99ABB78BBB71A14A90FE /* arcade-cabinet.webp */ = {isa = PBXFileReference; includeInIndex = 1; path = "arcade-cabinet.webp"; sourceTree = "<group>"; };
		1713DF9634D6E7B40852DDBD /* AppRootView.swift */ = {isa = PBXFileReference; includeInIndex = 1; lastKnownFileType = sourcecode.swift; path = AppRootView.swift; sourceTree = "<group>"; };
		1B8A7FE3CC0F65530B7ACE1D /* console-compact-card-based.webp */ = {isa = PBXFileReference; includeInIndex = 1; path = "console-compact-card-based.webp"; sourceTree = "<group>"; };
		1D5223C0E51A88C3FF1EABCD /* MomentDetailView.swift */ = {isa = PBXFileReference; includeInIndex = 1; lastKnownFileType = sourcecode.swift; path = MomentDetailView.swift; sourceTree = "<group>"; };
		1E5943110DFED8089B5145C6 /* ImagePipeline.swift */ = {isa = PBXFileReference; includeInIndex = 1; lastKnownFileType = sourcecode.swift; path = ImagePipeline.swift; sourceTree = "<group>"; };
		242DAD243FBEFE1B0FA02D07 /* handheld-monochrome-vertical.webp */ = {isa = PBXFileReference; includeInIndex = 1; path = "handheld-monochrome-vertical.webp"; sourceTree = "<group>"; };
		26603A5AC4CD04D92F375192 /* console-tablet-hybrid.webp */ = {isa = PBXFileReference; includeInIndex = 1; path = "console-tablet-hybrid.webp"; sourceTree = "<group>"; };
		29C937FFA1E29F2AD0E09481 /* AddGameView.swift */ = {isa = PBXFileReference; includeInIndex = 1; lastKnownFileType = sourcecode.swift; path = AddGameView.swift; sourceTree = "<group>"; };
		2D0451004BEE4EC14C7D39DA /* GameRoomApp.swift */ = {isa = PBXFileReference; includeInIndex = 1; lastKnownFileType = sourcecode.swift; path = GameRoomApp.swift; sourceTree = "<group>"; };
		2F16863CA887E610B7B204D3 /* controller-three-prong.webp */ = {isa = PBXFileReference; includeInIndex = 1; path = "controller-three-prong.webp"; sourceTree = "<group>"; };
		31895763FEB5A2AAB7F4D734 /* GameDomain.swift */ = {isa = PBXFileReference; includeInIndex = 1; lastKnownFileType = sourcecode.swift; path = GameDomain.swift; sourceTree = "<group>"; };
		34A37916B85558AF3BFB84C8 /* Game RoomUITests.xctest */ = {isa = PBXFileReference; explicitFileType = wrapper.cfbundle; includeInIndex = 0; path = "Game RoomUITests.xctest"; sourceTree = BUILT_PRODUCTS_DIR; };
		353EA814EF4AF5ED0B2833FD /* console-disc-era-white.webp */ = {isa = PBXFileReference; includeInIndex = 1; path = "console-disc-era-white.webp"; sourceTree = "<group>"; };
		38FE85570D948384550C5E15 /* AddGameView.swift */ = {isa = PBXFileReference; includeInIndex = 1; lastKnownFileType = sourcecode.swift; path = AddGameView.swift; sourceTree = "<group>"; };
		3D2AAFF4BD59659F897F74B1 /* GameRoomApp.swift */ = {isa = PBXFileReference; includeInIndex = 1; lastKnownFileType = sourcecode.swift; path = GameRoomApp.swift; sourceTree = "<group>"; };
		3EEE4066C9F93F97064CC6DA /* Game RoomTests.xctest */ = {isa = PBXFileReference; explicitFileType = wrapper.cfbundle; includeInIndex = 0; path = "Game RoomTests.xctest"; sourceTree = BUILT_PRODUCTS_DIR; };
		4063974600D8BCB5BCA81BFF /* game-disc.webp */ = {isa = PBXFileReference; includeInIndex = 1; path = "game-disc.webp"; sourceTree = "<group>"; };
		4102DD79EE0E8C7BF327F39F /* current-compact-digital-console.webp */ = {isa = PBXFileReference; includeInIndex = 1; path = "current-compact-digital-console.webp"; sourceTree = "<group>"; };
		43787600BD73A287D2675AA8 /* README.md */ = {isa = PBXFileReference; includeInIndex = 1; path = README.md; sourceTree = "<group>"; };
		479A0931E100D1648BDADA87 /* GameDetailView.swift */ = {isa = PBXFileReference; includeInIndex = 1; lastKnownFileType = sourcecode.swift; path = GameDetailView.swift; sourceTree = "<group>"; };
		48B62B55E1121F297BCAC2B0 /* README.md */ = {isa = PBXFileReference; includeInIndex = 1; path = README.md; sourceTree = "<group>"; };
		4CD88D6A81B28DC474E354BA /* handheld-mid-2000s-disc.webp */ = {isa = PBXFileReference; includeInIndex = 1; path = "handheld-mid-2000s-disc.webp"; sourceTree = "<group>"; };
		4D333F98729C72F3D87C3604 /* game-case-slim-hybrid.webp */ = {isa = PBXFileReference; includeInIndex = 1; path = "game-case-slim-hybrid.webp"; sourceTree = "<group>"; };
		4E14E36BC564B2004A6C55F4 /* GameObjectView.swift */ = {isa = PBXFileReference; includeInIndex = 1; lastKnownFileType = sourcecode.swift; path = GameObjectView.swift; sourceTree = "<group>"; };
		4E94D8623D838F560122A7F5 /* game-card-handheld.webp */ = {isa = PBXFileReference; includeInIndex = 1; path = "game-card-handheld.webp"; sourceTree = "<group>"; };
		5137DC755C0DA21F6F13E15C /* Game Room Background Assets.appex */ = {isa = PBXFileReference; explicitFileType = "wrapper.app-extension"; includeInIndex = 0; path = "Game Room Background Assets.appex"; sourceTree = BUILT_PRODUCTS_DIR; };
		54696B404E3E2E427CDD1CD5 /* digital-library-card.webp */ = {isa = PBXFileReference; includeInIndex = 1; path = "digital-library-card.webp"; sourceTree = "<group>"; };
		55C27E18320717015FB8159C /* console-late-2010s-flat.webp */ = {isa = PBXFileReference; includeInIndex = 1; path = "console-late-2010s-flat.webp"; sourceTree = "<group>"; };
		5786E4DEF003803C7E274617 /* GameRoomUITests.swift */ = {isa = PBXFileReference; includeInIndex = 1; lastKnownFileType = sourcecode.swift; path = GameRoomUITests.swift; sourceTree = "<group>"; };
		5949D93ED08F6A508454180F /* SettingsView.swift */ = {isa = PBXFileReference; includeInIndex = 1; lastKnownFileType = sourcecode.swift; path = SettingsView.swift; sourceTree = "<group>"; };
		598C2BCF1558450C85CD1FC8 /* Info.plist */ = {isa = PBXFileReference; includeInIndex = 1; lastKnownFileType = text.plist.xml; path = Info.plist; sourceTree = "<group>"; };
		5ACA665F7F89B16F4D35D03B /* NotificationScheduler.swift */ = {isa = PBXFileReference; includeInIndex = 1; lastKnownFileType = sourcecode.swift; path = NotificationScheduler.swift; sourceTree = "<group>"; };
		5B48C77AE094F1B0181E5733 /* game-cartridge-eight-bit.webp */ = {isa = PBXFileReference; includeInIndex = 1; path = "game-cartridge-eight-bit.webp"; sourceTree = "<group>"; };
		5C0230DC8B704015FFE445D3 /* CollectibleAssets.swift */ = {isa = PBXFileReference; includeInIndex = 1; lastKnownFileType = sourcecode.swift; path = CollectibleAssets.swift; sourceTree = "<group>"; };
		5FFFBCFDC111722ACA5EC0A3 /* Catalog-API-Study.md */ = {isa = PBXFileReference; includeInIndex = 1; path = "Catalog-API-Study.md"; sourceTree = "<group>"; };
		62354FF2D13A27A235C1EECD /* controller-sixteen-bit-rounded.webp */ = {isa = PBXFileReference; includeInIndex = 1; path = "controller-sixteen-bit-rounded.webp"; sourceTree = "<group>"; };
		64901B03737E8749C201DEAA /* Assets.xcassets */ = {isa = PBXFileReference; includeInIndex = 1; lastKnownFileType = folder.assetcatalog; path = Assets.xcassets; sourceTree = "<group>"; };
		661C209BD466F61373D4D04A /* controller-disc-era-round.webp */ = {isa = PBXFileReference; includeInIndex = 1; path = "controller-disc-era-round.webp"; sourceTree = "<group>"; };
		6B1FFDCD8D6FB86E639BBF45 /* moment-photo.webp */ = {isa = PBXFileReference; includeInIndex = 1; path = "moment-photo.webp"; sourceTree = "<group>"; };
		6C7FBEC9C55FC45500A17280 /* console-late-2000s-glossy.webp */ = {isa = PBXFileReference; includeInIndex = 1; path = "console-late-2000s-glossy.webp"; sourceTree = "<group>"; };
		6FAB7CFCFF5230056325B366 /* handheld-dual-screen.webp */ = {isa = PBXFileReference; includeInIndex = 1; path = "handheld-dual-screen.webp"; sourceTree = "<group>"; };
		6FEDC022D3602DFB5C6F7BB1 /* GameRoomWidget.swift */ = {isa = PBXFileReference; includeInIndex = 1; lastKnownFileType = sourcecode.swift; path = GameRoomWidget.swift; sourceTree = "<group>"; };
		792838F777D9051A13FFE70A /* SettingsView.swift */ = {isa = PBXFileReference; includeInIndex = 1; lastKnownFileType = sourcecode.swift; path = SettingsView.swift; sourceTree = "<group>"; };
		7A40CC89AA63B8E00C6A8206 /* OnboardingView.swift */ = {isa = PBXFileReference; includeInIndex = 1; lastKnownFileType = sourcecode.swift; path = OnboardingView.swift; sourceTree = "<group>"; };
		7C2FE358301E08A93F8350C9 /* StoredImageView.swift */ = {isa = PBXFileReference; includeInIndex = 1; lastKnownFileType = sourcecode.swift; path = StoredImageView.swift; sourceTree = "<group>"; };
		7E6614C1464C988A7E84C761 /* current-gaming-laptop.webp */ = {isa = PBXFileReference; includeInIndex = 1; path = "current-gaming-laptop.webp"; sourceTree = "<group>"; };
		7F482A07280A9AC1CDE24F34 /* CaptureMomentView.swift */ = {isa = PBXFileReference; includeInIndex = 1; lastKnownFileType = sourcecode.swift; path = CaptureMomentView.swift; sourceTree = "<group>"; };
		820B5DD87F96BC558C4682DD /* controller-mid-1990s-dual-grip.webp */ = {isa = PBXFileReference; includeInIndex = 1; path = "controller-mid-1990s-dual-grip.webp"; sourceTree = "<group>"; };
		85A59A456E7A4D0AA177467B /* MomentDetailView.swift */ = {isa = PBXFileReference; includeInIndex = 1; lastKnownFileType = sourcecode.swift; path = MomentDetailView.swift; sourceTree = "<group>"; };
		85FA178A1EDBA4F2EC28188C /* console-motion-slim.webp */ = {isa = PBXFileReference; includeInIndex = 1; path = "console-motion-slim.webp"; sourceTree = "<group>"; };
		8609F133768F35A62BEF985E /* DownloaderExtension.swift */ = {isa = PBXFileReference; includeInIndex = 1; lastKnownFileType = sourcecode.swift; path = DownloaderExtension.swift; sourceTree = "<group>"; };
		8A2BBF12B15F23D79013E49E /* Info-macOS.plist */ = {isa = PBXFileReference; includeInIndex = 1; lastKnownFileType = text.plist.xml; path = "Info-macOS.plist"; sourceTree = "<group>"; };
		8B283B13F8909F98A8DD5A27 /* Assets.xcassets */ = {isa = PBXFileReference; includeInIndex = 1; lastKnownFileType = folder.assetcatalog; path = Assets.xcassets; sourceTree = "<group>"; };
		8F90D07AD962F0BE8231E3EF /* console-early-2000s-black.webp */ = {isa = PBXFileReference; includeInIndex = 1; path = "console-early-2000s-black.webp"; sourceTree = "<group>"; };
		9109A6E8F23B173EF0BEEF7E /* handheld-color-vertical.webp */ = {isa = PBXFileReference; includeInIndex = 1; path = "handheld-color-vertical.webp"; sourceTree = "<group>"; };
		9265B6980D241E8E373D645A /* AppTheme.swift */ = {isa = PBXFileReference; includeInIndex = 1; lastKnownFileType = sourcecode.swift; path = AppTheme.swift; sourceTree = "<group>"; };
		96B696C4A4EC2C40F52FB57D /* console-woodgrain-classic.webp */ = {isa = PBXFileReference; includeInIndex = 1; path = "console-woodgrain-classic.webp"; sourceTree = "<group>"; };
		98B250B63062439E185F47EB /* current-desktop-gaming-pc.webp */ = {isa = PBXFileReference; includeInIndex = 1; path = "current-desktop-gaming-pc.webp"; sourceTree = "<group>"; };
		99EE9135B7FEBF2EBF85C682 /* handheld-dual-screen-dimensional.webp */ = {isa = PBXFileReference; includeInIndex = 1; path = "handheld-dual-screen-dimensional.webp"; sourceTree = "<group>"; };
		9B72B82384A69D28305A92CD /* handheld-early-2010s-touch.webp */ = {isa = PBXFileReference; includeInIndex = 1; path = "handheld-early-2010s-touch.webp"; sourceTree = "<group>"; };
		9B93EF25D459B1C4460A0A95 /* CollectibleAssetRepository.swift */ = {isa = PBXFileReference; includeInIndex = 1; lastKnownFileType = sourcecode.swift; path = CollectibleAssetRepository.swift; sourceTree = "<group>"; };
		9C42A48B662E9FACC252AC65 /* Models.swift */ = {isa = PBXFileReference; includeInIndex = 1; lastKnownFileType = sourcecode.swift; path = Models.swift; sourceTree = "<group>"; };
		9C778F31D3AE3F74CD99BC05 /* GameRoomTests.swift */ = {isa = PBXFileReference; includeInIndex = 1; lastKnownFileType = sourcecode.swift; path = GameRoomTests.swift; sourceTree = "<group>"; };
		9DA51709A312BD3E32AA279F /* Foundation.framework */ = {isa = PBXFileReference; lastKnownFileType = wrapper.framework; name = Foundation.framework; path = Platforms/iPhoneOS.platform/Developer/SDKs/iPhoneOS18.0.sdk/System/Library/Frameworks/Foundation.framework; sourceTree = DEVELOPER_DIR; };
		9DB817679B5E55D3CDC13E1E /* console-mid-2000s-white.webp */ = {isa = PBXFileReference; includeInIndex = 1; path = "console-mid-2000s-white.webp"; sourceTree = "<group>"; };
		A241E47BDCD9335FDF176635 /* MemoryHomeView.swift */ = {isa = PBXFileReference; includeInIndex = 1; lastKnownFileType = sourcecode.swift; path = MemoryHomeView.swift; sourceTree = "<group>"; };
		A51C4B421186E17775D30E52 /* GameObjectView.swift */ = {isa = PBXFileReference; includeInIndex = 1; lastKnownFileType = sourcecode.swift; path = GameObjectView.swift; sourceTree = "<group>"; };
		A55AFD3ADF53E21C4370747E /* CollectibleAssetRepository.swift */ = {isa = PBXFileReference; includeInIndex = 1; lastKnownFileType = sourcecode.swift; path = CollectibleAssetRepository.swift; sourceTree = "<group>"; };
		AA30F76649205B0AAF290859 /* Models.swift */ = {isa = PBXFileReference; includeInIndex = 1; lastKnownFileType = sourcecode.swift; path = Models.swift; sourceTree = "<group>"; };
		AE33A7BAA6699DBCA14E1D7F /* current-black-tower-console.webp */ = {isa = PBXFileReference; includeInIndex = 1; path = "current-black-tower-console.webp"; sourceTree = "<group>"; };
		AE6AC557EF70D61FCA25304B /* controller-six-button-classic.webp */ = {isa = PBXFileReference; includeInIndex = 1; path = "controller-six-button-classic.webp"; sourceTree = "<group>"; };
		B1B0BF154C74D0F802F996EB /* console-early-2000s-bold.webp */ = {isa = PBXFileReference; includeInIndex = 1; path = "console-early-2000s-bold.webp"; sourceTree = "<group>"; };
		B3AF6CD31B03FD8E17266D87 /* OnboardingView.swift */ = {isa = PBXFileReference; includeInIndex = 1; lastKnownFileType = sourcecode.swift; path = OnboardingView.swift; sourceTree = "<group>"; };
		B3FC2CC4A32FE87C51A2BFA4 /* AppTheme.swift */ = {isa = PBXFileReference; includeInIndex = 1; lastKnownFileType = sourcecode.swift; path = AppTheme.swift; sourceTree = "<group>"; };
		B4E387D596FE200FE0C685DB /* controller-eight-bit-rectangular.webp */ = {isa = PBXFileReference; includeInIndex = 1; path = "controller-eight-bit-rectangular.webp"; sourceTree = "<group>"; };
		BCE1EB7256471D7833459950 /* current-spatial-gaming-headset.webp */ = {isa = PBXFileReference; includeInIndex = 1; path = "current-spatial-gaming-headset.webp"; sourceTree = "<group>"; };
		BE20D70E7D574662E9F615C2 /* current-sculptural-home-console.webp */ = {isa = PBXFileReference; includeInIndex = 1; path = "current-sculptural-home-console.webp"; sourceTree = "<group>"; };
		BF7035A87B711E64A869F1E1 /* ShelfView.swift */ = {isa = PBXFileReference; includeInIndex = 1; lastKnownFileType = sourcecode.swift; path = ShelfView.swift; sourceTree = "<group>"; };
		C14B53F4CE4686F53D308036 /* handheld-landscape-classic.webp */ = {isa = PBXFileReference; includeInIndex = 1; path = "handheld-landscape-classic.webp"; sourceTree = "<group>"; };
		C388E08F715F9EF1B7ADCDA0 /* game-case-tall-optical.webp */ = {isa = PBXFileReference; includeInIndex = 1; path = "game-case-tall-optical.webp"; sourceTree = "<group>"; };
		C856BE660DBE97664773F5F9 /* game-collector-box.webp */ = {isa = PBXFileReference; includeInIndex = 1; path = "game-collector-box.webp"; sourceTree = "<group>"; };
		C886DF06C2D7A4AEDCCB345E /* Info.plist */ = {isa = PBXFileReference; includeInIndex = 1; lastKnownFileType = text.plist.xml; path = Info.plist; sourceTree = "<group>"; };
		CA4812DE68938888433C1548 /* CollectibleAssets.swift */ = {isa = PBXFileReference; includeInIndex = 1; lastKnownFileType = sourcecode.swift; path = CollectibleAssets.swift; sourceTree = "<group>"; };
		CC1229F1E7AFBE2BF4E6A525 /* BackgroundAssetsExtension.entitlements */ = {isa = PBXFileReference; includeInIndex = 1; lastKnownFileType = text.plist.entitlements; path = BackgroundAssetsExtension.entitlements; sourceTree = "<group>"; };
		CC1BCE1D855AC9D2AF9F5AB7 /* Project.json */ = {isa = PBXFileReference; includeInIndex = 1; path = Project.json; sourceTree = "<group>"; };
		D4D0D748FD37E099C16B8367 /* GameRoomWidget.swift */ = {isa = PBXFileReference; includeInIndex = 1; lastKnownFileType = sourcecode.swift; path = GameRoomWidget.swift; sourceTree = "<group>"; };
		D7DDE7285F8943478BE99903 /* memory-card.webp */ = {isa = PBXFileReference; includeInIndex = 1; path = "memory-card.webp"; sourceTree = "<group>"; };
		D8A321B4E5D4545DFC9C778A /* console-premium-cartridge.webp */ = {isa = PBXFileReference; includeInIndex = 1; path = "console-premium-cartridge.webp"; sourceTree = "<group>"; };
		D8ED7905D91C05FC228C590A /* save-file-card.webp */ = {isa = PBXFileReference; includeInIndex = 1; path = "save-file-card.webp"; sourceTree = "<group>"; };
		D9369551BCFCBD3E656203BE /* current-classic-hybrid-console.webp */ = {isa = PBXFileReference; includeInIndex = 1; path = "current-classic-hybrid-console.webp"; sourceTree = "<group>"; };
		DA27EF66C464DA39B2290FB6 /* CollectibleAssetImage.swift */ = {isa = PBXFileReference; includeInIndex = 1; lastKnownFileType = sourcecode.swift; path = CollectibleAssetImage.swift; sourceTree = "<group>"; };
		DB44276BE416790F6AEB7BE9 /* StoredImageView.swift */ = {isa = PBXFileReference; includeInIndex = 1; lastKnownFileType = sourcecode.swift; path = StoredImageView.swift; sourceTree = "<group>"; };
		DCBA37E5E4F41226B4B53CC1 /* current-handheld-gaming-pc.webp */ = {isa = PBXFileReference; includeInIndex = 1; path = "current-handheld-gaming-pc.webp"; sourceTree = "<group>"; };
		DE10EF88F83C16C26E111E85 /* MemoryHomeView.swift */ = {isa = PBXFileReference; includeInIndex = 1; lastKnownFileType = sourcecode.swift; path = MemoryHomeView.swift; sourceTree = "<group>"; };
		E1D525A18ED42CCED0E4D75B /* ModelContainerFactory.swift */ = {isa = PBXFileReference; includeInIndex = 1; lastKnownFileType = sourcecode.swift; path = ModelContainerFactory.swift; sourceTree = "<group>"; };
		E25059A460D2F821D5DFC353 /* GameDomain.swift */ = {isa = PBXFileReference; includeInIndex = 1; lastKnownFileType = sourcecode.swift; path = GameDomain.swift; sourceTree = "<group>"; };
		E6DCD06F6850FDE86A93C161 /* current-mobile-gaming.webp */ = {isa = PBXFileReference; includeInIndex = 1; path = "current-mobile-gaming.webp"; sourceTree = "<group>"; };
		E937959C6561EECF8D9CEE0D /* CaptureMomentView.swift */ = {isa = PBXFileReference; includeInIndex = 1; lastKnownFileType = sourcecode.swift; path = CaptureMomentView.swift; sourceTree = "<group>"; };
		EC3A9ADCB02B635F11C6762E /* console-compact-cube.webp */ = {isa = PBXFileReference; includeInIndex = 1; path = "console-compact-cube.webp"; sourceTree = "<group>"; };
		F1BF86C50CC5DDE27D316FB7 /* CollectibleGalleryView.swift */ = {isa = PBXFileReference; includeInIndex = 1; lastKnownFileType = sourcecode.swift; path = CollectibleGalleryView.swift; sourceTree = "<group>"; };
		F44E8459A5515C876EE9F8B7 /* AppRootView.swift */ = {isa = PBXFileReference; includeInIndex = 1; lastKnownFileType = sourcecode.swift; path = AppRootView.swift; sourceTree = "<group>"; };
		F72B05E91E46F55B38DBF7E2 /* ModelContainerFactory.swift */ = {isa = PBXFileReference; includeInIndex = 1; lastKnownFileType = sourcecode.swift; path = ModelContainerFactory.swift; sourceTree = "<group>"; };
		F93D4F40578E3AE1A61B7B7E /* PlatformPicker.swift */ = {isa = PBXFileReference; includeInIndex = 1; lastKnownFileType = sourcecode.swift; path = PlatformPicker.swift; sourceTree = "<group>"; };
		F97AE51CD40D30A33D85A7EA /* CollectibleGalleryView.swift */ = {isa = PBXFileReference; includeInIndex = 1; lastKnownFileType = sourcecode.swift; path = CollectibleGalleryView.swift; sourceTree = "<group>"; };
		FA6C8A8E48544214AEEF776F /* PlatformPicker.swift */ = {isa = PBXFileReference; includeInIndex = 1; lastKnownFileType = sourcecode.swift; path = PlatformPicker.swift; sourceTree = "<group>"; };
		FE98EA120E4C767B3FF0DEF9 /* NotificationScheduler.swift */ = {isa = PBXFileReference; includeInIndex = 1; lastKnownFileType = sourcecode.swift; path = NotificationScheduler.swift; sourceTree = "<group>"; };
		FEB912C307EC7ACE43CAFA7B /* game-cartridge-sixteen-bit.webp */ = {isa = PBXFileReference; includeInIndex = 1; path = "game-cartridge-sixteen-bit.webp"; sourceTree = "<group>"; };
/* End PBXFileReference section */

/* Begin PBXFrameworksBuildPhase section */
		0A28C2CDF078FC3517990EE4 /* Frameworks */ = {
			isa = PBXFrameworksBuildPhase;
			buildActionMask = 2147483647;
			files = (
			);
			runOnlyForDeploymentPostprocessing = 0;
		};
		14EF732D3096A6165DBA60D2 /* Frameworks */ = {
			isa = PBXFrameworksBuildPhase;
			buildActionMask = 2147483647;
			files = (
				DFC6CC85D2CA1CF4E8D24EF4 /* Foundation.framework in Frameworks */,
			);
			runOnlyForDeploymentPostprocessing = 0;
		};
		339957FE9AB5F0159C54F484 /* Frameworks */ = {
			isa = PBXFrameworksBuildPhase;
			buildActionMask = 2147483647;
			files = (
				A8C7A290AB387C5318CC2C8E /* Foundation.framework in Frameworks */,
			);
			runOnlyForDeploymentPostprocessing = 0;
		};
		E69825BAB34C8CFDD1F57620 /* Frameworks */ = {
			isa = PBXFrameworksBuildPhase;
			buildActionMask = 2147483647;
			files = (
				200C346CA5D00A68F1B4B90D /* Foundation.framework in Frameworks */,
			);
			runOnlyForDeploymentPostprocessing = 0;
		};
/* End PBXFrameworksBuildPhase section */

/* Begin PBXGroup section */
		03CA0BFA33AB089AB2728FA9 /* AppShell */ = {
			isa = PBXGroup;
			children = (
				1713DF9634D6E7B40852DDBD /* AppRootView.swift */,
				3D2AAFF4BD59659F897F74B1 /* GameRoomApp.swift */,
			);
			name = AppShell;
			path = AppShell;
			sourceTree = "<group>";
		};
		0615F935E611ABEF5467C06B /* Features */ = {
			isa = PBXGroup;
			children = (
				42CC8459B071E31EB38355A2 /* Games */,
				8B83777234AEF6886BFD3803 /* Memory */,
				F4D37D6963367F77BB45B93E /* Moments */,
				0E2CFC0CFCCAC96EA8CF0E05 /* Onboarding */,
				EDE0507AFD38074932596301 /* Settings */,
				F03E12A494A0DFA5DFC855D5 /* Shelf */,
			);
			name = Features;
			path = Features;
			sourceTree = "<group>";
		};
		09E4EAF6FCAC5806EC6511F0 /* Shelf */ = {
			isa = PBXGroup;
			children = (
				BF7035A87B711E64A869F1E1 /* ShelfView.swift */,
			);
			name = Shelf;
			path = Shelf;
			sourceTree = "<group>";
		};
		0E2CFC0CFCCAC96EA8CF0E05 /* Onboarding */ = {
			isa = PBXGroup;
			children = (
				7A40CC89AA63B8E00C6A8206 /* OnboardingView.swift */,
			);
			name = Onboarding;
			path = Onboarding;
			sourceTree = "<group>";
		};
		0F4114D0023402CBF7354BF6 /* Moments */ = {
			isa = PBXGroup;
			children = (
				7F482A07280A9AC1CDE24F34 /* CaptureMomentView.swift */,
				1D5223C0E51A88C3FF1EABCD /* MomentDetailView.swift */,
			);
			name = Moments;
			path = Moments;
			sourceTree = "<group>";
		};
		3854D2F265D9E0327FB27022 /* Settings */ = {
			isa = PBXGroup;
			children = (
				F1BF86C50CC5DDE27D316FB7 /* CollectibleGalleryView.swift */,
				792838F777D9051A13FFE70A /* SettingsView.swift */,
			);
			name = Settings;
			path = Settings;
			sourceTree = "<group>";
		};
		3B5C39C7C6ED1F72FD7E629F /* Docs */ = {
			isa = PBXGroup;
			children = (
				5FFFBCFDC111722ACA5EC0A3 /* Catalog-API-Study.md */,
			);
			name = Docs;
			path = Docs;
			sourceTree = "<group>";
		};
		40F4680A57074842F3402F3C /* Services */ = {
			isa = PBXGroup;
			children = (
				A55AFD3ADF53E21C4370747E /* CollectibleAssetRepository.swift */,
				1E5943110DFED8089B5145C6 /* ImagePipeline.swift */,
				5ACA665F7F89B16F4D35D03B /* NotificationScheduler.swift */,
			);
			name = Services;
			path = Services;
			sourceTree = "<group>";
		};
		42CC8459B071E31EB38355A2 /* Games */ = {
			isa = PBXGroup;
			children = (
				38FE85570D948384550C5E15 /* AddGameView.swift */,
				479A0931E100D1648BDADA87 /* GameDetailView.swift */,
				A51C4B421186E17775D30E52 /* GameObjectView.swift */,
			);
			name = Games;
			path = Games;
			sourceTree = "<group>";
		};
		486610728D474DF3A42E0939 /* Collectibles */ = {
			isa = PBXGroup;
			children = (
				151F99ABB78BBB71A14A90FE /* arcade-cabinet.webp */,
				1B8A7FE3CC0F65530B7ACE1D /* console-compact-card-based.webp */,
				EC3A9ADCB02B635F11C6762E /* console-compact-cube.webp */,
				353EA814EF4AF5ED0B2833FD /* console-disc-era-white.webp */,
				8F90D07AD962F0BE8231E3EF /* console-early-2000s-black.webp */,
				B1B0BF154C74D0F802F996EB /* console-early-2000s-bold.webp */,
				6C7FBEC9C55FC45500A17280 /* console-late-2000s-glossy.webp */,
				55C27E18320717015FB8159C /* console-late-2010s-flat.webp */,
				9DB817679B5E55D3CDC13E1E /* console-mid-2000s-white.webp */,
				85FA178A1EDBA4F2EC28188C /* console-motion-slim.webp */,
				D8A321B4E5D4545DFC9C778A /* console-premium-cartridge.webp */,
				26603A5AC4CD04D92F375192 /* console-tablet-hybrid.webp */,
				96B696C4A4EC2C40F52FB57D /* console-woodgrain-classic.webp */,
				661C209BD466F61373D4D04A /* controller-disc-era-round.webp */,
				B4E387D596FE200FE0C685DB /* controller-eight-bit-rectangular.webp */,
				03676A10C92BFA1FA07477CC /* controller-late-2010s-symmetric.webp */,
				820B5DD87F96BC558C4682DD /* controller-mid-1990s-dual-grip.webp */,
				AE6AC557EF70D61FCA25304B /* controller-six-button-classic.webp */,
				62354FF2D13A27A235C1EECD /* controller-sixteen-bit-rounded.webp */,
				2F16863CA887E610B7B204D3 /* controller-three-prong.webp */,
				AE33A7BAA6699DBCA14E1D7F /* current-black-tower-console.webp */,
				D9369551BCFCBD3E656203BE /* current-classic-hybrid-console.webp */,
				4102DD79EE0E8C7BF327F39F /* current-compact-digital-console.webp */,
				98B250B63062439E185F47EB /* current-desktop-gaming-pc.webp */,
				7E6614C1464C988A7E84C761 /* current-gaming-laptop.webp */,
				DCBA37E5E4F41226B4B53CC1 /* current-handheld-gaming-pc.webp */,
				E6DCD06F6850FDE86A93C161 /* current-mobile-gaming.webp */,
				022E8D1511E4397CC6654EB2 /* current-next-hybrid-console.webp */,
				BE20D70E7D574662E9F615C2 /* current-sculptural-home-console.webp */,
				BCE1EB7256471D7833459950 /* current-spatial-gaming-headset.webp */,
				54696B404E3E2E427CDD1CD5 /* digital-library-card.webp */,
				4E94D8623D838F560122A7F5 /* game-card-handheld.webp */,
				5B48C77AE094F1B0181E5733 /* game-cartridge-eight-bit.webp */,
				FEB912C307EC7ACE43CAFA7B /* game-cartridge-sixteen-bit.webp */,
				4D333F98729C72F3D87C3604 /* game-case-slim-hybrid.webp */,
				C388E08F715F9EF1B7ADCDA0 /* game-case-tall-optical.webp */,
				C856BE660DBE97664773F5F9 /* game-collector-box.webp */,
				4063974600D8BCB5BCA81BFF /* game-disc.webp */,
				9109A6E8F23B173EF0BEEF7E /* handheld-color-vertical.webp */,
				99EE9135B7FEBF2EBF85C682 /* handheld-dual-screen-dimensional.webp */,
				6FAB7CFCFF5230056325B366 /* handheld-dual-screen.webp */,
				05F170ED7689F173686B01D7 /* handheld-early-2000s-wide.webp */,
				9B72B82384A69D28305A92CD /* handheld-early-2010s-touch.webp */,
				C14B53F4CE4686F53D308036 /* handheld-landscape-classic.webp */,
				4CD88D6A81B28DC474E354BA /* handheld-mid-2000s-disc.webp */,
				242DAD243FBEFE1B0FA02D07 /* handheld-monochrome-vertical.webp */,
				D7DDE7285F8943478BE99903 /* memory-card.webp */,
				6B1FFDCD8D6FB86E639BBF45 /* moment-photo.webp */,
				D8ED7905D91C05FC228C590A /* save-file-card.webp */,
			);
			name = Collectibles;
			path = Collectibles;
			sourceTree = "<group>";
		};
		4A4B17D05E99A9E20D02B68A /* Resources */ = {
			isa = PBXGroup;
			children = (
				486610728D474DF3A42E0939 /* Collectibles */,
			);
			name = Resources;
			path = Resources;
			sourceTree = "<group>";
		};
		506E7636D67746CF6AF94952 /* Widget */ = {
			isa = PBXGroup;
			children = (
				D4D0D748FD37E099C16B8367 /* GameRoomWidget.swift */,
				0CD5774417092F8D48D0E711 /* README.md */,
			);
			name = Widget;
			path = Widget;
			sourceTree = "<group>";
		};
		55A6EF53EA594A4D4090FEBA /* Domain */ = {
			isa = PBXGroup;
			children = (
				5C0230DC8B704015FFE445D3 /* CollectibleAssets.swift */,
				31895763FEB5A2AAB7F4D734 /* GameDomain.swift */,
				AA30F76649205B0AAF290859 /* Models.swift */,
			);
			name = Domain;
			path = Domain;
			sourceTree = "<group>";
		};
		57B580E7C77AF1346D17B86D /* UITests */ = {
			isa = PBXGroup;
			children = (
				5786E4DEF003803C7E274617 /* GameRoomUITests.swift */,
			);
			name = UITests;
			path = UITests;
			sourceTree = "<group>";
		};
		62B6748A1DC8635F408F3028 /* DesignSystem */ = {
			isa = PBXGroup;
			children = (
				9265B6980D241E8E373D645A /* AppTheme.swift */,
				DA27EF66C464DA39B2290FB6 /* CollectibleAssetImage.swift */,
				FA6C8A8E48544214AEEF776F /* PlatformPicker.swift */,
				7C2FE358301E08A93F8350C9 /* StoredImageView.swift */,
			);
			name = DesignSystem;
			path = DesignSystem;
			sourceTree = "<group>";
		};
		66175D5186A1816DBD5A4DB8 /* Deferred */ = {
			isa = PBXGroup;
			children = (
				506E7636D67746CF6AF94952 /* Widget */,
			);
			name = Deferred;
			path = Deferred;
			sourceTree = "<group>";
		};
		78749E28B444AE6E1B2BED1A /* Tests */ = {
			isa = PBXGroup;
			children = (
				9C778F31D3AE3F74CD99BC05 /* GameRoomTests.swift */,
			);
			name = Tests;
			path = Tests;
			sourceTree = "<group>";
		};
		7F053747313D257BDF7197F8 /* Games */ = {
			isa = PBXGroup;
			children = (
				29C937FFA1E29F2AD0E09481 /* AddGameView.swift */,
				0196DF26D40EA7B70F6DF180 /* GameDetailView.swift */,
				4E14E36BC564B2004A6C55F4 /* GameObjectView.swift */,
			);
			name = Games;
			path = Games;
			sourceTree = "<group>";
		};
		8B7133FDEBDDAC0854D46A4C /* Memory */ = {
			isa = PBXGroup;
			children = (
				A241E47BDCD9335FDF176635 /* MemoryHomeView.swift */,
			);
			name = Memory;
			path = Memory;
			sourceTree = "<group>";
		};
		8B83777234AEF6886BFD3803 /* Memory */ = {
			isa = PBXGroup;
			children = (
				DE10EF88F83C16C26E111E85 /* MemoryHomeView.swift */,
			);
			name = Memory;
			path = Memory;
			sourceTree = "<group>";
		};
		8C7D1CF7F2BA439E1A14A962 /* Data */ = {
			isa = PBXGroup;
			children = (
				F72B05E91E46F55B38DBF7E2 /* ModelContainerFactory.swift */,
			);
			name = Data;
			path = Data;
			sourceTree = "<group>";
		};
		96BF693F312B1431132F86E3 /* Onboarding */ = {
			isa = PBXGroup;
			children = (
				B3AF6CD31B03FD8E17266D87 /* OnboardingView.swift */,
			);
			name = Onboarding;
			path = Onboarding;
			sourceTree = "<group>";
		};
		B2FA688C56FD1E601C9A8A07 /* App */ = {
			isa = PBXGroup;
			children = (
				03CA0BFA33AB089AB2728FA9 /* AppShell */,
				8B283B13F8909F98A8DD5A27 /* Assets.xcassets */,
				8C7D1CF7F2BA439E1A14A962 /* Data */,
				62B6748A1DC8635F408F3028 /* DesignSystem */,
				55A6EF53EA594A4D4090FEBA /* Domain */,
				0615F935E611ABEF5467C06B /* Features */,
				8A2BBF12B15F23D79013E49E /* Info-macOS.plist */,
				C886DF06C2D7A4AEDCCB345E /* Info.plist */,
				08E47FDFD44E5147C68AF6DD /* New Project.entitlements */,
				4A4B17D05E99A9E20D02B68A /* Resources */,
				40F4680A57074842F3402F3C /* Services */,
			);
			name = App;
			path = App;
			sourceTree = "<group>";
		};
		D91A9D79A0446C62BFA51A10 /* BackgroundAssetsExtension */ = {
			isa = PBXGroup;
			children = (
				CC1229F1E7AFBE2BF4E6A525 /* BackgroundAssetsExtension.entitlements */,
				8609F133768F35A62BEF985E /* DownloaderExtension.swift */,
				598C2BCF1558450C85CD1FC8 /* Info.plist */,
			);
			name = BackgroundAssetsExtension;
			path = BackgroundAssetsExtension;
			sourceTree = "<group>";
		};
		DB727812E189FD39D54A7E56 = {
			isa = PBXGroup;
			children = (
				E3C138378155B8422C0C859B /* Products */,
				B2FA688C56FD1E601C9A8A07 /* App */,
				D91A9D79A0446C62BFA51A10 /* BackgroundAssetsExtension */,
				78749E28B444AE6E1B2BED1A /* Tests */,
				57B580E7C77AF1346D17B86D /* UITests */,
				66175D5186A1816DBD5A4DB8 /* Deferred */,
				3B5C39C7C6ED1F72FD7E629F /* Docs */,
				48B62B55E1121F297BCAC2B0 /* README.md */,
				CC1BCE1D855AC9D2AF9F5AB7 /* Project.json */,
			);
			sourceTree = "<group>";
		};
		E3C138378155B8422C0C859B /* Products */ = {
			isa = PBXGroup;
			children = (
				0034DDED1E330B67F5230D94 /* Game Room.app */,
				3EEE4066C9F93F97064CC6DA /* Game RoomTests.xctest */,
				34A37916B85558AF3BFB84C8 /* Game RoomUITests.xctest */,
				5137DC755C0DA21F6F13E15C /* Game Room Background Assets.appex */,
			);
			name = Products;
			sourceTree = "<group>";
		};
		EDE0507AFD38074932596301 /* Settings */ = {
			isa = PBXGroup;
			children = (
				F97AE51CD40D30A33D85A7EA /* CollectibleGalleryView.swift */,
				5949D93ED08F6A508454180F /* SettingsView.swift */,
			);
			name = Settings;
			path = Settings;
			sourceTree = "<group>";
		};
		F03E12A494A0DFA5DFC855D5 /* Shelf */ = {
			isa = PBXGroup;
			children = (
				013174E130CFAA83C75DD635 /* ShelfView.swift */,
			);
			name = Shelf;
			path = Shelf;
			sourceTree = "<group>";
		};
		F4D37D6963367F77BB45B93E /* Moments */ = {
			isa = PBXGroup;
			children = (
				E937959C6561EECF8D9CEE0D /* CaptureMomentView.swift */,
				85A59A456E7A4D0AA177467B /* MomentDetailView.swift */,
			);
			name = Moments;
			path = Moments;
			sourceTree = "<group>";
		};
/* End PBXGroup section */

/* Begin PBXNativeTarget section */
		2EF1CB56EAE796BE9FFDC966 /* Game Room */ = {
			isa = PBXNativeTarget;
			buildConfigurationList = 20978472B67D69692401A1C7 /* Build configuration list for PBXNativeTarget "Game Room" */;
			buildPhases = (
				F2E9F2DB66F7ED5C8D047344 /* Sources */,
				8EC237FFE554FF1A2A47AD1F /* Resources */,
				0A28C2CDF078FC3517990EE4 /* Frameworks */,
				F9C9493B32BC189E822CEF4A /* Embed Foundation Extensions */,
			);
			buildRules = (
			);
			dependencies = (
				3AD28CCFC09D4463AE54FDDE /* PBXTargetDependency */,
			);
			name = "Game Room";
			productName = "Game Room";
			productReference = 0034DDED1E330B67F5230D94 /* Game Room.app */;
			productType = "com.apple.product-type.application";
		};
		8B9D7070A9F4F3850930085D /* Game RoomTests */ = {
			isa = PBXNativeTarget;
			buildConfigurationList = 9AC6C36A0116CE90FA1EAED1 /* Build configuration list for PBXNativeTarget "Game RoomTests" */;
			buildPhases = (
				0165B8BB84AFCD84AB9B1CFC /* Sources */,
				14EF732D3096A6165DBA60D2 /* Frameworks */,
				E5FCD4CEDA85BB454478D70A /* Resources */,
			);
			buildRules = (
			);
			dependencies = (
				A28CBC6FFDFF0F5E653F8B77 /* PBXTargetDependency */,
			);
			name = "Game RoomTests";
			productName = "Game RoomTests";
			productReference = 3EEE4066C9F93F97064CC6DA /* Game RoomTests.xctest */;
			productType = "com.apple.product-type.bundle.unit-test";
		};
		A017F963E0F79A0FFC963516 /* Game Room Background Assets */ = {
			isa = PBXNativeTarget;
			buildConfigurationList = 322DDD9E0C85C0D09BB4932E /* Build configuration list for PBXNativeTarget "Game Room Background Assets" */;
			buildPhases = (
				4C27DEA2F8746F51406EBD83 /* Sources */,
				339957FE9AB5F0159C54F484 /* Frameworks */,
				3B150150EEC3A1F896E0AC1A /* Resources */,
			);
			buildRules = (
			);
			dependencies = (
			);
			name = "Game Room Background Assets";
			productName = "Game Room Background Assets";
			productReference = 5137DC755C0DA21F6F13E15C /* Game Room Background Assets.appex */;
			productType = "com.apple.product-type.extensionkit-extension";
		};
		E0696A45C542BB8F5FA4F532 /* Game RoomUITests */ = {
			isa = PBXNativeTarget;
			buildConfigurationList = 21D3CED62DCC601FF8E7E3C3 /* Build configuration list for PBXNativeTarget "Game RoomUITests" */;
			buildPhases = (
				365675B989C36FA423435553 /* Sources */,
				E69825BAB34C8CFDD1F57620 /* Frameworks */,
				3A8FBBF4568223CE78BEF006 /* Resources */,
			);
			buildRules = (
			);
			dependencies = (
				F290704C31451D67019AB45D /* PBXTargetDependency */,
			);
			name = "Game RoomUITests";
			productName = "Game RoomUITests";
			productReference = 34A37916B85558AF3BFB84C8 /* Game RoomUITests.xctest */;
			productType = "com.apple.product-type.bundle.ui-testing";
		};
/* End PBXNativeTarget section */

/* Begin PBXProject section */
		482602070C375D64A58C4FAC /* Project object */ = {
			isa = PBXProject;
			attributes = {
				BuildIndependentTargetsInParallel = YES;
				LastUpgradeCheck = 1430;
				TargetAttributes = {
					2EF1CB56EAE796BE9FFDC966 = {
						SystemCapabilities = {
							com.apple.BackgroundModes = {
								enabled = 1;
							};
							com.apple.Push = {
								enabled = 1;
							};
							com.apple.iCloud = {
								enabled = 1;
							};
						};
					};
					A017F963E0F79A0FFC963516 = {
						SystemCapabilities = {
							com.apple.ApplicationGroups.iOS = {
								enabled = 1;
							};
						};
					};
				};
			};
			buildConfigurationList = EEA7B1360C077749B1BA5568 /* Build configuration list for PBXProject "Game Room" */;
			developmentRegion = en;
			hasScannedForEncodings = 0;
			knownRegions = (
				Base,
				en,
			);
			mainGroup = DB727812E189FD39D54A7E56;
			minimizedProjectReferenceProxies = 1;
			preferredProjectObjectVersion = 77;
			productRefGroup = E3C138378155B8422C0C859B /* Products */;
			projectDirPath = "";
			projectRoot = "";
			targets = (
				2EF1CB56EAE796BE9FFDC966 /* Game Room */,
				8B9D7070A9F4F3850930085D /* Game RoomTests */,
				E0696A45C542BB8F5FA4F532 /* Game RoomUITests */,
				A017F963E0F79A0FFC963516 /* Game Room Background Assets */,
			);
		};
/* End PBXProject section */

/* Begin PBXResourcesBuildPhase section */
		3A8FBBF4568223CE78BEF006 /* Resources */ = {
			isa = PBXResourcesBuildPhase;
			buildActionMask = 2147483647;
			files = (
			);
			runOnlyForDeploymentPostprocessing = 0;
		};
		3B150150EEC3A1F896E0AC1A /* Resources */ = {
			isa = PBXResourcesBuildPhase;
			buildActionMask = 2147483647;
			files = (
			);
			runOnlyForDeploymentPostprocessing = 0;
		};
		8EC237FFE554FF1A2A47AD1F /* Resources */ = {
			isa = PBXResourcesBuildPhase;
			buildActionMask = 2147483647;
			files = (
				68F243C7127ECB5E654061F4 /* Assets.xcassets in Resources */,
				82E94BE7D9B0343B850DF976 /* arcade-cabinet.webp in Resources */,
				13D0834A8981D4C0333DC1C7 /* console-compact-card-based.webp in Resources */,
				26CABF3C6C9CACD15B8D80D4 /* console-compact-cube.webp in Resources */,
				D4F953C8C80BA78B33183E92 /* console-disc-era-white.webp in Resources */,
				1636CC496D079689340EC0CE /* console-early-2000s-black.webp in Resources */,
				B82DB631B84D6B91395E891E /* console-early-2000s-bold.webp in Resources */,
				787B357C7DC7B30D4E33FF24 /* console-late-2000s-glossy.webp in Resources */,
				B01D63665981EC1DE6BBBBEC /* console-late-2010s-flat.webp in Resources */,
				9A55E11B3FAD1DA0EC5806C2 /* console-mid-2000s-white.webp in Resources */,
				A8BF784629E77FF563FCA1F3 /* console-motion-slim.webp in Resources */,
				E663CCDDB3CAA2F67EFB667D /* console-premium-cartridge.webp in Resources */,
				EB6726DA9F8EE3E988FC9FEF /* console-tablet-hybrid.webp in Resources */,
				940FE712FF1A0F916A8DE213 /* console-woodgrain-classic.webp in Resources */,
				3CB14B689D0F03A2F826F682 /* controller-disc-era-round.webp in Resources */,
				4E456656F67CCD317B7D3ECB /* controller-eight-bit-rectangular.webp in Resources */,
				8DFEDB356CAA1608CD70B704 /* controller-late-2010s-symmetric.webp in Resources */,
				017F4F8D7C5EBB741F15F2CD /* controller-mid-1990s-dual-grip.webp in Resources */,
				45A6177F6FD14D246D7552E5 /* controller-six-button-classic.webp in Resources */,
				6E1E37BCF714B69021102FC6 /* controller-sixteen-bit-rounded.webp in Resources */,
				837380A4E9AAC07A9E0AF17C /* controller-three-prong.webp in Resources */,
				5E6F79D914CB3DE76818FF6F /* current-black-tower-console.webp in Resources */,
				73E8338BC9AF5DD0794460BC /* current-classic-hybrid-console.webp in Resources */,
				CF9E2088394A8DD5B2A7F523 /* current-compact-digital-console.webp in Resources */,
				97C2B6C9E4C85191787F5B1A /* current-desktop-gaming-pc.webp in Resources */,
				0DE4475B999584350D2E3086 /* current-gaming-laptop.webp in Resources */,
				D572CB4C97E820E98E4F0849 /* current-handheld-gaming-pc.webp in Resources */,
				28C0E36E0159366C36097D32 /* current-mobile-gaming.webp in Resources */,
				C43998007A972B602B01FD02 /* current-next-hybrid-console.webp in Resources */,
				981E47F8BD8906B979D212E8 /* current-sculptural-home-console.webp in Resources */,
				317ACCD2D4838C5B549FCDC2 /* current-spatial-gaming-headset.webp in Resources */,
				B482D5316315A4A5B8BB252F /* digital-library-card.webp in Resources */,
				599F047DF1F2C4914453AA75 /* game-card-handheld.webp in Resources */,
				948B045D4A135C8281839890 /* game-cartridge-eight-bit.webp in Resources */,
				EAC74AC075A9ABBDAF02D1CB /* game-cartridge-sixteen-bit.webp in Resources */,
				9968CA269C4433F34928C62E /* game-case-slim-hybrid.webp in Resources */,
				39943776B20DAE3E372AD213 /* game-case-tall-optical.webp in Resources */,
				76CFF4CA84D486FCB1DD19B7 /* game-collector-box.webp in Resources */,
				A3A6FB1159E17CD1131D6821 /* game-disc.webp in Resources */,
				ABC2DC8166C016EF8A20A695 /* handheld-color-vertical.webp in Resources */,
				AB0F6EA85D3B04F675A496D0 /* handheld-dual-screen-dimensional.webp in Resources */,
				143F7FC6B6461978189401E5 /* handheld-dual-screen.webp in Resources */,
				08F5F9715AE395289CFBFB3F /* handheld-early-2000s-wide.webp in Resources */,
				BE028FECA9C1A4797E4F5BF3 /* handheld-early-2010s-touch.webp in Resources */,
				49ED6DBBF4E01600E4EBDA6E /* handheld-landscape-classic.webp in Resources */,
				D69329714EAC360CF46AC5DB /* handheld-mid-2000s-disc.webp in Resources */,
				0E1022A4C37F27DD5ACEF71D /* handheld-monochrome-vertical.webp in Resources */,
				18D72B4CFE01CCE28C0F7EAA /* memory-card.webp in Resources */,
				F92D6810E1280606E0224E99 /* moment-photo.webp in Resources */,
				467C0486122C37147731A6CE /* save-file-card.webp in Resources */,
			);
			runOnlyForDeploymentPostprocessing = 0;
		};
		E5FCD4CEDA85BB454478D70A /* Resources */ = {
			isa = PBXResourcesBuildPhase;
			buildActionMask = 2147483647;
			files = (
			);
			runOnlyForDeploymentPostprocessing = 0;
		};
/* End PBXResourcesBuildPhase section */

/* Begin PBXSourcesBuildPhase section */
		0165B8BB84AFCD84AB9B1CFC /* Sources */ = {
			isa = PBXSourcesBuildPhase;
			buildActionMask = 2147483647;
			files = (
				AEBA2D6C20DF2E034B6C3E64 /* GameRoomTests.swift in Sources */,
			);
			runOnlyForDeploymentPostprocessing = 0;
		};
		365675B989C36FA423435553 /* Sources */ = {
			isa = PBXSourcesBuildPhase;
			buildActionMask = 2147483647;
			files = (
				B138C320006F13916CF7B48F /* GameRoomUITests.swift in Sources */,
			);
			runOnlyForDeploymentPostprocessing = 0;
		};
		4C27DEA2F8746F51406EBD83 /* Sources */ = {
			isa = PBXSourcesBuildPhase;
			buildActionMask = 2147483647;
			files = (
				7F8F604A628A33181C86E55B /* DownloaderExtension.swift in Sources */,
			);
			runOnlyForDeploymentPostprocessing = 0;
		};
		F2E9F2DB66F7ED5C8D047344 /* Sources */ = {
			isa = PBXSourcesBuildPhase;
			buildActionMask = 2147483647;
			files = (
				021513DFB2C673B071ACA2F1 /* AppRootView.swift in Sources */,
				584C59D5A7A361EF5ED0574A /* GameRoomApp.swift in Sources */,
				53D7B4FE4B60AE08371DAC08 /* ModelContainerFactory.swift in Sources */,
				47C388A0C37A6F504D7B04B7 /* AppTheme.swift in Sources */,
				0440AB0A5A66F33A9B469F0A /* CollectibleAssetImage.swift in Sources */,
				542D3B8815798D20E95A4F71 /* PlatformPicker.swift in Sources */,
				C66073845E583F97DD80E251 /* StoredImageView.swift in Sources */,
				A12C69DBF8C98CB29F6F5F68 /* CollectibleAssets.swift in Sources */,
				79A35B138A4280C130921712 /* GameDomain.swift in Sources */,
				E8582E4B29851F64ED345BCE /* Models.swift in Sources */,
				BBB0539FE7DE9C966CF8CBBE /* AddGameView.swift in Sources */,
				14A0ED0F0C035FB8D7D1DBE1 /* GameDetailView.swift in Sources */,
				D51D6685FF15560973264B8D /* GameObjectView.swift in Sources */,
				91FBC9D65CE975B4D49C5B6B /* MemoryHomeView.swift in Sources */,
				B3184F77959DE86ACE93D2FF /* CaptureMomentView.swift in Sources */,
				D065EFC6219B9AC5290CF96A /* MomentDetailView.swift in Sources */,
				041140C659F48F8F46842FCF /* OnboardingView.swift in Sources */,
				AFC6DC657205ABF0F69B17C2 /* CollectibleGalleryView.swift in Sources */,
				3DD7474A5431CC3AC19F5C97 /* SettingsView.swift in Sources */,
				CD0A6B88FE90DB4A6481B60A /* ShelfView.swift in Sources */,
				60ACF45A3C87756CA29B4562 /* CollectibleAssetRepository.swift in Sources */,
				96CE58356A3050E2E3FBA425 /* ImagePipeline.swift in Sources */,
				CB8F99C8875E61DDE7F3DF0F /* NotificationScheduler.swift in Sources */,
			);
			runOnlyForDeploymentPostprocessing = 0;
		};
/* End PBXSourcesBuildPhase section */

/* Begin PBXTargetDependency section */
		3AD28CCFC09D4463AE54FDDE /* PBXTargetDependency */ = {
			isa = PBXTargetDependency;
			name = "Game Room Background Assets";
			target = A017F963E0F79A0FFC963516 /* Game Room Background Assets */;
			targetProxy = 8F1FBA661CCBD6263674A6D3 /* PBXContainerItemProxy */;
		};
		A28CBC6FFDFF0F5E653F8B77 /* PBXTargetDependency */ = {
			isa = PBXTargetDependency;
			name = "Game Room";
			target = 2EF1CB56EAE796BE9FFDC966 /* Game Room */;
			targetProxy = 233461F2B518883B5A6607C9 /* PBXContainerItemProxy */;
		};
		F290704C31451D67019AB45D /* PBXTargetDependency */ = {
			isa = PBXTargetDependency;
			name = "Game Room";
			target = 2EF1CB56EAE796BE9FFDC966 /* Game Room */;
			targetProxy = 6463552C6B2230E39451FB77 /* PBXContainerItemProxy */;
		};
/* End PBXTargetDependency section */

/* Begin XCBuildConfiguration section */
		31319C28E68D8202235D501A /* Release */ = {
			isa = XCBuildConfiguration;
			buildSettings = {
				CLANG_ENABLE_OBJC_WEAK = NO;
				GENERATE_INFOPLIST_FILE = YES;
				IPHONEOS_DEPLOYMENT_TARGET = 17.0;
				PRODUCT_BUNDLE_IDENTIFIER = com.vnrz.gameroom.uitests;
				SDKROOT = iphoneos;
				SWIFT_VERSION = 6.0;
				TARGETED_DEVICE_FAMILY = "1,2";
				TEST_TARGET_NAME = "Game Room";
				VALIDATE_PRODUCT = YES;
			};
			name = Release;
		};
		3179839862D08D565698081E /* Release */ = {
			isa = XCBuildConfiguration;
			buildSettings = {
				BUNDLE_LOADER = "$(TEST_HOST)";
				CLANG_ENABLE_OBJC_WEAK = NO;
				GENERATE_INFOPLIST_FILE = YES;
				IPHONEOS_DEPLOYMENT_TARGET = 17.0;
				PRODUCT_BUNDLE_IDENTIFIER = com.vnrz.gameroom.tests;
				SDKROOT = iphoneos;
				SWIFT_VERSION = 6.0;
				TARGETED_DEVICE_FAMILY = "1,2";
				TEST_HOST = "$(BUILT_PRODUCTS_DIR)/Game Room.app/$(BUNDLE_EXECUTABLE_FOLDER_PATH)/Game Room";
				VALIDATE_PRODUCT = YES;
			};
			name = Release;
		};
		36D3E44CB800230D098A61DA /* Debug */ = {
			isa = XCBuildConfiguration;
			buildSettings = {
				ASSETCATALOG_COMPILER_APPICON_NAME = AppIcon;
				ASSETCATALOG_COMPILER_GLOBAL_ACCENT_COLOR_NAME = AccentColor;
				CODE_SIGN_ENTITLEMENTS = "App/New Project.entitlements";
				CODE_SIGN_IDENTITY = "iPhone Developer";
				"CODE_SIGN_IDENTITY[sdk=macosx*]" = "-";
				CURRENT_PROJECT_VERSION = 1;
				GENERATE_INFOPLIST_FILE = NO;
				INFOPLIST_FILE = App/Info.plist;
				"INFOPLIST_FILE[sdk=macosx*]" = "App/Info-macOS.plist";
				"INFOPLIST_KEY_NSPrincipalClass[sdk=macosx*]" = NSApplication;
				IPHONEOS_DEPLOYMENT_TARGET = 17.0;
				LD_RUNPATH_SEARCH_PATHS = (
					"$(inherited)",
					"@executable_path/Frameworks",
				);
				MACOSX_DEPLOYMENT_TARGET = 14.0;
				MARKETING_VERSION = 1.0;
				OTHER_LDFLAGS = (
					"$(inherited)",
					"-weak_framework",
					BackgroundAssets,
				);
				PRODUCT_BUNDLE_IDENTIFIER = com.vnrz.gameroom;
				PRODUCT_NAME = "$(TARGET_NAME)";
				SDKROOT = auto;
				SUPPORTED_PLATFORMS = "iphoneos iphonesimulator macosx xros xrsimulator";
				SUPPORTS_MACCATALYST = NO;
				SUPPORTS_MAC_DESIGNED_FOR_IPHONE_IPAD = NO;
				SUPPORTS_XR_DESIGNED_FOR_IPHONE_IPAD = NO;
				SWIFT_VERSION = 6.0;
				TARGETED_DEVICE_FAMILY = "1,2,7";
				XROS_DEPLOYMENT_TARGET = 1.0;
			};
			name = Debug;
		};
		5A09DDCDE23B3D6544C9D797 /* Debug */ = {
			isa = XCBuildConfiguration;
			buildSettings = {
				BUNDLE_LOADER = "$(TEST_HOST)";
				CLANG_ENABLE_OBJC_WEAK = NO;
				GENERATE_INFOPLIST_FILE = YES;
				IPHONEOS_DEPLOYMENT_TARGET = 17.0;
				PRODUCT_BUNDLE_IDENTIFIER = com.vnrz.gameroom.tests;
				SDKROOT = iphoneos;
				SWIFT_VERSION = 6.0;
				TARGETED_DEVICE_FAMILY = "1,2";
				TEST_HOST = "$(BUILT_PRODUCTS_DIR)/Game Room.app/$(BUNDLE_EXECUTABLE_FOLDER_PATH)/Game Room";
			};
			name = Debug;
		};
		9FA9D585EC118C61D7506755 /* Debug */ = {
			isa = XCBuildConfiguration;
			buildSettings = {
				CLANG_ENABLE_OBJC_WEAK = NO;
				GENERATE_INFOPLIST_FILE = YES;
				IPHONEOS_DEPLOYMENT_TARGET = 17.0;
				PRODUCT_BUNDLE_IDENTIFIER = com.vnrz.gameroom.uitests;
				SDKROOT = iphoneos;
				SWIFT_VERSION = 6.0;
				TARGETED_DEVICE_FAMILY = "1,2";
				TEST_TARGET_NAME = "Game Room";
			};
			name = Debug;
		};
		B2EB04315749E84854DE2422 /* Release */ = {
			isa = XCBuildConfiguration;
			buildSettings = {
				ALWAYS_SEARCH_USER_PATHS = NO;
				CLANG_ANALYZER_NONNULL = YES;
				CLANG_ANALYZER_NUMBER_OBJECT_CONVERSION = YES_AGGRESSIVE;
				CLANG_CXX_LANGUAGE_STANDARD = "gnu++14";
				CLANG_CXX_LIBRARY = "libc++";
				CLANG_ENABLE_MODULES = YES;
				CLANG_ENABLE_OBJC_ARC = YES;
				CLANG_ENABLE_OBJC_WEAK = YES;
				CLANG_WARN_BLOCK_CAPTURE_AUTORELEASING = YES;
				CLANG_WARN_BOOL_CONVERSION = YES;
				CLANG_WARN_COMMA = YES;
				CLANG_WARN_CONSTANT_CONVERSION = YES;
				CLANG_WARN_DEPRECATED_OBJC_IMPLEMENTATIONS = YES;
				CLANG_WARN_DIRECT_OBJC_ISA_USAGE = YES_ERROR;
				CLANG_WARN_DOCUMENTATION_COMMENTS = YES;
				CLANG_WARN_EMPTY_BODY = YES;
				CLANG_WARN_ENUM_CONVERSION = YES;
				CLANG_WARN_INFINITE_RECURSION = YES;
				CLANG_WARN_INT_CONVERSION = YES;
				CLANG_WARN_NON_LITERAL_NULL_CONVERSION = YES;
				CLANG_WARN_OBJC_IMPLICIT_RETAIN_SELF = YES;
				CLANG_WARN_OBJC_LITERAL_CONVERSION = YES;
				CLANG_WARN_OBJC_ROOT_CLASS = YES_ERROR;
				CLANG_WARN_QUOTED_INCLUDE_IN_FRAMEWORK_HEADER = YES;
				CLANG_WARN_RANGE_LOOP_ANALYSIS = YES;
				CLANG_WARN_STRICT_PROTOTYPES = YES;
				CLANG_WARN_SUSPICIOUS_MOVE = YES;
				CLANG_WARN_UNGUARDED_AVAILABILITY = YES_AGGRESSIVE;
				CLANG_WARN_UNREACHABLE_CODE = YES;
				CLANG_WARN__DUPLICATE_METHOD_MATCH = YES;
				CODE_SIGN_IDENTITY = "-";
				COPY_PHASE_STRIP = NO;
				DEBUG_INFORMATION_FORMAT = "dwarf-with-dsym";
				ENABLE_NS_ASSERTIONS = NO;
				ENABLE_STRICT_OBJC_MSGSEND = YES;
				GCC_C_LANGUAGE_STANDARD = gnu11;
				GCC_NO_COMMON_BLOCKS = YES;
				GCC_WARN_64_TO_32_BIT_CONVERSION = YES;
				GCC_WARN_ABOUT_RETURN_TYPE = YES_ERROR;
				GCC_WARN_UNDECLARED_SELECTOR = YES;
				GCC_WARN_UNINITIALIZED_AUTOS = YES_AGGRESSIVE;
				GCC_WARN_UNUSED_FUNCTION = YES;
				GCC_WARN_UNUSED_VARIABLE = YES;
				MTL_ENABLE_DEBUG_INFO = NO;
				MTL_FAST_MATH = YES;
				PRODUCT_NAME = "$(TARGET_NAME)";
				SDKROOT = auto;
				SWIFT_COMPILATION_MODE = wholemodule;
				SWIFT_OPTIMIZATION_LEVEL = "-O";
				SWIFT_VERSION = 5.0;
			};
			name = Release;
		};
		B68739B76C07F5C93AB5429B /* Debug */ = {
			isa = XCBuildConfiguration;
			buildSettings = {
				ALWAYS_SEARCH_USER_PATHS = NO;
				CLANG_ANALYZER_NONNULL = YES;
				CLANG_ANALYZER_NUMBER_OBJECT_CONVERSION = YES_AGGRESSIVE;
				CLANG_CXX_LANGUAGE_STANDARD = "gnu++14";
				CLANG_CXX_LIBRARY = "libc++";
				CLANG_ENABLE_MODULES = YES;
				CLANG_ENABLE_OBJC_ARC = YES;
				CLANG_ENABLE_OBJC_WEAK = YES;
				CLANG_WARN_BLOCK_CAPTURE_AUTORELEASING = YES;
				CLANG_WARN_BOOL_CONVERSION = YES;
				CLANG_WARN_COMMA = YES;
				CLANG_WARN_CONSTANT_CONVERSION = YES;
				CLANG_WARN_DEPRECATED_OBJC_IMPLEMENTATIONS = YES;
				CLANG_WARN_DIRECT_OBJC_ISA_USAGE = YES_ERROR;
				CLANG_WARN_DOCUMENTATION_COMMENTS = YES;
				CLANG_WARN_EMPTY_BODY = YES;
				CLANG_WARN_ENUM_CONVERSION = YES;
				CLANG_WARN_INFINITE_RECURSION = YES;
				CLANG_WARN_INT_CONVERSION = YES;
				CLANG_WARN_NON_LITERAL_NULL_CONVERSION = YES;
				CLANG_WARN_OBJC_IMPLICIT_RETAIN_SELF = YES;
				CLANG_WARN_OBJC_LITERAL_CONVERSION = YES;
				CLANG_WARN_OBJC_ROOT_CLASS = YES_ERROR;
				CLANG_WARN_QUOTED_INCLUDE_IN_FRAMEWORK_HEADER = YES;
				CLANG_WARN_RANGE_LOOP_ANALYSIS = YES;
				CLANG_WARN_STRICT_PROTOTYPES = YES;
				CLANG_WARN_SUSPICIOUS_MOVE = YES;
				CLANG_WARN_UNGUARDED_AVAILABILITY = YES_AGGRESSIVE;
				CLANG_WARN_UNREACHABLE_CODE = YES;
				CLANG_WARN__DUPLICATE_METHOD_MATCH = YES;
				CODE_SIGN_IDENTITY = "-";
				COPY_PHASE_STRIP = NO;
				DEBUG_INFORMATION_FORMAT = dwarf;
				ENABLE_STRICT_OBJC_MSGSEND = YES;
				ENABLE_TESTABILITY = YES;
				GCC_C_LANGUAGE_STANDARD = gnu11;
				GCC_DYNAMIC_NO_PIC = NO;
				GCC_NO_COMMON_BLOCKS = YES;
				GCC_OPTIMIZATION_LEVEL = 0;
				GCC_PREPROCESSOR_DEFINITIONS = (
					"$(inherited)",
					"DEBUG=1",
				);
				GCC_WARN_64_TO_32_BIT_CONVERSION = YES;
				GCC_WARN_ABOUT_RETURN_TYPE = YES_ERROR;
				GCC_WARN_UNDECLARED_SELECTOR = YES;
				GCC_WARN_UNINITIALIZED_AUTOS = YES_AGGRESSIVE;
				GCC_WARN_UNUSED_FUNCTION = YES;
				GCC_WARN_UNUSED_VARIABLE = YES;
				MTL_ENABLE_DEBUG_INFO = INCLUDE_SOURCE;
				MTL_FAST_MATH = YES;
				ONLY_ACTIVE_ARCH = YES;
				PRODUCT_NAME = "$(TARGET_NAME)";
				SDKROOT = auto;
				SWIFT_ACTIVE_COMPILATION_CONDITIONS = DEBUG;
				SWIFT_OPTIMIZATION_LEVEL = "-Onone";
				SWIFT_VERSION = 5.0;
			};
			name = Debug;
		};
		DAAEF41A2CBA08EE184BF785 /* Release */ = {
			isa = XCBuildConfiguration;
			buildSettings = {
				APPLICATION_EXTENSION_API_ONLY = YES;
				CLANG_ENABLE_OBJC_WEAK = NO;
				CODE_SIGN_ENTITLEMENTS = BackgroundAssetsExtension/BackgroundAssetsExtension.entitlements;
				CURRENT_PROJECT_VERSION = 1;
				GENERATE_INFOPLIST_FILE = NO;
				INFOPLIST_FILE = BackgroundAssetsExtension/Info.plist;
				IPHONEOS_DEPLOYMENT_TARGET = 26.0;
				MACOSX_DEPLOYMENT_TARGET = 26.0;
				MARKETING_VERSION = 1.0;
				PRODUCT_BUNDLE_IDENTIFIER = "com.vnrz.gameroom.background-assets";
				PRODUCT_NAME = "$(TARGET_NAME)";
				SDKROOT = auto;
				SKIP_INSTALL = YES;
				SUPPORTED_PLATFORMS = "iphoneos iphonesimulator";
				SWIFT_VERSION = 6.0;
				TARGETED_DEVICE_FAMILY = "1,2";
				VALIDATE_PRODUCT = YES;
				XROS_DEPLOYMENT_TARGET = 26.0;
			};
			name = Release;
		};
		E1F381BDE51F9C6913B2318F /* Release */ = {
			isa = XCBuildConfiguration;
			buildSettings = {
				ASSETCATALOG_COMPILER_APPICON_NAME = AppIcon;
				ASSETCATALOG_COMPILER_GLOBAL_ACCENT_COLOR_NAME = AccentColor;
				CODE_SIGN_ENTITLEMENTS = "App/New Project.entitlements";
				CODE_SIGN_IDENTITY = "iPhone Developer";
				"CODE_SIGN_IDENTITY[sdk=macosx*]" = "-";
				CURRENT_PROJECT_VERSION = 1;
				GENERATE_INFOPLIST_FILE = NO;
				INFOPLIST_FILE = App/Info.plist;
				"INFOPLIST_FILE[sdk=macosx*]" = "App/Info-macOS.plist";
				"INFOPLIST_KEY_NSPrincipalClass[sdk=macosx*]" = NSApplication;
				IPHONEOS_DEPLOYMENT_TARGET = 17.0;
				LD_RUNPATH_SEARCH_PATHS = (
					"$(inherited)",
					"@executable_path/Frameworks",
				);
				MACOSX_DEPLOYMENT_TARGET = 14.0;
				MARKETING_VERSION = 1.0;
				OTHER_LDFLAGS = (
					"$(inherited)",
					"-weak_framework",
					BackgroundAssets,
				);
				PRODUCT_BUNDLE_IDENTIFIER = com.vnrz.gameroom;
				PRODUCT_NAME = "$(TARGET_NAME)";
				SDKROOT = auto;
				SUPPORTED_PLATFORMS = "iphoneos iphonesimulator";
				SUPPORTS_MACCATALYST = NO;
				SUPPORTS_MAC_DESIGNED_FOR_IPHONE_IPAD = NO;
				SUPPORTS_XR_DESIGNED_FOR_IPHONE_IPAD = NO;
				SWIFT_VERSION = 6.0;
				TARGETED_DEVICE_FAMILY = "1,2";
				XROS_DEPLOYMENT_TARGET = 1.0;
			};
			name = Release;
		};
		F0B1419848DCE9A491C2B23E /* Debug */ = {
			isa = XCBuildConfiguration;
			buildSettings = {
				APPLICATION_EXTENSION_API_ONLY = YES;
				CLANG_ENABLE_OBJC_WEAK = NO;
				CODE_SIGN_ENTITLEMENTS = BackgroundAssetsExtension/BackgroundAssetsExtension.entitlements;
				CURRENT_PROJECT_VERSION = 1;
				GENERATE_INFOPLIST_FILE = NO;
				INFOPLIST_FILE = BackgroundAssetsExtension/Info.plist;
				IPHONEOS_DEPLOYMENT_TARGET = 26.0;
				MACOSX_DEPLOYMENT_TARGET = 26.0;
				MARKETING_VERSION = 1.0;
				PRODUCT_BUNDLE_IDENTIFIER = "com.vnrz.gameroom.background-assets";
				PRODUCT_NAME = "$(TARGET_NAME)";
				SDKROOT = auto;
				SKIP_INSTALL = YES;
				SUPPORTED_PLATFORMS = "iphoneos iphonesimulator macosx xros xrsimulator";
				SWIFT_VERSION = 6.0;
				TARGETED_DEVICE_FAMILY = "1,2,7";
				XROS_DEPLOYMENT_TARGET = 26.0;
			};
			name = Debug;
		};
/* End XCBuildConfiguration section */

/* Begin XCConfigurationList section */
		20978472B67D69692401A1C7 /* Build configuration list for PBXNativeTarget "Game Room" */ = {
			isa = XCConfigurationList;
			buildConfigurations = (
				36D3E44CB800230D098A61DA /* Debug */,
				E1F381BDE51F9C6913B2318F /* Release */,
			);
			defaultConfigurationIsVisible = 0;
			defaultConfigurationName = Debug;
		};
		21D3CED62DCC601FF8E7E3C3 /* Build configuration list for PBXNativeTarget "Game RoomUITests" */ = {
			isa = XCConfigurationList;
			buildConfigurations = (
				31319C28E68D8202235D501A /* Release */,
				9FA9D585EC118C61D7506755 /* Debug */,
			);
			defaultConfigurationIsVisible = 0;
			defaultConfigurationName = Release;
		};
		322DDD9E0C85C0D09BB4932E /* Build configuration list for PBXNativeTarget "Game Room Background Assets" */ = {
			isa = XCConfigurationList;
			buildConfigurations = (
				DAAEF41A2CBA08EE184BF785 /* Release */,
				F0B1419848DCE9A491C2B23E /* Debug */,
			);
			defaultConfigurationIsVisible = 0;
			defaultConfigurationName = Release;
		};
		9AC6C36A0116CE90FA1EAED1 /* Build configuration list for PBXNativeTarget "Game RoomTests" */ = {
			isa = XCConfigurationList;
			buildConfigurations = (
				3179839862D08D565698081E /* Release */,
				5A09DDCDE23B3D6544C9D797 /* Debug */,
			);
			defaultConfigurationIsVisible = 0;
			defaultConfigurationName = Release;
		};
		EEA7B1360C077749B1BA5568 /* Build configuration list for PBXProject "Game Room" */ = {
			isa = XCConfigurationList;
			buildConfigurations = (
				B68739B76C07F5C93AB5429B /* Debug */,
				B2EB04315749E84854DE2422 /* Release */,
			);
			defaultConfigurationIsVisible = 0;
			defaultConfigurationName = Debug;
		};
/* End XCConfigurationList section */
	};
	rootObject = 482602070C375D64A58C4FAC /* Project object */;
}
